{
  "version": 4,
  "terraform_version": "1.6.0",
  "serial": 528,
  "lineage": "ea889b19-cfe1-bfd2-8207-6b958cd27a03",
  "outputs": {},
  "resources": [
    {
      "module": "module.compute",
      "mode": "managed",
      "type": "google_compute_instance",
      "name": "my-private-vm",
      "provider": "provider[\"registry.terraform.io/hashicorp/google\"]",
      "instances": [
        {
          "schema_version": 6,
          "attributes": {
            "advanced_machine_features": [],
            "allow_stopping_for_update": null,
            "attached_disk": [],
            "boot_disk": [
              {
                "auto_delete": true,
                "device_name": "persistent-disk-0",
                "disk_encryption_key_raw": "",
                "disk_encryption_key_sha256": "",
                "initialize_params": [
                  {
                    "image": "https://www.googleapis.com/compute/v1/projects/debian-cloud/global/images/debian-10-buster-v20231010",
                    "labels": {},
                    "resource_manager_tags": null,
                    "size": 10,
                    "type": "pd-standard"
                  }
                ],
                "kms_key_self_link": "",
                "mode": "READ_WRITE",
                "source": "https://www.googleapis.com/compute/v1/projects/itisv-401212/zones/us-east1-b/disks/my-private-instance"
              }
            ],
            "can_ip_forward": false,
            "confidential_instance_config": [],
            "cpu_platform": "Intel Broadwell",
            "current_status": "RUNNING",
            "deletion_protection": false,
            "description": "",
            "desired_status": null,
            "effective_labels": {},
            "enable_display": false,
            "guest_accelerator": [],
            "hostname": "",
            "id": "projects/itisv-401212/zones/us-east1-b/instances/my-private-instance",
            "instance_id": "1665512054801874053",
            "label_fingerprint": "42WmSpB8rSM=",
            "labels": null,
            "machine_type": "e2-micro",
            "metadata": {
              "sa_key": "ewogICJ0eXBlIjogInNlcnZpY2VfYWNjb3VudCIsCiAgInByb2plY3RfaWQiOiAiaXRpc3YtNDAxMjEyIiwKICAicHJpdmF0ZV9rZXlfaWQiOiAiYzUyZjcxODFjNGYwZDI2M2M3ZGFiNTUxZTk5NmVhYmE2MTc1M2E5MSIsCiAgInByaXZhdGVfa2V5IjogIi0tLS0tQkVHSU4gUFJJVkFURSBLRVktLS0tLVxuTUlJRXZnSUJBREFOQmdrcWhraUc5dzBCQVFFRkFBU0NCS2d3Z2dTa0FnRUFBb0lCQVFDd3ZHN1dqMnRRMUh0clxuMjhmOCtvSWlSMDFVOWhzdFdKZUcrZFB1VTlOQTZDYkc3bTB1Mlc1V0xSNlIxVU90YTRNZDU2aTVnU3A3WGhRcFxub0tJejlhWXVDclRiTnpTcVlSY2JNR1NRQUhEVFZlOUpFWURTQ25VNlJTLytmdS9JRmFDYTh1d3Vqbkp2SXRJT1xuTGJpWnNReEcveG1ULzRZY2NTVVdMVXpBdHhEZHE4VFhBN1FJVHdPYXN6dnBkZ2ZqNjFTVEFxT1Bpd2N1di9mV1xubWRPRnlESzdpa043cnlLeHZGZnZBM3c5TXdObkJ4MjE2ME9kOUQyLy96TWpHRG1wTjZDejV3bjZtdnk0bjdEb1xuckV2ZThRZko3K1RVcnFxcUhkSjNsMHFoWHRETVlTL1dyYlpzS1JNS2ZSTkdjdXRlRkZGT0wzSGkwMjFmRDVvc1xuSXEwSmkycWJBZ01CQUFFQ2dnRUFJNXVUYVQ4MEMvRURmTk9uRTEwVll2cWlwZjkvc2o4cktGS2xWRnNuTU9pVlxuQjNkNkgvcEd0SzRhZnA5TkoxK0Y1enlKVGZhc0xIYmo4UThnSHYvYkgyT2cxSm5tem4wSlByMGRSYllSQlVOSFxuRnAya0txMVl1UWkvaHJMa2RKZUc2REVSVEwvK1prM0pySG1odTdWa0Y5bkZ1WCs5OFhVS1Y5R0FxVU00N3JBYVxuZy9KRzBXZ052RFRLcVpYWFBsZkxXdzZackdBVWp1a09aalRWY3RBY1ZHKzNtd1dYQUdwcStTUmhpbldwOGY5TFxueGdHOWtqODlzb3VzUEdIR3pEZ3EvR1RGT2ZLWktiS0Q3UWZGcC9hYVllZyt6UXo5ZWoxWXd3V1RqdWl6dytWK1xuUFpHMVNJc2U1TVphSlAydFZKWmpZV1h0SWJ6QzNkNmxlSWpMeXQ2RTRRS0JnUUR2Zlg2YzVodFZZQmhyMmdhRVxuS2kyU2dCcWNRYlVuVjB4cXZjeWFkdUVZaVluRGpMOGZZWkRyNVpjOUEvWFpmbm5ISXZ1VnhPRFBvNzM4ejFGMFxuU0R2aGtIdWtDUkFMOFB6VTZ6bGIyUm94WUNQVExoTUNibk1Yb0pGbys4Z1RNY1d4N0lnQkUrUHRqblVCcmpza1xuVm96ZEFULzJqQWY1WkdiRnRoYXE2TUNCandLQmdRQzg2M1UzVXUwenhOVFlBSWtyRkdzaHk2enJaN1F5MTVNK1xub05mYXJ4aHhNc2JNeitTNmg3OC9tNThSdVE5NlFsVmpmL3Z3eHBwTGFPMW0zN2doS1huY3JNVHdqZVE0YnJDaFxuMWF1blhJbWdxTit0Q2xnalB2Sm9VVE16RVRudnNPc0UzNjNCM1ZlSmgyaFZBQkJWL2VzSU1tTWtCWStTTEdzd1xuVElNekpjbm9OUUtCZ1FDSzJRdExFKzNNOWNXeTRkamRUMGJVcFFqSWh4L3NDeVQyemN1TjBsWjJ6MmJieFFJWlxudzRzdCtSSlNBYlhMdnhRRGJEaklnRGlHcWJ4QWtrSDdWTlhDMU8yYUVOY0kxVk1BYnMvMmZFdy9UQ241Q2NGalxucTMxMnVWVVV0TVV1dTdDT2t6L1d3QjFwWVNwZEt4S0c0dGNRV3VVbW45RVB1aklMZHFKMXZETy82UUtCZ0RaR1xuUHVxaC9GdC9GTmJwY0g3YjR0dFd0RnI4OUJ3WEtzbzNVMHdVT2FWcnZRbGlRSWdHTDcrS2FleWhpZnpKeWRaSVxuRW8xZHdUNGc2dk0vR3BzTVcySTJrRzI3bGZGUWU1WkMySW5BWUJtejZtN0FKZ29hTDNJZ3dlRE45aU1TWkxLRlxud0ZtTnlYUk5Ybi90QU1SenFtNDBhNThScWVtSXNWS3k2STV0TU5CeEFvR0JBSlliL2ppNFQxSXRYdjQ3c3JZeFxuMTBsZVhzc1ovdUFuMGg0OEh5WHZuelZrYmJUcnoxMHBEZWNuZmtjVGhteWh4bTZlRUtZWEV1V2ZoOURsVmpNNVxuZ2FBb1dCREI0OEFzQWkwMGhsYnNkVldYeDVYdmFLOVBQb2VLQ0w3VDVzcTBKQjVSTE5PdUc0SHR3eVBJbkRxUFxuaVM5Z2xZT2g2Wm9SSWpsZkE4SVNubnlnXG4tLS0tLUVORCBQUklWQVRFIEtFWS0tLS0tXG4iLAogICJjbGllbnRfZW1haWwiOiAic2N2LXByaXZhdGUtdm1AaXRpc3YtNDAxMjEyLmlhbS5nc2VydmljZWFjY291bnQuY29tIiwKICAiY2xpZW50X2lkIjogIjExNzQzNTQ5MTk1ODE5ODYzMjcyNSIsCiAgImF1dGhfdXJpIjogImh0dHBzOi8vYWNjb3VudHMuZ29vZ2xlLmNvbS9vL29hdXRoMi9hdXRoIiwKICAidG9rZW5fdXJpIjogImh0dHBzOi8vb2F1dGgyLmdvb2dsZWFwaXMuY29tL3Rva2VuIiwKICAiYXV0aF9wcm92aWRlcl94NTA5X2NlcnRfdXJsIjogImh0dHBzOi8vd3d3Lmdvb2dsZWFwaXMuY29tL29hdXRoMi92MS9jZXJ0cyIsCiAgImNsaWVudF94NTA5X2NlcnRfdXJsIjogImh0dHBzOi8vd3d3Lmdvb2dsZWFwaXMuY29tL3JvYm90L3YxL21ldGFkYXRhL3g1MDkvc2N2LXByaXZhdGUtdm0lNDBpdGlzdi00MDEyMTIuaWFtLmdzZXJ2aWNlYWNjb3VudC5jb20iLAogICJ1bml2ZXJzZV9kb21haW4iOiAiZ29vZ2xlYXBpcy5jb20iCn0K"
            },
            "metadata_fingerprint": "8Skmuv784u0=",
            "metadata_startup_script": "#!/bin/bash\n\n################## setting up Docker ####################\n# Add Docker's official GPG key:\nsudo apt-get update\nsudo apt-get install ca-certificates curl gnupg -y\nsudo install -m 0755 -d /etc/apt/keyrings\ncurl -fsSL https://download.docker.com/linux/debian/gpg | sudo gpg --dearmor -o /etc/apt/keyrings/docker.gpg\nsudo chmod a+r /etc/apt/keyrings/docker.gpg\n# Add the repository to Apt sources:\necho \\\n  \"deb [arch=\"$(dpkg --print-architecture)\" signed-by=/etc/apt/keyrings/docker.gpg] https://download.docker.com/linux/debian \\\n  \"$(. /etc/os-release \u0026\u0026 echo \"$VERSION_CODENAME\")\" stable\" | \\\n  sudo tee /etc/apt/sources.list.d/docker.list \u003e /dev/null\nsudo apt-get update\nsudo apt-get install docker-ce docker-ce-cli containerd.io docker-buildx-plugin docker-compose-plugin -y\n\n# gcloud auth configure-docker -y\n\n######################### pulling application ##########################\nsudo apt-get install git-all\n\n# sudo apt install npm -y\n##################### Dockeraizing Application ########################\n# cat \u003e Dockerfile \u003c\u003cEOF\n# # Use an official Node.js runtime as a parent image\n# FROM node:18\n\n# # Set the working directory in the container\n# WORKDIR /usr/src/app\n\n# # Copy package.json and package-lock.json to the working directory\n# COPY package*.json ./\n\n# # Install application dependencies\n# RUN npm install\n\n# # Bundle app source\n# COPY . .\n\n# # Expose the port your application runs on\n# EXPOSE 5000\n\n# # Define the command to run your application\n# CMD [\"node\", \"index.js\"]\n# EOF\n################# Authinticating Docker ##################\ncd /tmp\nsudo wget --header=\"Metadata-Flavor: Google\" -O key.json http://metadata.google.internal/computeMetadata/v1/instance/attributes/sa_key\ncat key.json | base64 -d \u003e key1.json\ngcloud auth activate-service-account --key-file=key1.json\nyes | gcloud auth configure-docker us-east1-docker.pkg.dev \ncat key.json | sudo docker login -u _json_key_base64 --password-stdin https://us-east1-docker.pkg.dev\ncd /\n################ App Image ###################\necho \"Pulling app image ...\" \u003e\u003e tracker.txt\nsudo docker pull moelshafei/nodeapp:latest\necho \"Image Pulled ...\" \u003e\u003e tracker.txt\nsudo docker tag moelshafei/nodeapp:latest us-east1-docker.pkg.dev/itisv-401212/private-vm-repo/app:latest\n# sudo docker build -t us-east1-docker.pkg.dev/itisv-401212/private-vm-repo/app:latest .\nsudo docker push us-east1-docker.pkg.dev/itisv-401212/private-vm-repo/app:latest\necho \"Image Pushed\" \u003e\u003e tracker.txt\n############# MongoDB Image ####################\necho \"Pulling mognodb image ...\" \u003e\u003e tracker.txt\nsudo docker pull bitnami/mongodb:4.4.4\necho \"Pulled mognodb image ...\" \u003e\u003e tracker.txt\nsudo docker tag bitnami/mongodb:4.4.4 us-east1-docker.pkg.dev/itisv-401212/private-vm-repo/mongodb:latest\necho \"Pushing mognodb image ...\" \u003e\u003e tracker.txt\nsudo docker push us-east1-docker.pkg.dev/itisv-401212/private-vm-repo/mongodb:latest\necho \"Image Pushed ...\" \u003e\u003e tracker.txt\n\n\n\n\n############ cloning the kubernetes files ############\ncd /\ngit clone https://muhammad-osama-dev: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@github.com/muhammad-osama-dev/gcp-nodejs-mongodb-deployment.git\ncd /gcp-nodejs-mongodb-deployment\nsudo apt-get install kubectl\necho \"kubectl installed ...\" \u003e\u003e tracker.txt\nsudo apt-get install google-cloud-sdk-gke-gcloud-auth-plugin\necho \"google auth ...\" \u003e\u003e tracker.txt\nexport KUBECONFIG=$HOME/.kube/config\ngcloud container clusters get-credentials gke-cluster --zone=us-central1 \u003e output.txt 2\u003e\u00261\necho \"cluster auth ...\" \u003e\u003e tracker.txt\nkubectl apply -f ./kubernetes/mongodb/\necho \"mongodb deployed ...\" \u003e\u003e tracker.txt\nkubectl apply -f ./kubernetes/app_deployment/\necho \"app deployed ...\" \u003e\u003e tracker.txt\nEOF\n\n",
            "min_cpu_platform": "",
            "name": "my-private-instance",
            "network_interface": [
              {
                "access_config": [],
                "alias_ip_range": [],
                "internal_ipv6_prefix_length": 0,
                "ipv6_access_config": [],
                "ipv6_access_type": "",
                "ipv6_address": "",
                "name": "nic0",
                "network": "https://www.googleapis.com/compute/v1/projects/itisv-401212/global/networks/project-vpc",
                "network_ip": "10.10.20.2",
                "nic_type": "",
                "queue_count": 0,
                "stack_type": "IPV4_ONLY",
                "subnetwork": "https://www.googleapis.com/compute/v1/projects/itisv-401212/regions/us-east1/subnetworks/project-private-subnetwork",
                "subnetwork_project": "itisv-401212"
              }
            ],
            "network_performance_config": [],
            "params": [],
            "project": "itisv-401212",
            "reservation_affinity": [],
            "resource_policies": null,
            "scheduling": [
              {
                "automatic_restart": true,
                "instance_termination_action": "",
                "local_ssd_recovery_timeout": [],
                "min_node_cpus": 0,
                "node_affinities": [],
                "on_host_maintenance": "MIGRATE",
                "preemptible": false,
                "provisioning_model": "STANDARD"
              }
            ],
            "scratch_disk": [],
            "self_link": "https://www.googleapis.com/compute/v1/projects/itisv-401212/zones/us-east1-b/instances/my-private-instance",
            "service_account": [
              {
                "email": "scv-private-vm@itisv-401212.iam.gserviceaccount.com",
                "scopes": [
                  "https://www.googleapis.com/auth/cloud-platform"
                ]
              }
            ],
            "shielded_instance_config": [
              {
                "enable_integrity_monitoring": true,
                "enable_secure_boot": false,
                "enable_vtpm": true
              }
            ],
            "tags": [
              "private-subnet"
            ],
            "tags_fingerprint": "zIQF87C8VRg=",
            "terraform_labels": {},
            "timeouts": null,
            "zone": "us-east1-b"
          },
          "sensitive_attributes": [
            [
              {
                "type": "get_attr",
                "value": "metadata"
              },
              {
                "type": "index",
                "value": {
                  "value": "sa_key",
                  "type": "string"
                }
              }
            ]
          ],
          "private": "eyJlMmJmYjczMC1lY2FhLTExZTYtOGY4OC0zNDM2M2JjN2M0YzAiOnsiY3JlYXRlIjoxMjAwMDAwMDAwMDAwLCJkZWxldGUiOjEyMDAwMDAwMDAwMDAsInVwZGF0ZSI6MTIwMDAwMDAwMDAwMH0sInNjaGVtYV92ZXJzaW9uIjoiNiJ9",
          "dependencies": [
            "module.compute.google_container_cluster.privatecluster",
            "module.compute.google_container_node_pool.privatecluster-node-pool",
            "module.compute.google_service_account.kubernetes",
            "module.iam.google_service_account.sa",
            "module.iam.google_service_account_key.sa_key",
            "module.network.google_compute_network.vpc",
            "module.network.google_compute_subnetwork.gke_subnet",
            "module.network.google_compute_subnetwork.private"
          ]
        }
      ]
    },
    {
      "module": "module.compute",
      "mode": "managed",
      "type": "google_container_cluster",
      "name": "privatecluster",
      "provider": "provider[\"registry.terraform.io/hashicorp/google\"]",
      "instances": [
        {
          "schema_version": 2,
          "attributes": {
            "addons_config": [
              {
                "cloudrun_config": [],
                "config_connector_config": [],
                "dns_cache_config": [],
                "gce_persistent_disk_csi_driver_config": [
                  {
                    "enabled": true
                  }
                ],
                "gcp_filestore_csi_driver_config": [],
                "gcs_fuse_csi_driver_config": [],
                "gke_backup_agent_config": [],
                "horizontal_pod_autoscaling": [],
                "http_load_balancing": [],
                "network_policy_config": [
                  {
                    "disabled": true
                  }
                ]
              }
            ],
            "allow_net_admin": null,
            "authenticator_groups_config": [],
            "binary_authorization": [
              {
                "enabled": false,
                "evaluation_mode": ""
              }
            ],
            "cluster_autoscaling": [
              {
                "auto_provisioning_defaults": [],
                "enabled": false,
                "resource_limits": []
              }
            ],
            "cluster_ipv4_cidr": "10.76.0.0/14",
            "confidential_nodes": [],
            "cost_management_config": [],
            "database_encryption": [
              {
                "key_name": "",
                "state": "DECRYPTED"
              }
            ],
            "datapath_provider": "",
            "default_max_pods_per_node": 110,
            "default_snat_status": [
              {
                "disabled": false
              }
            ],
            "deletion_protection": false,
            "description": "",
            "dns_config": [],
            "enable_autopilot": false,
            "enable_intranode_visibility": false,
            "enable_k8s_beta_apis": [],
            "enable_kubernetes_alpha": false,
            "enable_l4_ilb_subsetting": false,
            "enable_legacy_abac": false,
            "enable_shielded_nodes": true,
            "enable_tpu": false,
            "endpoint": "35.184.104.24",
            "gateway_api_config": [],
            "id": "projects/itisv-401212/locations/us-central1/clusters/gke-cluster",
            "initial_node_count": 1,
            "ip_allocation_policy": [
              {
                "additional_pod_ranges_config": [],
                "cluster_ipv4_cidr_block": "10.76.0.0/14",
                "cluster_secondary_range_name": "gke-gke-cluster-pods-e7a205ea",
                "pod_cidr_overprovision_config": [
                  {
                    "disabled": false
                  }
                ],
                "services_ipv4_cidr_block": "10.80.0.0/20",
                "services_secondary_range_name": "gke-gke-cluster-services-e7a205ea",
                "stack_type": "IPV4"
              }
            ],
            "label_fingerprint": "a9dc16a7",
            "location": "us-central1",
            "logging_config": [
              {
                "enable_components": [
                  "SYSTEM_COMPONENTS",
                  "WORKLOADS"
                ]
              }
            ],
            "logging_service": "logging.googleapis.com/kubernetes",
            "maintenance_policy": [],
            "master_auth": [
              {
                "client_certificate": "",
                "client_certificate_config": [
                  {
                    "issue_client_certificate": false
                  }
                ],
                "client_key": "",
                "cluster_ca_certificate": "LS0tLS1CRUdJTiBDRVJUSUZJQ0FURS0tLS0tCk1JSUVMRENDQXBTZ0F3SUJBZ0lRWk9KWWx1ekUvcERtTURpaEJxdGdHVEFOQmdrcWhraUc5dzBCQVFzRkFEQXYKTVMwd0t3WURWUVFERXlSbVpEQTRZVFV3TnkwNU9EVXdMVFEyWVdFdE9XSXdZeTB6WVRVM09URmhNRFJoT1dJdwpJQmNOTWpNeE1ESXlNRGsxTnpVNVdoZ1BNakExTXpFd01UUXhNRFUzTlRsYU1DOHhMVEFyQmdOVkJBTVRKR1prCk1EaGhOVEEzTFRrNE5UQXRORFpoWVMwNVlqQmpMVE5oTlRjNU1XRXdOR0U1WWpDQ0FhSXdEUVlKS29aSWh2Y04KQVFFQkJRQURnZ0dQQURDQ0FZb0NnZ0dCQU50L0xkZGxvYnZJcndKaCtXSnJyRDhncVhvYk9xUVJnRDhjV29CUApZb0RURGt1UHhmL2o1OVAyOXNWdk9HbVZtMHZIUDE1alpJclg4N0NwU1NGeHlDeFcvYThxTE5mWk1hMlB5V2RsCno2eU90UU5zZzFsaFlNSm1xWXJTbFY5Zm1yeHNPNE5GMC9ZN2czQkxXWk1vSGJkWERDbndDSnd2WXpwUUpzM3MKNWRrMUJ6Z2VXWXh2em4vTHZMYUZtMEtEMXZsbkwxUG1SZjFYTU1nYUVHZzhJOW05cDdvWHNGRVZvVEN6QTJ4bwo0ek0wc2lTeC9YQVpkdlNKL1RBZFcrVEVrSkpSV0JkTWNxRUhyb2NvYTRTdC96d3YyQkJ0MTZ6cTNzMnlqUFdxCkViVVM4K3pBUXdsQmQ4VjNTVWFxejhHUXkwUDZtUXdteEs3N0cvcnpOTWIrRUd4cWI1bHU5ampsekZsWlVOdDAKOGhzUlJqUy9vSE9WSHIybVBBUnp2MVR1T0pQR2ZvRHEwN3NsaTkxMFpkMXM5Ulk4bW5OUHlsY2o0dkJCQTlDOAp3ekJidGlSZjNtWkFyc3hyYTVKSWUwVitiS0dndmVxYVUzVUtNL21FMUJ0Z0Ftb2pXU21xTVRWQ2pabmxOT015CjliY3MwSm9HL0F1VG5BWjNUREtsY2tNVHF3SURBUUFCbzBJd1FEQU9CZ05WSFE4QkFmOEVCQU1DQWdRd0R3WUQKVlIwVEFRSC9CQVV3QXdFQi96QWRCZ05WSFE0RUZnUVV2WmZzS0VpaGJ6U3piMlludFRnL0hZVzBzWm93RFFZSgpLb1pJaHZjTkFRRUxCUUFEZ2dHQkFIVTdlaG5heGRxeitLVDZCS1haZzN0NUM2RSt1Z3ZJV3BobEtsNFBGMlQ0CnJRcHA0dmNMeFIzYzMrRmtDQ2RPc3IwbUtNL1JmS3dkZHhOdDBzWTI3cVk5WmE4NTczaGo5L2tmOXJTbzUxWEUKV1NtT3FPZ2wwM1R5cStMMEVFS2FVNGJlOGVsY0RRZnQ3SVppYU9kWEdydGg4UElzZERuVVZoZDd3VGhSVlUrYwp0R2xIcE1PdWZiZG8wcjBnNzNQcmF6VE1Ya3pUbzUyMmw4bFByZW55bnczdVR0VFBkek1ZMWxSbktKSVJFeS9jClBXNkljWnRneDFibVU0SDFGN1gzTHorUnljSFJDRVdDOCs4Uzg2djhWVzJGOWt4TGxNMkx5NEhSTDNCSnR2bnUKNzI2cGxUSXdncVFCMUxEeHhKRnl3VWVDVkZTcmRnT0syeUlLcnMyUHRKRzVJNldEMFd4U2ROaEdpeVE4ajZBVApmVGMyY2ErekhGdVNWdFVFN05YU285VFgyYWdtcnFIMTZEVTFxWkZtUWp0WEFwVDJJaFBOaWg0THplRGM0YktHCkovVDJLS0FSbVZETWJQcVRHWDJTTzk3NWw4TjVad1V2cU9wVHM4NU1uQUtiY2tMNFN1YUs0MGJwMzVtV21ya00KQ3EwcWZYT2E4MEhrNU1IUEFwcGxTZz09Ci0tLS0tRU5EIENFUlRJRklDQVRFLS0tLS0K"
              }
            ],
            "master_authorized_networks_config": [
              {
                "cidr_blocks": [
                  {
                    "cidr_block": "0.0.0.0/0",
                    "display_name": "vm"
                  }
                ],
                "gcp_public_cidrs_access_enabled": false
              }
            ],
            "master_version": "1.27.3-gke.100",
            "mesh_certificates": [],
            "min_master_version": null,
            "monitoring_config": [
              {
                "advanced_datapath_observability_config": [
                  {
                    "enable_metrics": false,
                    "relay_mode": "DISABLED"
                  }
                ],
                "enable_components": [
                  "SYSTEM_COMPONENTS"
                ],
                "managed_prometheus": [
                  {
                    "enabled": true
                  }
                ]
              }
            ],
            "monitoring_service": "monitoring.googleapis.com/kubernetes",
            "name": "gke-cluster",
            "network": "projects/itisv-401212/global/networks/project-vpc",
            "network_policy": [
              {
                "enabled": false,
                "provider": "PROVIDER_UNSPECIFIED"
              }
            ],
            "networking_mode": "VPC_NATIVE",
            "node_config": [],
            "node_locations": [
              "us-central1-a",
              "us-central1-c",
              "us-central1-f"
            ],
            "node_pool": [],
            "node_pool_auto_config": [],
            "node_pool_defaults": [
              {
                "node_config_defaults": [
                  {
                    "logging_variant": "DEFAULT"
                  }
                ]
              }
            ],
            "node_version": "1.27.3-gke.100",
            "notification_config": [
              {
                "pubsub": [
                  {
                    "enabled": false,
                    "filter": [],
                    "topic": ""
                  }
                ]
              }
            ],
            "operation": null,
            "private_cluster_config": [
              {
                "enable_private_endpoint": false,
                "enable_private_nodes": true,
                "master_global_access_config": [
                  {
                    "enabled": false
                  }
                ],
                "master_ipv4_cidr_block": "172.16.0.0/28",
                "peering_name": "gke-nda30f9dcf6bfa0465b6-0884-5b52-peer",
                "private_endpoint": "172.16.0.2",
                "private_endpoint_subnetwork": "",
                "public_endpoint": "35.184.104.24"
              }
            ],
            "private_ipv6_google_access": "",
            "project": "itisv-401212",
            "release_channel": [
              {
                "channel": "REGULAR"
              }
            ],
            "remove_default_node_pool": true,
            "resource_labels": null,
            "resource_usage_export_config": [],
            "security_posture_config": [
              {
                "mode": "BASIC",
                "vulnerability_mode": "VULNERABILITY_MODE_UNSPECIFIED"
              }
            ],
            "self_link": "https://container.googleapis.com/v1/projects/itisv-401212/locations/us-central1/clusters/gke-cluster",
            "service_external_ips_config": [
              {
                "enabled": false
              }
            ],
            "services_ipv4_cidr": "10.80.0.0/20",
            "subnetwork": "projects/itisv-401212/regions/us-central1/subnetworks/project-gke-subnetwork",
            "timeouts": null,
            "tpu_ipv4_cidr_block": "",
            "vertical_pod_autoscaling": [],
            "workload_identity_config": []
          },
          "sensitive_attributes": [],
          "private": "eyJlMmJmYjczMC1lY2FhLTExZTYtOGY4OC0zNDM2M2JjN2M0YzAiOnsiY3JlYXRlIjoyNDAwMDAwMDAwMDAwLCJkZWxldGUiOjI0MDAwMDAwMDAwMDAsInJlYWQiOjI0MDAwMDAwMDAwMDAsInVwZGF0ZSI6MzYwMDAwMDAwMDAwMH0sInNjaGVtYV92ZXJzaW9uIjoiMiJ9",
          "dependencies": [
            "module.compute.google_service_account.kubernetes",
            "module.network.google_compute_network.vpc",
            "module.network.google_compute_subnetwork.gke_subnet"
          ]
        }
      ]
    },
    {
      "module": "module.compute",
      "mode": "managed",
      "type": "google_container_node_pool",
      "name": "privatecluster-node-pool",
      "provider": "provider[\"registry.terraform.io/hashicorp/google\"]",
      "instances": [
        {
          "schema_version": 1,
          "attributes": {
            "autoscaling": [],
            "cluster": "gke-cluster",
            "id": "projects/itisv-401212/locations/us-central1/clusters/gke-cluster/nodePools/node-pool",
            "initial_node_count": 1,
            "instance_group_urls": [
              "https://www.googleapis.com/compute/v1/projects/itisv-401212/zones/us-central1-a/instanceGroupManagers/gke-gke-cluster-node-pool-d8952c59-grp",
              "https://www.googleapis.com/compute/v1/projects/itisv-401212/zones/us-central1-b/instanceGroupManagers/gke-gke-cluster-node-pool-213338c3-grp",
              "https://www.googleapis.com/compute/v1/projects/itisv-401212/zones/us-central1-c/instanceGroupManagers/gke-gke-cluster-node-pool-549d3c6b-grp"
            ],
            "location": "us-central1",
            "managed_instance_group_urls": [
              "https://www.googleapis.com/compute/v1/projects/itisv-401212/zones/us-central1-a/instanceGroups/gke-gke-cluster-node-pool-d8952c59-grp",
              "https://www.googleapis.com/compute/v1/projects/itisv-401212/zones/us-central1-b/instanceGroups/gke-gke-cluster-node-pool-213338c3-grp",
              "https://www.googleapis.com/compute/v1/projects/itisv-401212/zones/us-central1-c/instanceGroups/gke-gke-cluster-node-pool-549d3c6b-grp"
            ],
            "management": [
              {
                "auto_repair": true,
                "auto_upgrade": true
              }
            ],
            "max_pods_per_node": 110,
            "name": "node-pool",
            "name_prefix": "",
            "network_config": [
              {
                "create_pod_range": false,
                "enable_private_nodes": false,
                "pod_cidr_overprovision_config": [],
                "pod_ipv4_cidr_block": "10.76.0.0/14",
                "pod_range": "gke-gke-cluster-pods-e7a205ea"
              }
            ],
            "node_config": [
              {
                "advanced_machine_features": [],
                "boot_disk_kms_key": "",
                "confidential_nodes": [],
                "disk_size_gb": 100,
                "disk_type": "pd-standard",
                "effective_taints": [],
                "ephemeral_storage_local_ssd_config": [],
                "fast_socket": [],
                "gcfs_config": [],
                "guest_accelerator": [],
                "gvnic": [],
                "host_maintenance_policy": [],
                "image_type": "COS_CONTAINERD",
                "kubelet_config": [],
                "labels": {},
                "linux_node_config": [],
                "local_nvme_ssd_block_config": [],
                "local_ssd_count": 0,
                "logging_variant": "DEFAULT",
                "machine_type": "e2-small",
                "metadata": {
                  "disable-legacy-endpoints": "true"
                },
                "min_cpu_platform": "",
                "node_group": "",
                "oauth_scopes": [
                  "https://www.googleapis.com/auth/cloud-platform"
                ],
                "preemptible": true,
                "reservation_affinity": [],
                "resource_labels": null,
                "service_account": "kubernetes@itisv-401212.iam.gserviceaccount.com",
                "shielded_instance_config": [
                  {
                    "enable_integrity_monitoring": true,
                    "enable_secure_boot": false
                  }
                ],
                "sole_tenant_config": [],
                "spot": false,
                "tags": null,
                "taint": [],
                "workload_metadata_config": []
              }
            ],
            "node_count": 1,
            "node_locations": [
              "us-central1-a",
              "us-central1-b",
              "us-central1-c"
            ],
            "operation": null,
            "placement_policy": [],
            "project": "itisv-401212",
            "timeouts": null,
            "upgrade_settings": [
              {
                "blue_green_settings": [],
                "max_surge": 1,
                "max_unavailable": 0,
                "strategy": "SURGE"
              }
            ],
            "version": "1.27.3-gke.100"
          },
          "sensitive_attributes": [],
          "private": "eyJlMmJmYjczMC1lY2FhLTExZTYtOGY4OC0zNDM2M2JjN2M0YzAiOnsiY3JlYXRlIjoxODAwMDAwMDAwMDAwLCJkZWxldGUiOjE4MDAwMDAwMDAwMDAsInVwZGF0ZSI6MTgwMDAwMDAwMDAwMH0sInNjaGVtYV92ZXJzaW9uIjoiMSJ9",
          "dependencies": [
            "module.compute.google_container_cluster.privatecluster",
            "module.compute.google_service_account.kubernetes",
            "module.network.google_compute_network.vpc",
            "module.network.google_compute_subnetwork.gke_subnet"
          ]
        }
      ]
    },
    {
      "module": "module.compute",
      "mode": "managed",
      "type": "google_project_iam_member",
      "name": "artifact_registry_reader",
      "provider": "provider[\"registry.terraform.io/hashicorp/google\"]",
      "instances": [
        {
          "schema_version": 0,
          "attributes": {
            "condition": [],
            "etag": "BwYIS/lT3BE=",
            "id": "itisv-401212/roles/artifactregistry.reader/serviceAccount:kubernetes@itisv-401212.iam.gserviceaccount.com",
            "member": "serviceAccount:kubernetes@itisv-401212.iam.gserviceaccount.com",
            "project": "itisv-401212",
            "role": "roles/artifactregistry.reader"
          },
          "sensitive_attributes": [],
          "private": "bnVsbA==",
          "dependencies": [
            "module.compute.google_service_account.kubernetes"
          ]
        }
      ]
    },
    {
      "module": "module.compute",
      "mode": "managed",
      "type": "google_service_account",
      "name": "kubernetes",
      "provider": "provider[\"registry.terraform.io/hashicorp/google\"]",
      "instances": [
        {
          "schema_version": 0,
          "attributes": {
            "account_id": "kubernetes",
            "description": "",
            "disabled": false,
            "display_name": "",
            "email": "kubernetes@itisv-401212.iam.gserviceaccount.com",
            "id": "projects/itisv-401212/serviceAccounts/kubernetes@itisv-401212.iam.gserviceaccount.com",
            "member": "serviceAccount:kubernetes@itisv-401212.iam.gserviceaccount.com",
            "name": "projects/itisv-401212/serviceAccounts/kubernetes@itisv-401212.iam.gserviceaccount.com",
            "project": "itisv-401212",
            "timeouts": null,
            "unique_id": "111274160982688013950"
          },
          "sensitive_attributes": [],
          "private": "eyJlMmJmYjczMC1lY2FhLTExZTYtOGY4OC0zNDM2M2JjN2M0YzAiOnsiY3JlYXRlIjozMDAwMDAwMDAwMDB9fQ=="
        }
      ]
    },
    {
      "module": "module.iam",
      "mode": "managed",
      "type": "google_project_iam_member",
      "name": "k8s_admin",
      "provider": "provider[\"registry.terraform.io/hashicorp/google\"]",
      "instances": [
        {
          "schema_version": 0,
          "attributes": {
            "condition": [],
            "etag": "BwYIS/lT3BE=",
            "id": "itisv-401212/roles/container.admin/serviceAccount:scv-private-vm@itisv-401212.iam.gserviceaccount.com",
            "member": "serviceAccount:scv-private-vm@itisv-401212.iam.gserviceaccount.com",
            "project": "itisv-401212",
            "role": "roles/container.admin"
          },
          "sensitive_attributes": [],
          "private": "bnVsbA==",
          "dependencies": [
            "module.iam.google_service_account.sa"
          ]
        }
      ]
    },
    {
      "module": "module.iam",
      "mode": "managed",
      "type": "google_project_iam_member",
      "name": "sa_reader",
      "provider": "provider[\"registry.terraform.io/hashicorp/google\"]",
      "instances": [
        {
          "schema_version": 0,
          "attributes": {
            "condition": [],
            "etag": "BwYIS/lT3BE=",
            "id": "itisv-401212/roles/artifactregistry.reader/serviceAccount:scv-private-vm@itisv-401212.iam.gserviceaccount.com",
            "member": "serviceAccount:scv-private-vm@itisv-401212.iam.gserviceaccount.com",
            "project": "itisv-401212",
            "role": "roles/artifactregistry.reader"
          },
          "sensitive_attributes": [],
          "private": "bnVsbA==",
          "dependencies": [
            "module.iam.google_service_account.sa"
          ]
        }
      ]
    },
    {
      "module": "module.iam",
      "mode": "managed",
      "type": "google_project_iam_member",
      "name": "service_account_roles",
      "provider": "provider[\"registry.terraform.io/hashicorp/google\"]",
      "instances": [
        {
          "schema_version": 0,
          "attributes": {
            "condition": [],
            "etag": "BwYIS/lT3BE=",
            "id": "itisv-401212/roles/artifactregistry.writer/serviceAccount:scv-private-vm@itisv-401212.iam.gserviceaccount.com",
            "member": "serviceAccount:scv-private-vm@itisv-401212.iam.gserviceaccount.com",
            "project": "itisv-401212",
            "role": "roles/artifactregistry.writer"
          },
          "sensitive_attributes": [],
          "private": "bnVsbA==",
          "dependencies": [
            "module.iam.google_service_account.sa"
          ]
        }
      ]
    },
    {
      "module": "module.iam",
      "mode": "managed",
      "type": "google_service_account",
      "name": "sa",
      "provider": "provider[\"registry.terraform.io/hashicorp/google\"]",
      "instances": [
        {
          "schema_version": 0,
          "attributes": {
            "account_id": "scv-private-vm",
            "description": "",
            "disabled": false,
            "display_name": "scv-private-vm",
            "email": "scv-private-vm@itisv-401212.iam.gserviceaccount.com",
            "id": "projects/itisv-401212/serviceAccounts/scv-private-vm@itisv-401212.iam.gserviceaccount.com",
            "member": "serviceAccount:scv-private-vm@itisv-401212.iam.gserviceaccount.com",
            "name": "projects/itisv-401212/serviceAccounts/scv-private-vm@itisv-401212.iam.gserviceaccount.com",
            "project": "itisv-401212",
            "timeouts": null,
            "unique_id": "117435491958198632725"
          },
          "sensitive_attributes": [],
          "private": "eyJlMmJmYjczMC1lY2FhLTExZTYtOGY4OC0zNDM2M2JjN2M0YzAiOnsiY3JlYXRlIjozMDAwMDAwMDAwMDB9fQ=="
        }
      ]
    },
    {
      "module": "module.iam",
      "mode": "managed",
      "type": "google_service_account_key",
      "name": "sa_key",
      "provider": "provider[\"registry.terraform.io/hashicorp/google\"]",
      "instances": [
        {
          "schema_version": 0,
          "attributes": {
            "id": "projects/itisv-401212/serviceAccounts/scv-private-vm@itisv-401212.iam.gserviceaccount.com/keys/c52f7181c4f0d263c7dab551e996eaba61753a91",
            "keepers": null,
            "key_algorithm": "KEY_ALG_RSA_2048",
            "name": "projects/itisv-401212/serviceAccounts/scv-private-vm@itisv-401212.iam.gserviceaccount.com/keys/c52f7181c4f0d263c7dab551e996eaba61753a91",
            "private_key": "ewogICJ0eXBlIjogInNlcnZpY2VfYWNjb3VudCIsCiAgInByb2plY3RfaWQiOiAiaXRpc3YtNDAxMjEyIiwKICAicHJpdmF0ZV9rZXlfaWQiOiAiYzUyZjcxODFjNGYwZDI2M2M3ZGFiNTUxZTk5NmVhYmE2MTc1M2E5MSIsCiAgInByaXZhdGVfa2V5IjogIi0tLS0tQkVHSU4gUFJJVkFURSBLRVktLS0tLVxuTUlJRXZnSUJBREFOQmdrcWhraUc5dzBCQVFFRkFBU0NCS2d3Z2dTa0FnRUFBb0lCQVFDd3ZHN1dqMnRRMUh0clxuMjhmOCtvSWlSMDFVOWhzdFdKZUcrZFB1VTlOQTZDYkc3bTB1Mlc1V0xSNlIxVU90YTRNZDU2aTVnU3A3WGhRcFxub0tJejlhWXVDclRiTnpTcVlSY2JNR1NRQUhEVFZlOUpFWURTQ25VNlJTLytmdS9JRmFDYTh1d3Vqbkp2SXRJT1xuTGJpWnNReEcveG1ULzRZY2NTVVdMVXpBdHhEZHE4VFhBN1FJVHdPYXN6dnBkZ2ZqNjFTVEFxT1Bpd2N1di9mV1xubWRPRnlESzdpa043cnlLeHZGZnZBM3c5TXdObkJ4MjE2ME9kOUQyLy96TWpHRG1wTjZDejV3bjZtdnk0bjdEb1xuckV2ZThRZko3K1RVcnFxcUhkSjNsMHFoWHRETVlTL1dyYlpzS1JNS2ZSTkdjdXRlRkZGT0wzSGkwMjFmRDVvc1xuSXEwSmkycWJBZ01CQUFFQ2dnRUFJNXVUYVQ4MEMvRURmTk9uRTEwVll2cWlwZjkvc2o4cktGS2xWRnNuTU9pVlxuQjNkNkgvcEd0SzRhZnA5TkoxK0Y1enlKVGZhc0xIYmo4UThnSHYvYkgyT2cxSm5tem4wSlByMGRSYllSQlVOSFxuRnAya0txMVl1UWkvaHJMa2RKZUc2REVSVEwvK1prM0pySG1odTdWa0Y5bkZ1WCs5OFhVS1Y5R0FxVU00N3JBYVxuZy9KRzBXZ052RFRLcVpYWFBsZkxXdzZackdBVWp1a09aalRWY3RBY1ZHKzNtd1dYQUdwcStTUmhpbldwOGY5TFxueGdHOWtqODlzb3VzUEdIR3pEZ3EvR1RGT2ZLWktiS0Q3UWZGcC9hYVllZyt6UXo5ZWoxWXd3V1RqdWl6dytWK1xuUFpHMVNJc2U1TVphSlAydFZKWmpZV1h0SWJ6QzNkNmxlSWpMeXQ2RTRRS0JnUUR2Zlg2YzVodFZZQmhyMmdhRVxuS2kyU2dCcWNRYlVuVjB4cXZjeWFkdUVZaVluRGpMOGZZWkRyNVpjOUEvWFpmbm5ISXZ1VnhPRFBvNzM4ejFGMFxuU0R2aGtIdWtDUkFMOFB6VTZ6bGIyUm94WUNQVExoTUNibk1Yb0pGbys4Z1RNY1d4N0lnQkUrUHRqblVCcmpza1xuVm96ZEFULzJqQWY1WkdiRnRoYXE2TUNCandLQmdRQzg2M1UzVXUwenhOVFlBSWtyRkdzaHk2enJaN1F5MTVNK1xub05mYXJ4aHhNc2JNeitTNmg3OC9tNThSdVE5NlFsVmpmL3Z3eHBwTGFPMW0zN2doS1huY3JNVHdqZVE0YnJDaFxuMWF1blhJbWdxTit0Q2xnalB2Sm9VVE16RVRudnNPc0UzNjNCM1ZlSmgyaFZBQkJWL2VzSU1tTWtCWStTTEdzd1xuVElNekpjbm9OUUtCZ1FDSzJRdExFKzNNOWNXeTRkamRUMGJVcFFqSWh4L3NDeVQyemN1TjBsWjJ6MmJieFFJWlxudzRzdCtSSlNBYlhMdnhRRGJEaklnRGlHcWJ4QWtrSDdWTlhDMU8yYUVOY0kxVk1BYnMvMmZFdy9UQ241Q2NGalxucTMxMnVWVVV0TVV1dTdDT2t6L1d3QjFwWVNwZEt4S0c0dGNRV3VVbW45RVB1aklMZHFKMXZETy82UUtCZ0RaR1xuUHVxaC9GdC9GTmJwY0g3YjR0dFd0RnI4OUJ3WEtzbzNVMHdVT2FWcnZRbGlRSWdHTDcrS2FleWhpZnpKeWRaSVxuRW8xZHdUNGc2dk0vR3BzTVcySTJrRzI3bGZGUWU1WkMySW5BWUJtejZtN0FKZ29hTDNJZ3dlRE45aU1TWkxLRlxud0ZtTnlYUk5Ybi90QU1SenFtNDBhNThScWVtSXNWS3k2STV0TU5CeEFvR0JBSlliL2ppNFQxSXRYdjQ3c3JZeFxuMTBsZVhzc1ovdUFuMGg0OEh5WHZuelZrYmJUcnoxMHBEZWNuZmtjVGhteWh4bTZlRUtZWEV1V2ZoOURsVmpNNVxuZ2FBb1dCREI0OEFzQWkwMGhsYnNkVldYeDVYdmFLOVBQb2VLQ0w3VDVzcTBKQjVSTE5PdUc0SHR3eVBJbkRxUFxuaVM5Z2xZT2g2Wm9SSWpsZkE4SVNubnlnXG4tLS0tLUVORCBQUklWQVRFIEtFWS0tLS0tXG4iLAogICJjbGllbnRfZW1haWwiOiAic2N2LXByaXZhdGUtdm1AaXRpc3YtNDAxMjEyLmlhbS5nc2VydmljZWFjY291bnQuY29tIiwKICAiY2xpZW50X2lkIjogIjExNzQzNTQ5MTk1ODE5ODYzMjcyNSIsCiAgImF1dGhfdXJpIjogImh0dHBzOi8vYWNjb3VudHMuZ29vZ2xlLmNvbS9vL29hdXRoMi9hdXRoIiwKICAidG9rZW5fdXJpIjogImh0dHBzOi8vb2F1dGgyLmdvb2dsZWFwaXMuY29tL3Rva2VuIiwKICAiYXV0aF9wcm92aWRlcl94NTA5X2NlcnRfdXJsIjogImh0dHBzOi8vd3d3Lmdvb2dsZWFwaXMuY29tL29hdXRoMi92MS9jZXJ0cyIsCiAgImNsaWVudF94NTA5X2NlcnRfdXJsIjogImh0dHBzOi8vd3d3Lmdvb2dsZWFwaXMuY29tL3JvYm90L3YxL21ldGFkYXRhL3g1MDkvc2N2LXByaXZhdGUtdm0lNDBpdGlzdi00MDEyMTIuaWFtLmdzZXJ2aWNlYWNjb3VudC5jb20iLAogICJ1bml2ZXJzZV9kb21haW4iOiAiZ29vZ2xlYXBpcy5jb20iCn0K",
            "private_key_type": "TYPE_GOOGLE_CREDENTIALS_FILE",
            "public_key": "LS0tLS1CRUdJTiBDRVJUSUZJQ0FURS0tLS0tCk1JSUMvRENDQWVTZ0F3SUJBZ0lJZFhnRFdrU2hXWEV3RFFZSktvWklodmNOQVFFRkJRQXdJREVlTUJ3R0ExVUUKQXhNVk1URTNORE0xTkRreE9UVTRNVGs0TmpNeU56STFNQ0FYRFRJek1UQXlNakV3TlRjek5Gb1lEems1T1RreApNak14TWpNMU9UVTVXakFnTVI0d0hBWURWUVFERXhVeE1UYzBNelUwT1RFNU5UZ3hPVGcyTXpJM01qVXdnZ0VpCk1BMEdDU3FHU0liM0RRRUJBUVVBQTRJQkR3QXdnZ0VLQW9JQkFRQ3d2RzdXajJ0UTFIdHIyOGY4K29JaVIwMVUKOWhzdFdKZUcrZFB1VTlOQTZDYkc3bTB1Mlc1V0xSNlIxVU90YTRNZDU2aTVnU3A3WGhRcG9LSXo5YVl1Q3JUYgpOelNxWVJjYk1HU1FBSERUVmU5SkVZRFNDblU2UlMvK2Z1L0lGYUNhOHV3dWpuSnZJdElPTGJpWnNReEcveG1UCi80WWNjU1VXTFV6QXR4RGRxOFRYQTdRSVR3T2FzenZwZGdmajYxU1RBcU9QaXdjdXYvZldtZE9GeURLN2lrTjcKcnlLeHZGZnZBM3c5TXdObkJ4MjE2ME9kOUQyLy96TWpHRG1wTjZDejV3bjZtdnk0bjdEb3JFdmU4UWZKNytUVQpycXFxSGRKM2wwcWhYdERNWVMvV3JiWnNLUk1LZlJOR2N1dGVGRkZPTDNIaTAyMWZENW9zSXEwSmkycWJBZ01CCkFBR2pPREEyTUF3R0ExVWRFd0VCL3dRQ01BQXdEZ1lEVlIwUEFRSC9CQVFEQWdlQU1CWUdBMVVkSlFFQi93UU0KTUFvR0NDc0dBUVVGQndNQ01BMEdDU3FHU0liM0RRRUJCUVVBQTRJQkFRQUtuZ05YQUZSdFdSQjIrMmxDTXZlVQpsNmtQRzFpblVvaVJZVzd2TXFQcVRtaW8xQjBvb3lacWIxMkFKdzMxRlRpSnl1cERpTVJGZUFETUR3dWxaY2VUClNldmxnWVdoTkpQbGd6TWFMditjYmhFR0U5Y0RQSzQ4RjFOUG0wYXpPWEpkenhnWlFCL2dJVk5MUzcvRUpNQUYKaXE0OHgvZWp3RDBtem5xMUtPS0dYS2ZFdnI3YWV1Vm53c1BnKzlhY0t3WTJIRS9MSWIvVkVmMlJXMUFUaDgwZApGbFdUY0dXbEhvaU95QkFTY3dVOWJ0VU0zcC94WFJ4RmhCWGxkR29yRFdWSm5oWVR4eFFRRXQ3VFVtbmppbmUrCjBMWFBMT3k0ZEpRVHFqc2lsdjYyMHAyZ0htWTdKMnIzSTRzWmJmb0pjbm16NmQyNXk4M0ExNlIyQnl4b3puNEYKLS0tLS1FTkQgQ0VSVElGSUNBVEUtLS0tLQo=",
            "public_key_data": null,
            "public_key_type": "TYPE_X509_PEM_FILE",
            "service_account_id": "scv-private-vm",
            "valid_after": "2023-10-22T10:57:34Z",
            "valid_before": "9999-12-31T23:59:59Z"
          },
          "sensitive_attributes": [],
          "private": "bnVsbA==",
          "dependencies": [
            "module.iam.google_service_account.sa"
          ]
        }
      ]
    },
    {
      "module": "module.network",
      "mode": "managed",
      "type": "google_compute_firewall",
      "name": "allow-iap",
      "provider": "provider[\"registry.terraform.io/hashicorp/google\"]",
      "instances": [
        {
          "schema_version": 1,
          "attributes": {
            "allow": [
              {
                "ports": [
                  "22"
                ],
                "protocol": "tcp"
              }
            ],
            "creation_timestamp": "2023-10-22T03:57:44.826-07:00",
            "deny": [],
            "description": "",
            "destination_ranges": [],
            "direction": "INGRESS",
            "disabled": false,
            "enable_logging": null,
            "id": "projects/itisv-401212/global/firewalls/allow-iap",
            "log_config": [],
            "name": "allow-iap",
            "network": "https://www.googleapis.com/compute/v1/projects/itisv-401212/global/networks/project-vpc",
            "priority": 1000,
            "project": "itisv-401212",
            "self_link": "https://www.googleapis.com/compute/v1/projects/itisv-401212/global/firewalls/allow-iap",
            "source_ranges": [
              "35.235.240.0/20"
            ],
            "source_service_accounts": null,
            "source_tags": null,
            "target_service_accounts": null,
            "target_tags": [
              "private-subnet"
            ],
            "timeouts": null
          },
          "sensitive_attributes": [],
          "private": "eyJlMmJmYjczMC1lY2FhLTExZTYtOGY4OC0zNDM2M2JjN2M0YzAiOnsiY3JlYXRlIjoxMjAwMDAwMDAwMDAwLCJkZWxldGUiOjEyMDAwMDAwMDAwMDAsInVwZGF0ZSI6MTIwMDAwMDAwMDAwMH0sInNjaGVtYV92ZXJzaW9uIjoiMSJ9",
          "dependencies": [
            "module.network.google_compute_network.vpc"
          ]
        }
      ]
    },
    {
      "module": "module.network",
      "mode": "managed",
      "type": "google_compute_firewall",
      "name": "deny-all-ingress",
      "provider": "provider[\"registry.terraform.io/hashicorp/google\"]",
      "instances": [
        {
          "schema_version": 1,
          "attributes": {
            "allow": [],
            "creation_timestamp": "2023-10-22T03:57:44.883-07:00",
            "deny": [
              {
                "ports": [],
                "protocol": "all"
              }
            ],
            "description": "",
            "destination_ranges": [],
            "direction": "INGRESS",
            "disabled": false,
            "enable_logging": null,
            "id": "projects/itisv-401212/global/firewalls/deny-all-ingress",
            "log_config": [],
            "name": "deny-all-ingress",
            "network": "https://www.googleapis.com/compute/v1/projects/itisv-401212/global/networks/project-vpc",
            "priority": 1002,
            "project": "itisv-401212",
            "self_link": "https://www.googleapis.com/compute/v1/projects/itisv-401212/global/firewalls/deny-all-ingress",
            "source_ranges": [
              "0.0.0.0/0"
            ],
            "source_service_accounts": null,
            "source_tags": null,
            "target_service_accounts": null,
            "target_tags": [
              "private-subnet"
            ],
            "timeouts": null
          },
          "sensitive_attributes": [],
          "private": "eyJlMmJmYjczMC1lY2FhLTExZTYtOGY4OC0zNDM2M2JjN2M0YzAiOnsiY3JlYXRlIjoxMjAwMDAwMDAwMDAwLCJkZWxldGUiOjEyMDAwMDAwMDAwMDAsInVwZGF0ZSI6MTIwMDAwMDAwMDAwMH0sInNjaGVtYV92ZXJzaW9uIjoiMSJ9",
          "dependencies": [
            "module.network.google_compute_network.vpc"
          ]
        }
      ]
    },
    {
      "module": "module.network",
      "mode": "managed",
      "type": "google_compute_network",
      "name": "vpc",
      "provider": "provider[\"registry.terraform.io/hashicorp/google\"]",
      "instances": [
        {
          "schema_version": 0,
          "attributes": {
            "auto_create_subnetworks": false,
            "delete_default_routes_on_create": false,
            "description": "",
            "enable_ula_internal_ipv6": false,
            "gateway_ipv4": "",
            "id": "projects/itisv-401212/global/networks/project-vpc",
            "internal_ipv6_range": "",
            "mtu": 0,
            "name": "project-vpc",
            "network_firewall_policy_enforcement_order": "AFTER_CLASSIC_FIREWALL",
            "project": "itisv-401212",
            "routing_mode": "REGIONAL",
            "self_link": "https://www.googleapis.com/compute/v1/projects/itisv-401212/global/networks/project-vpc",
            "timeouts": null
          },
          "sensitive_attributes": [],
          "private": "eyJlMmJmYjczMC1lY2FhLTExZTYtOGY4OC0zNDM2M2JjN2M0YzAiOnsiY3JlYXRlIjoxMjAwMDAwMDAwMDAwLCJkZWxldGUiOjEyMDAwMDAwMDAwMDAsInVwZGF0ZSI6MTIwMDAwMDAwMDAwMH19"
        }
      ]
    },
    {
      "module": "module.network",
      "mode": "managed",
      "type": "google_compute_router",
      "name": "nat-router",
      "provider": "provider[\"registry.terraform.io/hashicorp/google\"]",
      "instances": [
        {
          "schema_version": 0,
          "attributes": {
            "bgp": [],
            "creation_timestamp": "2023-10-22T03:57:58.536-07:00",
            "description": "",
            "encrypted_interconnect_router": false,
            "id": "projects/itisv-401212/regions/us-east1/routers/project-private-router",
            "name": "project-private-router",
            "network": "https://www.googleapis.com/compute/v1/projects/itisv-401212/global/networks/project-vpc",
            "project": "itisv-401212",
            "region": "us-east1",
            "self_link": "https://www.googleapis.com/compute/v1/projects/itisv-401212/regions/us-east1/routers/project-private-router",
            "timeouts": null
          },
          "sensitive_attributes": [],
          "private": "eyJlMmJmYjczMC1lY2FhLTExZTYtOGY4OC0zNDM2M2JjN2M0YzAiOnsiY3JlYXRlIjoxMjAwMDAwMDAwMDAwLCJkZWxldGUiOjEyMDAwMDAwMDAwMDAsInVwZGF0ZSI6MTIwMDAwMDAwMDAwMH19",
          "dependencies": [
            "module.network.google_compute_network.vpc",
            "module.network.google_compute_subnetwork.private"
          ]
        }
      ]
    },
    {
      "module": "module.network",
      "mode": "managed",
      "type": "google_compute_router_nat",
      "name": "nat",
      "provider": "provider[\"registry.terraform.io/hashicorp/google\"]",
      "instances": [
        {
          "schema_version": 0,
          "attributes": {
            "drain_nat_ips": null,
            "enable_dynamic_port_allocation": false,
            "enable_endpoint_independent_mapping": false,
            "icmp_idle_timeout_sec": 30,
            "id": "itisv-401212/us-east1/project-private-router/project-private-router-nat",
            "log_config": [],
            "max_ports_per_vm": 0,
            "min_ports_per_vm": 0,
            "name": "project-private-router-nat",
            "nat_ip_allocate_option": "AUTO_ONLY",
            "nat_ips": null,
            "project": "itisv-401212",
            "region": "us-east1",
            "router": "project-private-router",
            "rules": [],
            "source_subnetwork_ip_ranges_to_nat": "LIST_OF_SUBNETWORKS",
            "subnetwork": [
              {
                "name": "project-private-subnetwork",
                "secondary_ip_range_names": [],
                "source_ip_ranges_to_nat": [
                  "ALL_IP_RANGES"
                ]
              }
            ],
            "tcp_established_idle_timeout_sec": 1200,
            "tcp_time_wait_timeout_sec": 120,
            "tcp_transitory_idle_timeout_sec": 30,
            "timeouts": null,
            "udp_idle_timeout_sec": 30
          },
          "sensitive_attributes": [],
          "private": "eyJlMmJmYjczMC1lY2FhLTExZTYtOGY4OC0zNDM2M2JjN2M0YzAiOnsiY3JlYXRlIjoxMjAwMDAwMDAwMDAwLCJkZWxldGUiOjEyMDAwMDAwMDAwMDAsInVwZGF0ZSI6MTIwMDAwMDAwMDAwMH19",
          "dependencies": [
            "module.network.google_compute_network.vpc",
            "module.network.google_compute_router.nat-router",
            "module.network.google_compute_subnetwork.private"
          ]
        }
      ]
    },
    {
      "module": "module.network",
      "mode": "managed",
      "type": "google_compute_subnetwork",
      "name": "gke_subnet",
      "provider": "provider[\"registry.terraform.io/hashicorp/google\"]",
      "instances": [
        {
          "schema_version": 0,
          "attributes": {
            "creation_timestamp": "2023-10-22T03:57:45.534-07:00",
            "description": "",
            "external_ipv6_prefix": "",
            "fingerprint": null,
            "gateway_address": "10.10.10.1",
            "id": "projects/itisv-401212/regions/us-central1/subnetworks/project-gke-subnetwork",
            "internal_ipv6_prefix": "",
            "ip_cidr_range": "10.10.10.0/24",
            "ipv6_access_type": "",
            "ipv6_cidr_range": "",
            "log_config": [],
            "name": "project-gke-subnetwork",
            "network": "https://www.googleapis.com/compute/v1/projects/itisv-401212/global/networks/project-vpc",
            "private_ip_google_access": true,
            "private_ipv6_google_access": "DISABLE_GOOGLE_ACCESS",
            "project": "itisv-401212",
            "purpose": "PRIVATE",
            "region": "us-central1",
            "role": "",
            "secondary_ip_range": [],
            "self_link": "https://www.googleapis.com/compute/v1/projects/itisv-401212/regions/us-central1/subnetworks/project-gke-subnetwork",
            "stack_type": "IPV4_ONLY",
            "timeouts": null
          },
          "sensitive_attributes": [],
          "private": "eyJlMmJmYjczMC1lY2FhLTExZTYtOGY4OC0zNDM2M2JjN2M0YzAiOnsiY3JlYXRlIjoxMjAwMDAwMDAwMDAwLCJkZWxldGUiOjEyMDAwMDAwMDAwMDAsInVwZGF0ZSI6MTIwMDAwMDAwMDAwMH19",
          "dependencies": [
            "module.network.google_compute_network.vpc"
          ]
        }
      ]
    },
    {
      "module": "module.network",
      "mode": "managed",
      "type": "google_compute_subnetwork",
      "name": "private",
      "provider": "provider[\"registry.terraform.io/hashicorp/google\"]",
      "instances": [
        {
          "schema_version": 0,
          "attributes": {
            "creation_timestamp": "2023-10-22T03:57:45.334-07:00",
            "description": "",
            "external_ipv6_prefix": "",
            "fingerprint": null,
            "gateway_address": "10.10.20.1",
            "id": "projects/itisv-401212/regions/us-east1/subnetworks/project-private-subnetwork",
            "internal_ipv6_prefix": "",
            "ip_cidr_range": "10.10.20.0/24",
            "ipv6_access_type": "",
            "ipv6_cidr_range": "",
            "log_config": [],
            "name": "project-private-subnetwork",
            "network": "https://www.googleapis.com/compute/v1/projects/itisv-401212/global/networks/project-vpc",
            "private_ip_google_access": true,
            "private_ipv6_google_access": "DISABLE_GOOGLE_ACCESS",
            "project": "itisv-401212",
            "purpose": "PRIVATE",
            "region": "us-east1",
            "role": "",
            "secondary_ip_range": [],
            "self_link": "https://www.googleapis.com/compute/v1/projects/itisv-401212/regions/us-east1/subnetworks/project-private-subnetwork",
            "stack_type": "IPV4_ONLY",
            "timeouts": null
          },
          "sensitive_attributes": [],
          "private": "eyJlMmJmYjczMC1lY2FhLTExZTYtOGY4OC0zNDM2M2JjN2M0YzAiOnsiY3JlYXRlIjoxMjAwMDAwMDAwMDAwLCJkZWxldGUiOjEyMDAwMDAwMDAwMDAsInVwZGF0ZSI6MTIwMDAwMDAwMDAwMH19",
          "dependencies": [
            "module.network.google_compute_network.vpc"
          ]
        }
      ]
    },
    {
      "module": "module.storage",
      "mode": "managed",
      "type": "google_artifact_registry_repository",
      "name": "my-repo",
      "provider": "provider[\"registry.terraform.io/hashicorp/google\"]",
      "instances": [
        {
          "schema_version": 0,
          "attributes": {
            "create_time": "2023-10-22T10:57:34.357198Z",
            "description": "repo for the private vm",
            "docker_config": [],
            "effective_labels": {},
            "format": "DOCKER",
            "id": "projects/itisv-401212/locations/us-east1/repositories/private-vm-repo",
            "kms_key_name": "",
            "labels": null,
            "location": "us-east1",
            "maven_config": [],
            "mode": "STANDARD_REPOSITORY",
            "name": "private-vm-repo",
            "project": "itisv-401212",
            "remote_repository_config": [],
            "repository_id": "private-vm-repo",
            "terraform_labels": {},
            "timeouts": null,
            "update_time": "2023-10-22T10:57:34.357198Z",
            "virtual_repository_config": []
          },
          "sensitive_attributes": [],
          "private": "eyJlMmJmYjczMC1lY2FhLTExZTYtOGY4OC0zNDM2M2JjN2M0YzAiOnsiY3JlYXRlIjoxMjAwMDAwMDAwMDAwLCJkZWxldGUiOjEyMDAwMDAwMDAwMDAsInVwZGF0ZSI6MTIwMDAwMDAwMDAwMH19"
        }
      ]
    }
  ],
  "check_results": null
}
