{
  "version": 4,
  "terraform_version": "1.6.0",
  "serial": 714,
  "lineage": "ea889b19-cfe1-bfd2-8207-6b958cd27a03",
  "outputs": {},
  "resources": [
    {
      "module": "module.compute",
      "mode": "managed",
      "type": "google_compute_instance",
      "name": "my-private-vm",
      "provider": "provider[\"registry.terraform.io/hashicorp/google\"]",
      "instances": [
        {
          "schema_version": 6,
          "attributes": {
            "advanced_machine_features": [],
            "allow_stopping_for_update": null,
            "attached_disk": [],
            "boot_disk": [
              {
                "auto_delete": true,
                "device_name": "persistent-disk-0",
                "disk_encryption_key_raw": "",
                "disk_encryption_key_sha256": "",
                "initialize_params": [
                  {
                    "image": "https://www.googleapis.com/compute/v1/projects/debian-cloud/global/images/debian-10-buster-v20231010",
                    "labels": {},
                    "resource_manager_tags": {},
                    "size": 10,
                    "type": "pd-standard"
                  }
                ],
                "kms_key_self_link": "",
                "mode": "READ_WRITE",
                "source": "https://www.googleapis.com/compute/v1/projects/halogen-data-401020/zones/us-east1-b/disks/my-private-instance"
              }
            ],
            "can_ip_forward": false,
            "confidential_instance_config": [],
            "cpu_platform": "Intel Broadwell",
            "current_status": "RUNNING",
            "deletion_protection": false,
            "description": "",
            "desired_status": null,
            "effective_labels": {},
            "enable_display": false,
            "guest_accelerator": [],
            "hostname": "",
            "id": "projects/halogen-data-401020/zones/us-east1-b/instances/my-private-instance",
            "instance_id": "3209729269330104473",
            "label_fingerprint": "42WmSpB8rSM=",
            "labels": {},
            "machine_type": "e2-micro",
            "metadata": {
              "sa_key": "ewogICJ0eXBlIjogInNlcnZpY2VfYWNjb3VudCIsCiAgInByb2plY3RfaWQiOiAiaGFsb2dlbi1kYXRhLTQwMTAyMCIsCiAgInByaXZhdGVfa2V5X2lkIjogIjk1NmQ3MGE5OGNmYzgxYzc4Yjc1MWE0N2EwYjA3ODhmZWQyZmI4Y2UiLAogICJwcml2YXRlX2tleSI6ICItLS0tLUJFR0lOIFBSSVZBVEUgS0VZLS0tLS1cbk1JSUV2d0lCQURBTkJna3Foa2lHOXcwQkFRRUZBQVNDQktrd2dnU2xBZ0VBQW9JQkFRQzhZRUhEbkxuWTJCT0Jcbk9La1ZxSTdwQVJ3VmZwTXhqd2Q5cE8rRm83NXM5d3FQWGxYOE9RbHd2RjdMUGg3aGhEbVBUZElaZXNrcWJialhcbnl5S3B0TUYwd0lYd3pUL0ljTHFuUFo1TnZzZ3JOQVZQUFVlc2s5d3JvOFdFQ1RSUlVZeVhHelRjU09wNG1EWndcbklxekRYRVNTVkZyUDBCbU1JM09uazRYTDkvUlI0MzVxc3pDUUJ6SlRRd2VyQ3lyVlpJR0xUQUhWd1dRZy9lbDlcbi9PeUJvUy93a1YwL1RDYzU1SlI2R2g4Wko4MUIyRTFJbmplcG1rVUFOZFNMNzlQTm03OGxPR0laZmtHYlp4eVNcbkFrNWhhNjVBWENtbEdsSTl0ckp2NGFZSWl4MFpzaUZudW5oZldpanR4bE9BWlZoTUFjdmcyUXRhRGIyQ1RWRXNcbmVqeGhXVG1GQWdNQkFBRUNnZ0VBRWxONyttT01LZ1lsYWFBaFJQZmp4VlBFRDJ4RHRpSFB6UCtuaExVUUlNb3NcbjF4TktvckhLMHhLa1Z6bjVKNS9sT0tXTnY4aFQrMEoyNWRsL2l3cUllb3NEVE5DdStKbE04MW01aFo4K21vTmlcblU5bm1sK20vbE9oSEhpZ0dGTFl1Q3dKTTAzUnRpU05ud21PQk1yVk9mM3pnNDlBL09BUzM2dkRkWnFFOS9keE1cbmp5aUdqS0RZMU1ETzZoa3V5L0RreTR0eExqL0lvdm5FdjZzUnUwOU9ydHhWVGd3UFZEWmtrZUJ2bkF0NHVBQjRcbkpSTWg3d0FhamQ3U2R5K28yeGt0amNON0tvTUxQUnYxK21QbE9vdHlXM3NkdkhQZFdQM0RxV3A0S1lETVltUzNcbk9FbGVOaHFQdFFnQ1dxQy9aLzFyK2RtaVoxVUFUcGlLNHdyY0RjK0xVUUtCZ1FEN3JjelVzU0p6UFdCQjBZb29cbmtmdy9GcXJBcU91NldENlR3ZVZGcXNYMDZxb1IzdVhUN2VtSzBmbytBMnc1Tis3dW9PV3hVdWJvQloyRVpjSWJcbmZEM1V3OUw1OHc0NkUrcVpOWTFFYlhONjJpRm9LVFZEZDViTjNqa0Z2OStWRW9VMHFoVGJkYXBpSGVGbDl5KzhcbnNyb2FzNVdOY2t3SWY4NSt1eFhudkc1ZDhRS0JnUUMvbkRqK1lWb2MzZWg4NEhuNTlQWmc3dnZvdU9xMUlIUVpcbjBmdU1tczZweVRrUlVrV0dxNm9QUWRZelczNXFmZ3RLMjc4d2p1NmxTS3ovZmtIZjZ1V3hwZGdWakNVRDRSa1NcbnBtbVhPdy9ZSXV6eE9OdFJuT240OEY5UXNZSkUveEllWVBqbUNvS1ZPd0x2cUpXUFhPWHNTamdNWGM3S2hIR2NcbjJMR0hnQVlRMVFLQmdRQ0tUWkhYOTVkRTJKK0N5OUV1UmpybHVHRVJDa0t2M2pwVkhDSVB6SzZIemtTekdWZ1dcbnhCQ29sb2I3ZVFvSnozRGZkVStEeUZqWGUrNTVpU25Iek5oMWlUN3cxOTRqa0RwRkF5YWtTYmxCODRpVUlzRUFcbldFRm8xQXRsMjNEVURKOWl0MnhLeFRoaVBxVlVVU2ZNZkRMRTVaYnphYkhhb2RFcDEwbE1WVUlaSVFLQmdRQ2lcbjNnMXIzQ0FXaldFQ1ZHUVozT2hYZUl2VFF1cnR6b29oTUdWYkhITXh5b0toZ0lic2M1bjNvZ1NLWHVqVGFCUDlcbksxQVYzRWhwWVo3N0JMekZzZ3BQdUNJMkhvdVFBcE9uVUtCTUZiM2YvNy9iUW5MWnFrRU9nbkxpU2gvcXVjMFNcbjJXWjNVdE93T1JyRHowNWhMNXVYLzNZb3ZNdjdSQnkyTDFLblZHRFRpUUtCZ1FENUx0OEltanorcnFzK1A4MXJcbnB0WXBsQWg4aE1jSHd6ZzM2SWR5VnZPWlJXSDJGZG1iTzVpbjdUbUh2Mjltd2g2RjVjT2laMkNHaFhLVWFJTUhcbkEvM0N5WE94ZGtHTjV3NDBrV1YwRjlzUDNsaWtKdWd2MUpPQmFOcVZxRnkvQlcxcHZlMWdUanJ5Y09ld2hBaG9cbk84Qk1MZFIwNytVZHlCU1c3a1lScG1IWkJnPT1cbi0tLS0tRU5EIFBSSVZBVEUgS0VZLS0tLS1cbiIsCiAgImNsaWVudF9lbWFpbCI6ICJzY3YtcHJpdmF0ZS12bUBoYWxvZ2VuLWRhdGEtNDAxMDIwLmlhbS5nc2VydmljZWFjY291bnQuY29tIiwKICAiY2xpZW50X2lkIjogIjExMDU1OTA4MjQxNTgzNjUyNTkwMSIsCiAgImF1dGhfdXJpIjogImh0dHBzOi8vYWNjb3VudHMuZ29vZ2xlLmNvbS9vL29hdXRoMi9hdXRoIiwKICAidG9rZW5fdXJpIjogImh0dHBzOi8vb2F1dGgyLmdvb2dsZWFwaXMuY29tL3Rva2VuIiwKICAiYXV0aF9wcm92aWRlcl94NTA5X2NlcnRfdXJsIjogImh0dHBzOi8vd3d3Lmdvb2dsZWFwaXMuY29tL29hdXRoMi92MS9jZXJ0cyIsCiAgImNsaWVudF94NTA5X2NlcnRfdXJsIjogImh0dHBzOi8vd3d3Lmdvb2dsZWFwaXMuY29tL3JvYm90L3YxL21ldGFkYXRhL3g1MDkvc2N2LXByaXZhdGUtdm0lNDBoYWxvZ2VuLWRhdGEtNDAxMDIwLmlhbS5nc2VydmljZWFjY291bnQuY29tIiwKICAidW5pdmVyc2VfZG9tYWluIjogImdvb2dsZWFwaXMuY29tIgp9Cg=="
            },
            "metadata_fingerprint": "8fTWNo_cmsE=",
            "metadata_startup_script": "#!/bin/bash\n\n################## setting up Docker ####################\n# Add Docker's official GPG key:\nsudo apt-get update\nsudo apt-get install ca-certificates curl gnupg -y\nsudo install -m 0755 -d /etc/apt/keyrings\ncurl -fsSL https://download.docker.com/linux/debian/gpg | sudo gpg --dearmor -o /etc/apt/keyrings/docker.gpg\nsudo chmod a+r /etc/apt/keyrings/docker.gpg\n# Add the repository to Apt sources:\necho \\\n  \"deb [arch=\"$(dpkg --print-architecture)\" signed-by=/etc/apt/keyrings/docker.gpg] https://download.docker.com/linux/debian \\\n  \"$(. /etc/os-release \u0026\u0026 echo \"$VERSION_CODENAME\")\" stable\" | \\\n  sudo tee /etc/apt/sources.list.d/docker.list \u003e /dev/null\nsudo apt-get update\nsudo apt-get install docker-ce docker-ce-cli containerd.io docker-buildx-plugin docker-compose-plugin -y\n\n\n######################### pulling application ##########################\n# sudo apt-get install git-all\n\n# sudo apt install npm -y\n##################### Dockeraizing Application ########################\n# cat \u003e Dockerfile \u003c\u003cEOF\n# # Use an official Node.js runtime as a parent image\n# FROM node:18\n\n# # Set the working directory in the container\n# WORKDIR /usr/src/app\n\n# # Copy package.json and package-lock.json to the working directory\n# COPY package*.json ./\n\n# # Install application dependencies\n# RUN npm install\n\n# # Bundle app source\n# COPY . .\n\n# # Expose the port your application runs on\n# EXPOSE 5000\n\n# # Define the command to run your application\n# CMD [\"node\", \"index.js\"]\n# EOF\n################# Authinticating Docker ##################\ncd /tmp\nsudo wget --header=\"Metadata-Flavor: Google\" -O key.json http://metadata.google.internal/computeMetadata/v1/instance/attributes/sa_key\ncat key.json | base64 -d \u003e key1.json\ngcloud auth activate-service-account --key-file=key1.json\nyes | gcloud auth configure-docker us-east1-docker.pkg.dev \ncat key.json | sudo docker login -u _json_key_base64 --password-stdin https://us-east1-docker.pkg.dev\ncd /\n################ App Image ###################\necho \"Pulling app image ...\" \u003e\u003e tracker.txt\nsudo docker pull moelshafei/nodeapp:latest\necho \"Image Pulled ...\" \u003e\u003e tracker.txt\nsudo docker tag moelshafei/nodeapp:latest us-east1-docker.pkg.dev/halogen-data-401020/private-vm-repo/app:latest\n# sudo docker build -t us-east1-docker.pkg.dev/itisv-401212/private-vm-repo/app:latest .\nsudo docker push us-east1-docker.pkg.dev/halogen-data-401020/private-vm-repo/app:latest\necho \"Image Pushed\" \u003e\u003e tracker.txt\n############# MongoDB Image ####################\necho \"Pulling mognodb image ...\" \u003e\u003e tracker.txt\nsudo docker pull bitnami/mongodb:4.4.4\necho \"Pulled mognodb image ...\" \u003e\u003e tracker.txt\nsudo docker tag bitnami/mongodb:4.4.4 us-east1-docker.pkg.dev/halogen-data-401020/private-vm-repo/mongodb:latest\necho \"Pushing mognodb image ...\" \u003e\u003e tracker.txt\nsudo docker push us-east1-docker.pkg.dev/halogen-data-401020/private-vm-repo/mongodb:latest\necho \"Image Pushed ...\" \u003e\u003e tracker.txt\n\n\n\n\n###### For proxy ################\n# sudo apt-get install kubectl\n# echo \"kubectl installed ...\" \u003e\u003e tracker.txt\n# sudo apt-get install google-cloud-sdk-gke-gcloud-auth-plugin\n# echo \"google auth ...\" \u003e\u003e tracker.txt\n# export KUBECONFIG=$HOME/.kube/config\n# gcloud container clusters get-credentials gke-cluster --zone us-central1 --project itisv-401212 --internal-ip\n# gcloud container clusters update gke-cluster --zone us-central1  --enable-master-global-access\n# sudo apt install tinyproxy -y\n# echo \"tiny proxy installed ...\" \u003e\u003e tracker.txt\n# sudo sh -c \"echo 'Allow localhost' \u003e\u003e /etc/tinyproxy/tinyproxy.conf\"\n# sudo service tinyproxy restart\n# echo \"service restarted auth ...\" \u003e\u003e tracker.txt\n# exit\n\n############ cloning the kubernetes files ############\ncd /\n# git clone https://muhammad-osama-dev:token@github.com/muhammad-osama-dev/gcp-nodejs-mongodb-deployment.git\n# cd /gcp-nodejs-mongodb-deployment\n# sudo apt-get install kubectl\n# echo \"kubectl installed ...\" \u003e\u003e tracker.txt\n# sudo apt-get install google-cloud-sdk-gke-gcloud-auth-plugin\n# echo \"google auth ...\" \u003e\u003e tracker.txt\n# export KUBECONFIG=$HOME/.kube/config\n# gcloud container clusters get-credentials gke-cluster --zone=us-central1 \u003e output.txt 2\u003e\u00261\n# echo \"cluster auth ...\" \u003e\u003e tracker.txt\n# kubectl apply -f ./kubernetes/mongodb/\n# echo \"mongodb deployed ...\" \u003e\u003e tracker.txt\n# kubectl apply -f ./kubernetes/app_deployment/\n# echo \"app deployed ...\" \u003e\u003e tracker.txt\nEOF\n\n",
            "min_cpu_platform": "",
            "name": "my-private-instance",
            "network_interface": [
              {
                "access_config": [],
                "alias_ip_range": [],
                "internal_ipv6_prefix_length": 0,
                "ipv6_access_config": [],
                "ipv6_access_type": "",
                "ipv6_address": "",
                "name": "nic0",
                "network": "https://www.googleapis.com/compute/v1/projects/halogen-data-401020/global/networks/project-vpc",
                "network_ip": "10.10.20.2",
                "nic_type": "",
                "queue_count": 0,
                "stack_type": "IPV4_ONLY",
                "subnetwork": "https://www.googleapis.com/compute/v1/projects/halogen-data-401020/regions/us-east1/subnetworks/project-private-subnetwork",
                "subnetwork_project": "halogen-data-401020"
              }
            ],
            "network_performance_config": [],
            "params": [],
            "project": "halogen-data-401020",
            "reservation_affinity": [],
            "resource_policies": [],
            "scheduling": [
              {
                "automatic_restart": true,
                "instance_termination_action": "",
                "local_ssd_recovery_timeout": [],
                "min_node_cpus": 0,
                "node_affinities": [],
                "on_host_maintenance": "MIGRATE",
                "preemptible": false,
                "provisioning_model": "STANDARD"
              }
            ],
            "scratch_disk": [],
            "self_link": "https://www.googleapis.com/compute/v1/projects/halogen-data-401020/zones/us-east1-b/instances/my-private-instance",
            "service_account": [
              {
                "email": "scv-private-vm@halogen-data-401020.iam.gserviceaccount.com",
                "scopes": [
                  "https://www.googleapis.com/auth/cloud-platform"
                ]
              }
            ],
            "shielded_instance_config": [
              {
                "enable_integrity_monitoring": true,
                "enable_secure_boot": false,
                "enable_vtpm": true
              }
            ],
            "tags": [
              "private-subnet"
            ],
            "tags_fingerprint": "zIQF87C8VRg=",
            "terraform_labels": {},
            "timeouts": null,
            "zone": "us-east1-b"
          },
          "sensitive_attributes": [
            [
              {
                "type": "get_attr",
                "value": "metadata"
              },
              {
                "type": "index",
                "value": {
                  "value": "sa_key",
                  "type": "string"
                }
              }
            ]
          ],
          "private": "eyJlMmJmYjczMC1lY2FhLTExZTYtOGY4OC0zNDM2M2JjN2M0YzAiOnsiY3JlYXRlIjoxMjAwMDAwMDAwMDAwLCJkZWxldGUiOjEyMDAwMDAwMDAwMDAsInVwZGF0ZSI6MTIwMDAwMDAwMDAwMH0sInNjaGVtYV92ZXJzaW9uIjoiNiJ9",
          "dependencies": [
            "module.compute.google_container_cluster.privatecluster",
            "module.compute.google_container_node_pool.privatecluster-node-pool",
            "module.compute.google_service_account.kubernetes",
            "module.iam.google_service_account.sa",
            "module.iam.google_service_account_key.sa_key",
            "module.network.google_compute_network.vpc",
            "module.network.google_compute_subnetwork.gke_subnet",
            "module.network.google_compute_subnetwork.private"
          ]
        }
      ]
    },
    {
      "module": "module.compute",
      "mode": "managed",
      "type": "google_container_cluster",
      "name": "privatecluster",
      "provider": "provider[\"registry.terraform.io/hashicorp/google\"]",
      "instances": [
        {
          "schema_version": 2,
          "attributes": {
            "addons_config": [
              {
                "cloudrun_config": [],
                "config_connector_config": [],
                "dns_cache_config": [],
                "gce_persistent_disk_csi_driver_config": [
                  {
                    "enabled": true
                  }
                ],
                "gcp_filestore_csi_driver_config": [],
                "gcs_fuse_csi_driver_config": [],
                "gke_backup_agent_config": [],
                "horizontal_pod_autoscaling": [],
                "http_load_balancing": [],
                "network_policy_config": [
                  {
                    "disabled": true
                  }
                ]
              }
            ],
            "allow_net_admin": null,
            "authenticator_groups_config": [],
            "binary_authorization": [
              {
                "enabled": false,
                "evaluation_mode": ""
              }
            ],
            "cluster_autoscaling": [
              {
                "auto_provisioning_defaults": [],
                "enabled": false,
                "resource_limits": []
              }
            ],
            "cluster_ipv4_cidr": "10.76.0.0/14",
            "confidential_nodes": [],
            "cost_management_config": [],
            "database_encryption": [
              {
                "key_name": "",
                "state": "DECRYPTED"
              }
            ],
            "datapath_provider": "",
            "default_max_pods_per_node": 110,
            "default_snat_status": [
              {
                "disabled": false
              }
            ],
            "deletion_protection": false,
            "description": "",
            "dns_config": [],
            "enable_autopilot": false,
            "enable_intranode_visibility": false,
            "enable_k8s_beta_apis": [],
            "enable_kubernetes_alpha": false,
            "enable_l4_ilb_subsetting": false,
            "enable_legacy_abac": false,
            "enable_shielded_nodes": true,
            "enable_tpu": false,
            "endpoint": "34.136.88.159",
            "gateway_api_config": [],
            "id": "projects/halogen-data-401020/locations/us-central1/clusters/gke-cluster",
            "initial_node_count": 1,
            "ip_allocation_policy": [
              {
                "additional_pod_ranges_config": [],
                "cluster_ipv4_cidr_block": "10.76.0.0/14",
                "cluster_secondary_range_name": "gke-gke-cluster-pods-dd1be68f",
                "pod_cidr_overprovision_config": [
                  {
                    "disabled": false
                  }
                ],
                "services_ipv4_cidr_block": "10.80.0.0/20",
                "services_secondary_range_name": "gke-gke-cluster-services-dd1be68f",
                "stack_type": "IPV4"
              }
            ],
            "label_fingerprint": "a9dc16a7",
            "location": "us-central1",
            "logging_config": [
              {
                "enable_components": [
                  "SYSTEM_COMPONENTS",
                  "WORKLOADS"
                ]
              }
            ],
            "logging_service": "logging.googleapis.com/kubernetes",
            "maintenance_policy": [],
            "master_auth": [
              {
                "client_certificate": "",
                "client_certificate_config": [
                  {
                    "issue_client_certificate": false
                  }
                ],
                "client_key": "",
                "cluster_ca_certificate": "LS0tLS1CRUdJTiBDRVJUSUZJQ0FURS0tLS0tCk1JSUVMVENDQXBXZ0F3SUJBZ0lSQU13WG50QzgxbG1pa1owa2JveUEvZEF3RFFZSktvWklodmNOQVFFTEJRQXcKTHpFdE1Dc0dBMVVFQXhNa016QmhObVZsTkdJdFpEVmlZUzAwT1RReExXRmlaVEl0Wm1NM1pHSTJZMlExWXpjMwpNQ0FYRFRJek1UQXlNekF5TXpZeE9Gb1lEekl3TlRNeE1ERTFNRE16TmpFNFdqQXZNUzB3S3dZRFZRUURFeVF6Ck1HRTJaV1UwWWkxa05XSmhMVFE1TkRFdFlXSmxNaTFtWXpka1lqWmpaRFZqTnpjd2dnR2lNQTBHQ1NxR1NJYjMKRFFFQkFRVUFBNElCandBd2dnR0tBb0lCZ1FDT0MxanBPTk5OcEV6enEwZ0tqOWgyQjMzZk81OUhjUUJRTm5zaQpBWjZUSjVkaTlZZDd3T2NyNStLdGFUS045U2p5UVIwOVhmRDd0TnNuU2tHNC9FV0R1SHhLblBobjlEZ1dheWl6CnRGYVhFakF1S1htQ1lWNmtTU0JzZFpFQ2txb1RteTBJQ1ViWUtLQ1pvQk15SzN1TVpsY1ZsR1RYQXFBaDFVVUEKVW1KK295WXNHYlNQODVZOVF1a3NwVElnU1VDanhjcWQvbng5RWVKMXpZWXMxUERLUW9kYmMrUmEwNFhkbTg0Wgp4Yld0UEhVdTVJaFNqcHYxaWlyY0F5SFZxV2FaTHkzZGwwY2NncXNyQ0F6cCt4WjhJaktnSHFxN1BIMGJsT3UxCnUyTm15aHVXOHFnUUFUVEM4MGlVWUtMVzhhUXJNdkhaMjBJbDN3TFRUMGlGQkN3bTBtMEF0UldCYjI0R1lidFkKMU5YZDNMRnpRNnJFOXRVb0tlMDRNTm1JR3lSU21PbzFLdTNRVHU5Sm11NFM4MXM0REplRllObEhWQWlNOG9LZQpsd1ZUZFZVKzd5LzVFdG9wbE9HRkVqS3ZFbk5KYUZPTi9zZFBkRlltcXJIYy9IVk03ZFVBMGpPejFFeGM1WGltCkhWOTdoVTJHbXRUODMwZktPRDBGT2hpbE1HVUNBd0VBQWFOQ01FQXdEZ1lEVlIwUEFRSC9CQVFEQWdJRU1BOEcKQTFVZEV3RUIvd1FGTUFNQkFmOHdIUVlEVlIwT0JCWUVGT2RSb3ZTVzJqRHMxeWhGTkI1VXJFNmVienpPTUEwRwpDU3FHU0liM0RRRUJDd1VBQTRJQmdRQlhhSXRaaHV6Rk9VWUowVTJxWkZlazliTXpkaEpUd3BHVWhaK0JhMXhuCmFHMmtsOExMb3YzdXNTaU5taUpMOHhqSGt3L09lb1orbVJQWEdwVGdLRkV1VjVyNDNQQjhvUzNlWmk0a2tYTXUKTXRCZ2UremRML1JiMEJmN1ZLcDJzazR1WExveHlEdjM2N2RLb2U1eTJWbnBBRWhyQndiQVJnS3M4MXdCN2NVRgpEbXFWYngrbHlDcTMwR3p4TkR5akF2by9BRk5oMDhaS3ozTlVqWTcyNzV0WTVBZ2VUbUQxL0RKTXY3RzNySGgyClpYOU4rWDNzNTVJS25Oa1Vibld3OC9CdzhMKzVkd1RzMUQ4cVpYSkMzc3JhSFVNdzlXZlZJc3lIR2xDZEcwMXgKWHl3a3R4SnMwOTJlWXNKeVVJRGY3aHZkL1Vka1d5cXc1cTV5WmI0NnVFdkpjTWpCM0paMmQ4R2E0YXpBNEVOawpTQXI4YU16eVVCdnAzQ2xCM0FBRE1rRHAraERjSGhsbXRlYUExVUFaczl6RHU0OWJDd2ZWQ0Fwbk0yWmlRNjRFCmNKa0tkUG9lSFBiTGhieC93Y2hmQjVpa3FkUWFPVWd4a3BsZWJWeXJZQk5xQkt6YXFhL0JZMTJLZTJxaEtGY1UKMmt2K1NORzRoaHNsOFBlRWNFTFZ2Q0k9Ci0tLS0tRU5EIENFUlRJRklDQVRFLS0tLS0K"
              }
            ],
            "master_authorized_networks_config": [
              {
                "cidr_blocks": [
                  {
                    "cidr_block": "0.0.0.0/0",
                    "display_name": "vm"
                  }
                ],
                "gcp_public_cidrs_access_enabled": false
              }
            ],
            "master_version": "1.27.3-gke.100",
            "mesh_certificates": [],
            "min_master_version": null,
            "monitoring_config": [
              {
                "advanced_datapath_observability_config": [
                  {
                    "enable_metrics": false,
                    "relay_mode": "DISABLED"
                  }
                ],
                "enable_components": [
                  "SYSTEM_COMPONENTS"
                ],
                "managed_prometheus": [
                  {
                    "enabled": true
                  }
                ]
              }
            ],
            "monitoring_service": "monitoring.googleapis.com/kubernetes",
            "name": "gke-cluster",
            "network": "projects/halogen-data-401020/global/networks/project-vpc",
            "network_policy": [
              {
                "enabled": false,
                "provider": "PROVIDER_UNSPECIFIED"
              }
            ],
            "networking_mode": "VPC_NATIVE",
            "node_config": [
              {
                "advanced_machine_features": [],
                "boot_disk_kms_key": "",
                "confidential_nodes": [],
                "disk_size_gb": 15,
                "disk_type": "pd-standard",
                "effective_taints": [],
                "ephemeral_storage_local_ssd_config": [],
                "fast_socket": [],
                "gcfs_config": [],
                "guest_accelerator": [],
                "gvnic": [],
                "host_maintenance_policy": [],
                "image_type": "COS_CONTAINERD",
                "kubelet_config": [],
                "labels": {},
                "linux_node_config": [],
                "local_nvme_ssd_block_config": [],
                "local_ssd_count": 0,
                "logging_variant": "DEFAULT",
                "machine_type": "e2-small",
                "metadata": {
                  "disable-legacy-endpoints": "true"
                },
                "min_cpu_platform": "",
                "node_group": "",
                "oauth_scopes": [
                  "https://www.googleapis.com/auth/cloud-platform"
                ],
                "preemptible": true,
                "reservation_affinity": [],
                "resource_labels": {},
                "service_account": "kubernetes@halogen-data-401020.iam.gserviceaccount.com",
                "shielded_instance_config": [
                  {
                    "enable_integrity_monitoring": true,
                    "enable_secure_boot": false
                  }
                ],
                "sole_tenant_config": [],
                "spot": false,
                "tags": [],
                "taint": [],
                "workload_metadata_config": []
              }
            ],
            "node_locations": [
              "us-central1-a",
              "us-central1-b",
              "us-central1-c"
            ],
            "node_pool": [
              {
                "autoscaling": [],
                "initial_node_count": 1,
                "instance_group_urls": [
                  "https://www.googleapis.com/compute/v1/projects/halogen-data-401020/zones/us-central1-a/instanceGroupManagers/gke-gke-cluster-node-pool-79203d6b-grp",
                  "https://www.googleapis.com/compute/v1/projects/halogen-data-401020/zones/us-central1-b/instanceGroupManagers/gke-gke-cluster-node-pool-d4a6b831-grp",
                  "https://www.googleapis.com/compute/v1/projects/halogen-data-401020/zones/us-central1-c/instanceGroupManagers/gke-gke-cluster-node-pool-7ff8bd24-grp"
                ],
                "managed_instance_group_urls": [
                  "https://www.googleapis.com/compute/v1/projects/halogen-data-401020/zones/us-central1-a/instanceGroups/gke-gke-cluster-node-pool-79203d6b-grp",
                  "https://www.googleapis.com/compute/v1/projects/halogen-data-401020/zones/us-central1-b/instanceGroups/gke-gke-cluster-node-pool-d4a6b831-grp",
                  "https://www.googleapis.com/compute/v1/projects/halogen-data-401020/zones/us-central1-c/instanceGroups/gke-gke-cluster-node-pool-7ff8bd24-grp"
                ],
                "management": [
                  {
                    "auto_repair": true,
                    "auto_upgrade": true
                  }
                ],
                "max_pods_per_node": 110,
                "name": "node-pool",
                "name_prefix": "",
                "network_config": [
                  {
                    "create_pod_range": false,
                    "enable_private_nodes": false,
                    "pod_cidr_overprovision_config": [],
                    "pod_ipv4_cidr_block": "10.76.0.0/14",
                    "pod_range": "gke-gke-cluster-pods-dd1be68f"
                  }
                ],
                "node_config": [
                  {
                    "advanced_machine_features": [],
                    "boot_disk_kms_key": "",
                    "confidential_nodes": [],
                    "disk_size_gb": 15,
                    "disk_type": "pd-standard",
                    "effective_taints": [],
                    "ephemeral_storage_local_ssd_config": [],
                    "fast_socket": [],
                    "gcfs_config": [],
                    "guest_accelerator": [],
                    "gvnic": [],
                    "host_maintenance_policy": [],
                    "image_type": "COS_CONTAINERD",
                    "kubelet_config": [],
                    "labels": {},
                    "linux_node_config": [],
                    "local_nvme_ssd_block_config": [],
                    "local_ssd_count": 0,
                    "logging_variant": "DEFAULT",
                    "machine_type": "e2-small",
                    "metadata": {
                      "disable-legacy-endpoints": "true"
                    },
                    "min_cpu_platform": "",
                    "node_group": "",
                    "oauth_scopes": [
                      "https://www.googleapis.com/auth/cloud-platform"
                    ],
                    "preemptible": true,
                    "reservation_affinity": [],
                    "resource_labels": {},
                    "service_account": "kubernetes@halogen-data-401020.iam.gserviceaccount.com",
                    "shielded_instance_config": [
                      {
                        "enable_integrity_monitoring": true,
                        "enable_secure_boot": false
                      }
                    ],
                    "sole_tenant_config": [],
                    "spot": false,
                    "tags": [],
                    "taint": [],
                    "workload_metadata_config": []
                  }
                ],
                "node_count": 1,
                "node_locations": [
                  "us-central1-a",
                  "us-central1-b",
                  "us-central1-c"
                ],
                "placement_policy": [],
                "upgrade_settings": [
                  {
                    "blue_green_settings": [],
                    "max_surge": 1,
                    "max_unavailable": 0,
                    "strategy": "SURGE"
                  }
                ],
                "version": "1.27.3-gke.100"
              }
            ],
            "node_pool_auto_config": [],
            "node_pool_defaults": [
              {
                "node_config_defaults": [
                  {
                    "logging_variant": "DEFAULT"
                  }
                ]
              }
            ],
            "node_version": "1.27.3-gke.100",
            "notification_config": [
              {
                "pubsub": [
                  {
                    "enabled": false,
                    "filter": [],
                    "topic": ""
                  }
                ]
              }
            ],
            "operation": null,
            "private_cluster_config": [
              {
                "enable_private_endpoint": false,
                "enable_private_nodes": true,
                "master_global_access_config": [
                  {
                    "enabled": false
                  }
                ],
                "master_ipv4_cidr_block": "172.16.0.0/28",
                "peering_name": "gke-n1fe5a24278b67b3c197-1fb2-865a-peer",
                "private_endpoint": "172.16.0.2",
                "private_endpoint_subnetwork": "",
                "public_endpoint": "34.136.88.159"
              }
            ],
            "private_ipv6_google_access": "",
            "project": "halogen-data-401020",
            "release_channel": [
              {
                "channel": "REGULAR"
              }
            ],
            "remove_default_node_pool": true,
            "resource_labels": {},
            "resource_usage_export_config": [],
            "security_posture_config": [
              {
                "mode": "BASIC",
                "vulnerability_mode": "VULNERABILITY_MODE_UNSPECIFIED"
              }
            ],
            "self_link": "https://container.googleapis.com/v1/projects/halogen-data-401020/locations/us-central1/clusters/gke-cluster",
            "service_external_ips_config": [
              {
                "enabled": false
              }
            ],
            "services_ipv4_cidr": "10.80.0.0/20",
            "subnetwork": "projects/halogen-data-401020/regions/us-central1/subnetworks/project-gke-subnetwork",
            "timeouts": null,
            "tpu_ipv4_cidr_block": "",
            "vertical_pod_autoscaling": [],
            "workload_identity_config": []
          },
          "sensitive_attributes": [],
          "private": "eyJlMmJmYjczMC1lY2FhLTExZTYtOGY4OC0zNDM2M2JjN2M0YzAiOnsiY3JlYXRlIjoyNDAwMDAwMDAwMDAwLCJkZWxldGUiOjI0MDAwMDAwMDAwMDAsInJlYWQiOjI0MDAwMDAwMDAwMDAsInVwZGF0ZSI6MzYwMDAwMDAwMDAwMH0sInNjaGVtYV92ZXJzaW9uIjoiMiJ9",
          "dependencies": [
            "module.compute.google_service_account.kubernetes",
            "module.network.google_compute_network.vpc",
            "module.network.google_compute_subnetwork.gke_subnet"
          ]
        }
      ]
    },
    {
      "module": "module.compute",
      "mode": "managed",
      "type": "google_container_node_pool",
      "name": "privatecluster-node-pool",
      "provider": "provider[\"registry.terraform.io/hashicorp/google\"]",
      "instances": [
        {
          "schema_version": 1,
          "attributes": {
            "autoscaling": [],
            "cluster": "gke-cluster",
            "id": "projects/halogen-data-401020/locations/us-central1/clusters/gke-cluster/nodePools/node-pool",
            "initial_node_count": 1,
            "instance_group_urls": [
              "https://www.googleapis.com/compute/v1/projects/halogen-data-401020/zones/us-central1-a/instanceGroupManagers/gke-gke-cluster-node-pool-79203d6b-grp",
              "https://www.googleapis.com/compute/v1/projects/halogen-data-401020/zones/us-central1-b/instanceGroupManagers/gke-gke-cluster-node-pool-d4a6b831-grp",
              "https://www.googleapis.com/compute/v1/projects/halogen-data-401020/zones/us-central1-c/instanceGroupManagers/gke-gke-cluster-node-pool-7ff8bd24-grp"
            ],
            "location": "us-central1",
            "managed_instance_group_urls": [
              "https://www.googleapis.com/compute/v1/projects/halogen-data-401020/zones/us-central1-a/instanceGroups/gke-gke-cluster-node-pool-79203d6b-grp",
              "https://www.googleapis.com/compute/v1/projects/halogen-data-401020/zones/us-central1-b/instanceGroups/gke-gke-cluster-node-pool-d4a6b831-grp",
              "https://www.googleapis.com/compute/v1/projects/halogen-data-401020/zones/us-central1-c/instanceGroups/gke-gke-cluster-node-pool-7ff8bd24-grp"
            ],
            "management": [
              {
                "auto_repair": true,
                "auto_upgrade": true
              }
            ],
            "max_pods_per_node": 110,
            "name": "node-pool",
            "name_prefix": "",
            "network_config": [
              {
                "create_pod_range": false,
                "enable_private_nodes": false,
                "pod_cidr_overprovision_config": [],
                "pod_ipv4_cidr_block": "10.76.0.0/14",
                "pod_range": "gke-gke-cluster-pods-dd1be68f"
              }
            ],
            "node_config": [
              {
                "advanced_machine_features": [],
                "boot_disk_kms_key": "",
                "confidential_nodes": [],
                "disk_size_gb": 15,
                "disk_type": "pd-standard",
                "effective_taints": [],
                "ephemeral_storage_local_ssd_config": [],
                "fast_socket": [],
                "gcfs_config": [],
                "guest_accelerator": [],
                "gvnic": [],
                "host_maintenance_policy": [],
                "image_type": "COS_CONTAINERD",
                "kubelet_config": [],
                "labels": {},
                "linux_node_config": [],
                "local_nvme_ssd_block_config": [],
                "local_ssd_count": 0,
                "logging_variant": "DEFAULT",
                "machine_type": "e2-small",
                "metadata": {
                  "disable-legacy-endpoints": "true"
                },
                "min_cpu_platform": "",
                "node_group": "",
                "oauth_scopes": [
                  "https://www.googleapis.com/auth/cloud-platform"
                ],
                "preemptible": true,
                "reservation_affinity": [],
                "resource_labels": {},
                "service_account": "kubernetes@halogen-data-401020.iam.gserviceaccount.com",
                "shielded_instance_config": [
                  {
                    "enable_integrity_monitoring": true,
                    "enable_secure_boot": false
                  }
                ],
                "sole_tenant_config": [],
                "spot": false,
                "tags": [],
                "taint": [],
                "workload_metadata_config": []
              }
            ],
            "node_count": 1,
            "node_locations": [
              "us-central1-a",
              "us-central1-b",
              "us-central1-c"
            ],
            "operation": null,
            "placement_policy": [],
            "project": "halogen-data-401020",
            "timeouts": null,
            "upgrade_settings": [
              {
                "blue_green_settings": [],
                "max_surge": 1,
                "max_unavailable": 0,
                "strategy": "SURGE"
              }
            ],
            "version": "1.27.3-gke.100"
          },
          "sensitive_attributes": [],
          "private": "eyJlMmJmYjczMC1lY2FhLTExZTYtOGY4OC0zNDM2M2JjN2M0YzAiOnsiY3JlYXRlIjoxODAwMDAwMDAwMDAwLCJkZWxldGUiOjE4MDAwMDAwMDAwMDAsInVwZGF0ZSI6MTgwMDAwMDAwMDAwMH0sInNjaGVtYV92ZXJzaW9uIjoiMSJ9",
          "dependencies": [
            "module.compute.google_container_cluster.privatecluster",
            "module.compute.google_service_account.kubernetes",
            "module.network.google_compute_network.vpc",
            "module.network.google_compute_subnetwork.gke_subnet"
          ]
        }
      ]
    },
    {
      "module": "module.compute",
      "mode": "managed",
      "type": "google_project_iam_member",
      "name": "artifact_registry_reader",
      "provider": "provider[\"registry.terraform.io/hashicorp/google\"]",
      "instances": [
        {
          "schema_version": 0,
          "attributes": {
            "condition": [],
            "etag": "BwYIWjPZ7EE=",
            "id": "halogen-data-401020/roles/artifactregistry.reader/serviceAccount:kubernetes@halogen-data-401020.iam.gserviceaccount.com",
            "member": "serviceAccount:kubernetes@halogen-data-401020.iam.gserviceaccount.com",
            "project": "halogen-data-401020",
            "role": "roles/artifactregistry.reader"
          },
          "sensitive_attributes": [],
          "private": "bnVsbA==",
          "dependencies": [
            "module.compute.google_service_account.kubernetes"
          ]
        }
      ]
    },
    {
      "module": "module.compute",
      "mode": "managed",
      "type": "google_service_account",
      "name": "kubernetes",
      "provider": "provider[\"registry.terraform.io/hashicorp/google\"]",
      "instances": [
        {
          "schema_version": 0,
          "attributes": {
            "account_id": "kubernetes",
            "description": "",
            "disabled": false,
            "display_name": "",
            "email": "kubernetes@halogen-data-401020.iam.gserviceaccount.com",
            "id": "projects/halogen-data-401020/serviceAccounts/kubernetes@halogen-data-401020.iam.gserviceaccount.com",
            "member": "serviceAccount:kubernetes@halogen-data-401020.iam.gserviceaccount.com",
            "name": "projects/halogen-data-401020/serviceAccounts/kubernetes@halogen-data-401020.iam.gserviceaccount.com",
            "project": "halogen-data-401020",
            "timeouts": null,
            "unique_id": "105155885376407532071"
          },
          "sensitive_attributes": [],
          "private": "eyJlMmJmYjczMC1lY2FhLTExZTYtOGY4OC0zNDM2M2JjN2M0YzAiOnsiY3JlYXRlIjozMDAwMDAwMDAwMDB9fQ=="
        }
      ]
    },
    {
      "module": "module.iam",
      "mode": "managed",
      "type": "google_project_iam_member",
      "name": "k8s_admin",
      "provider": "provider[\"registry.terraform.io/hashicorp/google\"]",
      "instances": [
        {
          "schema_version": 0,
          "attributes": {
            "condition": [],
            "etag": "BwYIWjPZ7EE=",
            "id": "halogen-data-401020/roles/container.admin/serviceAccount:scv-private-vm@halogen-data-401020.iam.gserviceaccount.com",
            "member": "serviceAccount:scv-private-vm@halogen-data-401020.iam.gserviceaccount.com",
            "project": "halogen-data-401020",
            "role": "roles/container.admin"
          },
          "sensitive_attributes": [],
          "private": "bnVsbA==",
          "dependencies": [
            "module.iam.google_service_account.sa"
          ]
        }
      ]
    },
    {
      "module": "module.iam",
      "mode": "managed",
      "type": "google_project_iam_member",
      "name": "sa_reader",
      "provider": "provider[\"registry.terraform.io/hashicorp/google\"]",
      "instances": [
        {
          "schema_version": 0,
          "attributes": {
            "condition": [],
            "etag": "BwYIWjPZ7EE=",
            "id": "halogen-data-401020/roles/artifactregistry.reader/serviceAccount:scv-private-vm@halogen-data-401020.iam.gserviceaccount.com",
            "member": "serviceAccount:scv-private-vm@halogen-data-401020.iam.gserviceaccount.com",
            "project": "halogen-data-401020",
            "role": "roles/artifactregistry.reader"
          },
          "sensitive_attributes": [],
          "private": "bnVsbA==",
          "dependencies": [
            "module.iam.google_service_account.sa"
          ]
        }
      ]
    },
    {
      "module": "module.iam",
      "mode": "managed",
      "type": "google_project_iam_member",
      "name": "service_account_roles",
      "provider": "provider[\"registry.terraform.io/hashicorp/google\"]",
      "instances": [
        {
          "schema_version": 0,
          "attributes": {
            "condition": [],
            "etag": "BwYIWjPZ7EE=",
            "id": "halogen-data-401020/roles/artifactregistry.writer/serviceAccount:scv-private-vm@halogen-data-401020.iam.gserviceaccount.com",
            "member": "serviceAccount:scv-private-vm@halogen-data-401020.iam.gserviceaccount.com",
            "project": "halogen-data-401020",
            "role": "roles/artifactregistry.writer"
          },
          "sensitive_attributes": [],
          "private": "bnVsbA==",
          "dependencies": [
            "module.iam.google_service_account.sa"
          ]
        }
      ]
    },
    {
      "module": "module.iam",
      "mode": "managed",
      "type": "google_service_account",
      "name": "sa",
      "provider": "provider[\"registry.terraform.io/hashicorp/google\"]",
      "instances": [
        {
          "schema_version": 0,
          "attributes": {
            "account_id": "scv-private-vm",
            "description": "",
            "disabled": false,
            "display_name": "scv-private-vm",
            "email": "scv-private-vm@halogen-data-401020.iam.gserviceaccount.com",
            "id": "projects/halogen-data-401020/serviceAccounts/scv-private-vm@halogen-data-401020.iam.gserviceaccount.com",
            "member": "serviceAccount:scv-private-vm@halogen-data-401020.iam.gserviceaccount.com",
            "name": "projects/halogen-data-401020/serviceAccounts/scv-private-vm@halogen-data-401020.iam.gserviceaccount.com",
            "project": "halogen-data-401020",
            "timeouts": null,
            "unique_id": "110559082415836525901"
          },
          "sensitive_attributes": [],
          "private": "eyJlMmJmYjczMC1lY2FhLTExZTYtOGY4OC0zNDM2M2JjN2M0YzAiOnsiY3JlYXRlIjozMDAwMDAwMDAwMDB9fQ=="
        }
      ]
    },
    {
      "module": "module.iam",
      "mode": "managed",
      "type": "google_service_account_key",
      "name": "sa_key",
      "provider": "provider[\"registry.terraform.io/hashicorp/google\"]",
      "instances": [
        {
          "schema_version": 0,
          "attributes": {
            "id": "projects/halogen-data-401020/serviceAccounts/scv-private-vm@halogen-data-401020.iam.gserviceaccount.com/keys/956d70a98cfc81c78b751a47a0b0788fed2fb8ce",
            "keepers": null,
            "key_algorithm": "KEY_ALG_RSA_2048",
            "name": "projects/halogen-data-401020/serviceAccounts/scv-private-vm@halogen-data-401020.iam.gserviceaccount.com/keys/956d70a98cfc81c78b751a47a0b0788fed2fb8ce",
            "private_key": "ewogICJ0eXBlIjogInNlcnZpY2VfYWNjb3VudCIsCiAgInByb2plY3RfaWQiOiAiaGFsb2dlbi1kYXRhLTQwMTAyMCIsCiAgInByaXZhdGVfa2V5X2lkIjogIjk1NmQ3MGE5OGNmYzgxYzc4Yjc1MWE0N2EwYjA3ODhmZWQyZmI4Y2UiLAogICJwcml2YXRlX2tleSI6ICItLS0tLUJFR0lOIFBSSVZBVEUgS0VZLS0tLS1cbk1JSUV2d0lCQURBTkJna3Foa2lHOXcwQkFRRUZBQVNDQktrd2dnU2xBZ0VBQW9JQkFRQzhZRUhEbkxuWTJCT0Jcbk9La1ZxSTdwQVJ3VmZwTXhqd2Q5cE8rRm83NXM5d3FQWGxYOE9RbHd2RjdMUGg3aGhEbVBUZElaZXNrcWJialhcbnl5S3B0TUYwd0lYd3pUL0ljTHFuUFo1TnZzZ3JOQVZQUFVlc2s5d3JvOFdFQ1RSUlVZeVhHelRjU09wNG1EWndcbklxekRYRVNTVkZyUDBCbU1JM09uazRYTDkvUlI0MzVxc3pDUUJ6SlRRd2VyQ3lyVlpJR0xUQUhWd1dRZy9lbDlcbi9PeUJvUy93a1YwL1RDYzU1SlI2R2g4Wko4MUIyRTFJbmplcG1rVUFOZFNMNzlQTm03OGxPR0laZmtHYlp4eVNcbkFrNWhhNjVBWENtbEdsSTl0ckp2NGFZSWl4MFpzaUZudW5oZldpanR4bE9BWlZoTUFjdmcyUXRhRGIyQ1RWRXNcbmVqeGhXVG1GQWdNQkFBRUNnZ0VBRWxONyttT01LZ1lsYWFBaFJQZmp4VlBFRDJ4RHRpSFB6UCtuaExVUUlNb3NcbjF4TktvckhLMHhLa1Z6bjVKNS9sT0tXTnY4aFQrMEoyNWRsL2l3cUllb3NEVE5DdStKbE04MW01aFo4K21vTmlcblU5bm1sK20vbE9oSEhpZ0dGTFl1Q3dKTTAzUnRpU05ud21PQk1yVk9mM3pnNDlBL09BUzM2dkRkWnFFOS9keE1cbmp5aUdqS0RZMU1ETzZoa3V5L0RreTR0eExqL0lvdm5FdjZzUnUwOU9ydHhWVGd3UFZEWmtrZUJ2bkF0NHVBQjRcbkpSTWg3d0FhamQ3U2R5K28yeGt0amNON0tvTUxQUnYxK21QbE9vdHlXM3NkdkhQZFdQM0RxV3A0S1lETVltUzNcbk9FbGVOaHFQdFFnQ1dxQy9aLzFyK2RtaVoxVUFUcGlLNHdyY0RjK0xVUUtCZ1FEN3JjelVzU0p6UFdCQjBZb29cbmtmdy9GcXJBcU91NldENlR3ZVZGcXNYMDZxb1IzdVhUN2VtSzBmbytBMnc1Tis3dW9PV3hVdWJvQloyRVpjSWJcbmZEM1V3OUw1OHc0NkUrcVpOWTFFYlhONjJpRm9LVFZEZDViTjNqa0Z2OStWRW9VMHFoVGJkYXBpSGVGbDl5KzhcbnNyb2FzNVdOY2t3SWY4NSt1eFhudkc1ZDhRS0JnUUMvbkRqK1lWb2MzZWg4NEhuNTlQWmc3dnZvdU9xMUlIUVpcbjBmdU1tczZweVRrUlVrV0dxNm9QUWRZelczNXFmZ3RLMjc4d2p1NmxTS3ovZmtIZjZ1V3hwZGdWakNVRDRSa1NcbnBtbVhPdy9ZSXV6eE9OdFJuT240OEY5UXNZSkUveEllWVBqbUNvS1ZPd0x2cUpXUFhPWHNTamdNWGM3S2hIR2NcbjJMR0hnQVlRMVFLQmdRQ0tUWkhYOTVkRTJKK0N5OUV1UmpybHVHRVJDa0t2M2pwVkhDSVB6SzZIemtTekdWZ1dcbnhCQ29sb2I3ZVFvSnozRGZkVStEeUZqWGUrNTVpU25Iek5oMWlUN3cxOTRqa0RwRkF5YWtTYmxCODRpVUlzRUFcbldFRm8xQXRsMjNEVURKOWl0MnhLeFRoaVBxVlVVU2ZNZkRMRTVaYnphYkhhb2RFcDEwbE1WVUlaSVFLQmdRQ2lcbjNnMXIzQ0FXaldFQ1ZHUVozT2hYZUl2VFF1cnR6b29oTUdWYkhITXh5b0toZ0lic2M1bjNvZ1NLWHVqVGFCUDlcbksxQVYzRWhwWVo3N0JMekZzZ3BQdUNJMkhvdVFBcE9uVUtCTUZiM2YvNy9iUW5MWnFrRU9nbkxpU2gvcXVjMFNcbjJXWjNVdE93T1JyRHowNWhMNXVYLzNZb3ZNdjdSQnkyTDFLblZHRFRpUUtCZ1FENUx0OEltanorcnFzK1A4MXJcbnB0WXBsQWg4aE1jSHd6ZzM2SWR5VnZPWlJXSDJGZG1iTzVpbjdUbUh2Mjltd2g2RjVjT2laMkNHaFhLVWFJTUhcbkEvM0N5WE94ZGtHTjV3NDBrV1YwRjlzUDNsaWtKdWd2MUpPQmFOcVZxRnkvQlcxcHZlMWdUanJ5Y09ld2hBaG9cbk84Qk1MZFIwNytVZHlCU1c3a1lScG1IWkJnPT1cbi0tLS0tRU5EIFBSSVZBVEUgS0VZLS0tLS1cbiIsCiAgImNsaWVudF9lbWFpbCI6ICJzY3YtcHJpdmF0ZS12bUBoYWxvZ2VuLWRhdGEtNDAxMDIwLmlhbS5nc2VydmljZWFjY291bnQuY29tIiwKICAiY2xpZW50X2lkIjogIjExMDU1OTA4MjQxNTgzNjUyNTkwMSIsCiAgImF1dGhfdXJpIjogImh0dHBzOi8vYWNjb3VudHMuZ29vZ2xlLmNvbS9vL29hdXRoMi9hdXRoIiwKICAidG9rZW5fdXJpIjogImh0dHBzOi8vb2F1dGgyLmdvb2dsZWFwaXMuY29tL3Rva2VuIiwKICAiYXV0aF9wcm92aWRlcl94NTA5X2NlcnRfdXJsIjogImh0dHBzOi8vd3d3Lmdvb2dsZWFwaXMuY29tL29hdXRoMi92MS9jZXJ0cyIsCiAgImNsaWVudF94NTA5X2NlcnRfdXJsIjogImh0dHBzOi8vd3d3Lmdvb2dsZWFwaXMuY29tL3JvYm90L3YxL21ldGFkYXRhL3g1MDkvc2N2LXByaXZhdGUtdm0lNDBoYWxvZ2VuLWRhdGEtNDAxMDIwLmlhbS5nc2VydmljZWFjY291bnQuY29tIiwKICAidW5pdmVyc2VfZG9tYWluIjogImdvb2dsZWFwaXMuY29tIgp9Cg==",
            "private_key_type": "TYPE_GOOGLE_CREDENTIALS_FILE",
            "public_key": "LS0tLS1CRUdJTiBDRVJUSUZJQ0FURS0tLS0tCk1JSUMvRENDQWVTZ0F3SUJBZ0lJWEJ6Qm1QVXFYUVV3RFFZSktvWklodmNOQVFFRkJRQXdJREVlTUJ3R0ExVUUKQXhNVk1URXdOVFU1TURneU5ERTFPRE0yTlRJMU9UQXhNQ0FYRFRJek1UQXlNekF6TXpVMU1sb1lEems1T1RreApNak14TWpNMU9UVTVXakFnTVI0d0hBWURWUVFERXhVeE1UQTFOVGt3T0RJME1UVTRNelkxTWpVNU1ERXdnZ0VpCk1BMEdDU3FHU0liM0RRRUJBUVVBQTRJQkR3QXdnZ0VLQW9JQkFRQzhZRUhEbkxuWTJCT0JPS2tWcUk3cEFSd1YKZnBNeGp3ZDlwTytGbzc1czl3cVBYbFg4T1Fsd3ZGN0xQaDdoaERtUFRkSVplc2txYmJqWHl5S3B0TUYwd0lYdwp6VC9JY0xxblBaNU52c2dyTkFWUFBVZXNrOXdybzhXRUNUUlJVWXlYR3pUY1NPcDRtRFp3SXF6RFhFU1NWRnJQCjBCbU1JM09uazRYTDkvUlI0MzVxc3pDUUJ6SlRRd2VyQ3lyVlpJR0xUQUhWd1dRZy9lbDkvT3lCb1Mvd2tWMC8KVENjNTVKUjZHaDhaSjgxQjJFMUluamVwbWtVQU5kU0w3OVBObTc4bE9HSVpma0diWnh5U0FrNWhhNjVBWENtbApHbEk5dHJKdjRhWUlpeDBac2lGbnVuaGZXaWp0eGxPQVpWaE1BY3ZnMlF0YURiMkNUVkVzZWp4aFdUbUZBZ01CCkFBR2pPREEyTUF3R0ExVWRFd0VCL3dRQ01BQXdEZ1lEVlIwUEFRSC9CQVFEQWdlQU1CWUdBMVVkSlFFQi93UU0KTUFvR0NDc0dBUVVGQndNQ01BMEdDU3FHU0liM0RRRUJCUVVBQTRJQkFRQUwzNjNQSWdvZmZlZHlNOW1QUWk1ZQo1ZzA3SDNibURkM0U3MDFGQXRlVzQ3VlRybEIwYXJFSmFjdVgwZXpKZEJTZXZvWXBVb1g1cSsrK25MWnQ4Vk1sCllYZnBaOFZKUDRGWWVyVlRpWTYvdXVmUlFUSGNoMjFEL28xVzAvS1c1dmtsQW55c2dxVEd2RThYdTB3alUwWFkKek4xMTRnMmE2c01BNzJxZ0dVeVJFbXhta0NTRzZDNWhzMkJsSnBIZDFDbk5lRThyLzRGWnRTYVdOSnJKcU9tMQppcVNTNWNsbDN0S2pEcUxkcmIzZHlFd3NxQ3AyTGZXbEZoMWJ1Rm1jOFJkRXhuNkpTdTdEZFJvOTM1bklmbVJDCis1L1BoT1pMSjZCWGhWa0NYVkxhRjJMcVJ2djd0TWRuK0RJYjF3WVU3VDJwakFNanVCYlJkWkRtUlpHNjBER0cKLS0tLS1FTkQgQ0VSVElGSUNBVEUtLS0tLQo=",
            "public_key_data": null,
            "public_key_type": "TYPE_X509_PEM_FILE",
            "service_account_id": "scv-private-vm",
            "valid_after": "2023-10-23T03:35:52Z",
            "valid_before": "9999-12-31T23:59:59Z"
          },
          "sensitive_attributes": [],
          "private": "bnVsbA==",
          "dependencies": [
            "module.iam.google_service_account.sa"
          ]
        }
      ]
    },
    {
      "module": "module.network",
      "mode": "managed",
      "type": "google_compute_firewall",
      "name": "allow-iap",
      "provider": "provider[\"registry.terraform.io/hashicorp/google\"]",
      "instances": [
        {
          "schema_version": 1,
          "attributes": {
            "allow": [
              {
                "ports": [
                  "22"
                ],
                "protocol": "tcp"
              }
            ],
            "creation_timestamp": "2023-10-22T20:36:03.632-07:00",
            "deny": [],
            "description": "",
            "destination_ranges": [],
            "direction": "INGRESS",
            "disabled": false,
            "enable_logging": null,
            "id": "projects/halogen-data-401020/global/firewalls/allow-iap",
            "log_config": [],
            "name": "allow-iap",
            "network": "https://www.googleapis.com/compute/v1/projects/halogen-data-401020/global/networks/project-vpc",
            "priority": 1000,
            "project": "halogen-data-401020",
            "self_link": "https://www.googleapis.com/compute/v1/projects/halogen-data-401020/global/firewalls/allow-iap",
            "source_ranges": [
              "35.235.240.0/20"
            ],
            "source_service_accounts": [],
            "source_tags": [],
            "target_service_accounts": [],
            "target_tags": [
              "private-subnet"
            ],
            "timeouts": null
          },
          "sensitive_attributes": [],
          "private": "eyJlMmJmYjczMC1lY2FhLTExZTYtOGY4OC0zNDM2M2JjN2M0YzAiOnsiY3JlYXRlIjoxMjAwMDAwMDAwMDAwLCJkZWxldGUiOjEyMDAwMDAwMDAwMDAsInVwZGF0ZSI6MTIwMDAwMDAwMDAwMH0sInNjaGVtYV92ZXJzaW9uIjoiMSJ9",
          "dependencies": [
            "module.network.google_compute_network.vpc"
          ]
        }
      ]
    },
    {
      "module": "module.network",
      "mode": "managed",
      "type": "google_compute_firewall",
      "name": "deny-all-ingress",
      "provider": "provider[\"registry.terraform.io/hashicorp/google\"]",
      "instances": [
        {
          "schema_version": 1,
          "attributes": {
            "allow": [],
            "creation_timestamp": "2023-10-22T20:36:03.673-07:00",
            "deny": [
              {
                "ports": [],
                "protocol": "all"
              }
            ],
            "description": "",
            "destination_ranges": [],
            "direction": "INGRESS",
            "disabled": false,
            "enable_logging": null,
            "id": "projects/halogen-data-401020/global/firewalls/deny-all-ingress",
            "log_config": [],
            "name": "deny-all-ingress",
            "network": "https://www.googleapis.com/compute/v1/projects/halogen-data-401020/global/networks/project-vpc",
            "priority": 1002,
            "project": "halogen-data-401020",
            "self_link": "https://www.googleapis.com/compute/v1/projects/halogen-data-401020/global/firewalls/deny-all-ingress",
            "source_ranges": [
              "0.0.0.0/0"
            ],
            "source_service_accounts": [],
            "source_tags": [],
            "target_service_accounts": [],
            "target_tags": [
              "private-subnet"
            ],
            "timeouts": null
          },
          "sensitive_attributes": [],
          "private": "eyJlMmJmYjczMC1lY2FhLTExZTYtOGY4OC0zNDM2M2JjN2M0YzAiOnsiY3JlYXRlIjoxMjAwMDAwMDAwMDAwLCJkZWxldGUiOjEyMDAwMDAwMDAwMDAsInVwZGF0ZSI6MTIwMDAwMDAwMDAwMH0sInNjaGVtYV92ZXJzaW9uIjoiMSJ9",
          "dependencies": [
            "module.network.google_compute_network.vpc"
          ]
        }
      ]
    },
    {
      "module": "module.network",
      "mode": "managed",
      "type": "google_compute_network",
      "name": "vpc",
      "provider": "provider[\"registry.terraform.io/hashicorp/google\"]",
      "instances": [
        {
          "schema_version": 0,
          "attributes": {
            "auto_create_subnetworks": false,
            "delete_default_routes_on_create": false,
            "description": "",
            "enable_ula_internal_ipv6": false,
            "gateway_ipv4": "",
            "id": "projects/halogen-data-401020/global/networks/project-vpc",
            "internal_ipv6_range": "",
            "mtu": 0,
            "name": "project-vpc",
            "network_firewall_policy_enforcement_order": "AFTER_CLASSIC_FIREWALL",
            "project": "halogen-data-401020",
            "routing_mode": "REGIONAL",
            "self_link": "https://www.googleapis.com/compute/v1/projects/halogen-data-401020/global/networks/project-vpc",
            "timeouts": null
          },
          "sensitive_attributes": [],
          "private": "eyJlMmJmYjczMC1lY2FhLTExZTYtOGY4OC0zNDM2M2JjN2M0YzAiOnsiY3JlYXRlIjoxMjAwMDAwMDAwMDAwLCJkZWxldGUiOjEyMDAwMDAwMDAwMDAsInVwZGF0ZSI6MTIwMDAwMDAwMDAwMH19"
        }
      ]
    },
    {
      "module": "module.network",
      "mode": "managed",
      "type": "google_compute_router",
      "name": "nat-router",
      "provider": "provider[\"registry.terraform.io/hashicorp/google\"]",
      "instances": [
        {
          "schema_version": 0,
          "attributes": {
            "bgp": [],
            "creation_timestamp": "2023-10-22T20:36:18.322-07:00",
            "description": "",
            "encrypted_interconnect_router": false,
            "id": "projects/halogen-data-401020/regions/us-east1/routers/project-private-router",
            "name": "project-private-router",
            "network": "https://www.googleapis.com/compute/v1/projects/halogen-data-401020/global/networks/project-vpc",
            "project": "halogen-data-401020",
            "region": "us-east1",
            "self_link": "https://www.googleapis.com/compute/v1/projects/halogen-data-401020/regions/us-east1/routers/project-private-router",
            "timeouts": null
          },
          "sensitive_attributes": [],
          "private": "eyJlMmJmYjczMC1lY2FhLTExZTYtOGY4OC0zNDM2M2JjN2M0YzAiOnsiY3JlYXRlIjoxMjAwMDAwMDAwMDAwLCJkZWxldGUiOjEyMDAwMDAwMDAwMDAsInVwZGF0ZSI6MTIwMDAwMDAwMDAwMH19",
          "dependencies": [
            "module.network.google_compute_network.vpc",
            "module.network.google_compute_subnetwork.private"
          ]
        }
      ]
    },
    {
      "module": "module.network",
      "mode": "managed",
      "type": "google_compute_router_nat",
      "name": "nat",
      "provider": "provider[\"registry.terraform.io/hashicorp/google\"]",
      "instances": [
        {
          "schema_version": 0,
          "attributes": {
            "drain_nat_ips": [],
            "enable_dynamic_port_allocation": false,
            "enable_endpoint_independent_mapping": false,
            "icmp_idle_timeout_sec": 30,
            "id": "halogen-data-401020/us-east1/project-private-router/project-private-router-nat",
            "log_config": [],
            "max_ports_per_vm": 0,
            "min_ports_per_vm": 0,
            "name": "project-private-router-nat",
            "nat_ip_allocate_option": "AUTO_ONLY",
            "nat_ips": [],
            "project": "halogen-data-401020",
            "region": "us-east1",
            "router": "project-private-router",
            "rules": [],
            "source_subnetwork_ip_ranges_to_nat": "LIST_OF_SUBNETWORKS",
            "subnetwork": [
              {
                "name": "https://www.googleapis.com/compute/v1/projects/halogen-data-401020/regions/us-east1/subnetworks/project-private-subnetwork",
                "secondary_ip_range_names": [],
                "source_ip_ranges_to_nat": [
                  "ALL_IP_RANGES"
                ]
              }
            ],
            "tcp_established_idle_timeout_sec": 1200,
            "tcp_time_wait_timeout_sec": 120,
            "tcp_transitory_idle_timeout_sec": 30,
            "timeouts": null,
            "udp_idle_timeout_sec": 30
          },
          "sensitive_attributes": [],
          "private": "eyJlMmJmYjczMC1lY2FhLTExZTYtOGY4OC0zNDM2M2JjN2M0YzAiOnsiY3JlYXRlIjoxMjAwMDAwMDAwMDAwLCJkZWxldGUiOjEyMDAwMDAwMDAwMDAsInVwZGF0ZSI6MTIwMDAwMDAwMDAwMH19",
          "dependencies": [
            "module.network.google_compute_network.vpc",
            "module.network.google_compute_router.nat-router",
            "module.network.google_compute_subnetwork.private"
          ]
        }
      ]
    },
    {
      "module": "module.network",
      "mode": "managed",
      "type": "google_compute_subnetwork",
      "name": "gke_subnet",
      "provider": "provider[\"registry.terraform.io/hashicorp/google\"]",
      "instances": [
        {
          "schema_version": 0,
          "attributes": {
            "creation_timestamp": "2023-10-22T20:36:04.366-07:00",
            "description": "",
            "external_ipv6_prefix": "",
            "fingerprint": null,
            "gateway_address": "10.10.10.1",
            "id": "projects/halogen-data-401020/regions/us-central1/subnetworks/project-gke-subnetwork",
            "internal_ipv6_prefix": "",
            "ip_cidr_range": "10.10.10.0/24",
            "ipv6_access_type": "",
            "ipv6_cidr_range": "",
            "log_config": [],
            "name": "project-gke-subnetwork",
            "network": "https://www.googleapis.com/compute/v1/projects/halogen-data-401020/global/networks/project-vpc",
            "private_ip_google_access": true,
            "private_ipv6_google_access": "DISABLE_GOOGLE_ACCESS",
            "project": "halogen-data-401020",
            "purpose": "PRIVATE",
            "region": "us-central1",
            "role": "",
            "secondary_ip_range": [
              {
                "ip_cidr_range": "10.76.0.0/14",
                "range_name": "gke-gke-cluster-pods-dd1be68f"
              },
              {
                "ip_cidr_range": "10.80.0.0/20",
                "range_name": "gke-gke-cluster-services-dd1be68f"
              }
            ],
            "self_link": "https://www.googleapis.com/compute/v1/projects/halogen-data-401020/regions/us-central1/subnetworks/project-gke-subnetwork",
            "stack_type": "IPV4_ONLY",
            "timeouts": null
          },
          "sensitive_attributes": [],
          "private": "eyJlMmJmYjczMC1lY2FhLTExZTYtOGY4OC0zNDM2M2JjN2M0YzAiOnsiY3JlYXRlIjoxMjAwMDAwMDAwMDAwLCJkZWxldGUiOjEyMDAwMDAwMDAwMDAsInVwZGF0ZSI6MTIwMDAwMDAwMDAwMH19",
          "dependencies": [
            "module.network.google_compute_network.vpc"
          ]
        }
      ]
    },
    {
      "module": "module.network",
      "mode": "managed",
      "type": "google_compute_subnetwork",
      "name": "private",
      "provider": "provider[\"registry.terraform.io/hashicorp/google\"]",
      "instances": [
        {
          "schema_version": 0,
          "attributes": {
            "creation_timestamp": "2023-10-22T20:36:04.987-07:00",
            "description": "",
            "external_ipv6_prefix": "",
            "fingerprint": null,
            "gateway_address": "10.10.20.1",
            "id": "projects/halogen-data-401020/regions/us-east1/subnetworks/project-private-subnetwork",
            "internal_ipv6_prefix": "",
            "ip_cidr_range": "10.10.20.0/24",
            "ipv6_access_type": "",
            "ipv6_cidr_range": "",
            "log_config": [],
            "name": "project-private-subnetwork",
            "network": "https://www.googleapis.com/compute/v1/projects/halogen-data-401020/global/networks/project-vpc",
            "private_ip_google_access": true,
            "private_ipv6_google_access": "DISABLE_GOOGLE_ACCESS",
            "project": "halogen-data-401020",
            "purpose": "PRIVATE",
            "region": "us-east1",
            "role": "",
            "secondary_ip_range": [],
            "self_link": "https://www.googleapis.com/compute/v1/projects/halogen-data-401020/regions/us-east1/subnetworks/project-private-subnetwork",
            "stack_type": "IPV4_ONLY",
            "timeouts": null
          },
          "sensitive_attributes": [],
          "private": "eyJlMmJmYjczMC1lY2FhLTExZTYtOGY4OC0zNDM2M2JjN2M0YzAiOnsiY3JlYXRlIjoxMjAwMDAwMDAwMDAwLCJkZWxldGUiOjEyMDAwMDAwMDAwMDAsInVwZGF0ZSI6MTIwMDAwMDAwMDAwMH19",
          "dependencies": [
            "module.network.google_compute_network.vpc"
          ]
        }
      ]
    },
    {
      "module": "module.storage",
      "mode": "managed",
      "type": "google_artifact_registry_repository",
      "name": "my-repo",
      "provider": "provider[\"registry.terraform.io/hashicorp/google\"]",
      "instances": [
        {
          "schema_version": 0,
          "attributes": {
            "create_time": "2023-10-23T03:35:59.917166Z",
            "description": "repo for the private vm",
            "docker_config": [],
            "effective_labels": {},
            "format": "DOCKER",
            "id": "projects/halogen-data-401020/locations/us-east1/repositories/private-vm-repo",
            "kms_key_name": "",
            "labels": {},
            "location": "us-east1",
            "maven_config": [],
            "mode": "STANDARD_REPOSITORY",
            "name": "private-vm-repo",
            "project": "halogen-data-401020",
            "remote_repository_config": [],
            "repository_id": "private-vm-repo",
            "terraform_labels": {},
            "timeouts": null,
            "update_time": "2023-10-23T03:56:06.258160Z",
            "virtual_repository_config": []
          },
          "sensitive_attributes": [],
          "private": "eyJlMmJmYjczMC1lY2FhLTExZTYtOGY4OC0zNDM2M2JjN2M0YzAiOnsiY3JlYXRlIjoxMjAwMDAwMDAwMDAwLCJkZWxldGUiOjEyMDAwMDAwMDAwMDAsInVwZGF0ZSI6MTIwMDAwMDAwMDAwMH19"
        }
      ]
    }
  ],
  "check_results": null
}
