{
  "version": 4,
  "terraform_version": "1.6.0",
  "serial": 804,
  "lineage": "ea889b19-cfe1-bfd2-8207-6b958cd27a03",
  "outputs": {},
  "resources": [
    {
      "module": "module.compute",
      "mode": "data",
      "type": "template_file",
      "name": "startup_script",
      "provider": "provider[\"registry.terraform.io/hashicorp/template\"]",
      "instances": [
        {
          "schema_version": 0,
          "attributes": {
            "filename": null,
            "id": "66c39a9db29171fdbd6b0a3c25fa16cbb08abd62dc78c90a6f08eba3512bf9a1",
            "rendered": "#!/bin/bash\n\n################## setting up Docker ####################\n# Add Docker's official GPG key:\ncd / \necho \"Installing Docker ...\" \u003e\u003e tracker.txt\nsudo apt-get update\nsudo apt-get install ca-certificates curl gnupg -y\nsudo install -m 0755 -d /etc/apt/keyrings\ncurl -fsSL https://download.docker.com/linux/debian/gpg | sudo gpg --dearmor -o /etc/apt/keyrings/docker.gpg\nsudo chmod a+r /etc/apt/keyrings/docker.gpg\n# Add the repository to Apt sources:\necho \\\n  \"deb [arch=\"$(dpkg --print-architecture)\" signed-by=/etc/apt/keyrings/docker.gpg] https://download.docker.com/linux/debian \\\n  \"$(. /etc/os-release \u0026\u0026 echo \"$VERSION_CODENAME\")\" stable\" | \\\n  sudo tee /etc/apt/sources.list.d/docker.list \u003e /dev/null\nsudo apt-get update\nsudo apt-get install docker-ce docker-ce-cli containerd.io docker-buildx-plugin docker-compose-plugin -y\n\n\n\n################# Authinticating Docker ##################\ncd /tmp\nsudo wget --header=\"Metadata-Flavor: Google\" -O key.json http://metadata.google.internal/computeMetadata/v1/instance/attributes/sa_key\ncat key.json | base64 -d \u003e key1.json\ngcloud auth activate-service-account --key-file=key1.json\nyes | gcloud auth configure-docker us-east1-docker.pkg.dev \ncat key.json | sudo docker login -u _json_key_base64 --password-stdin https://us-east1-docker.pkg.dev\ncd /\n\n\n################ App Image ###################\necho \"Pulling app image ...\" \u003e\u003e tracker.txt\nsudo docker pull moelshafei/nodeapp:latest\necho \"Image Pulled ...\" \u003e\u003e tracker.txt\nsudo docker tag moelshafei/nodeapp:latest us-east1-docker.pkg.dev/halogen-data-401020/private-vm-repo/app:latest\nsudo docker push us-east1-docker.pkg.dev/halogen-data-401020/private-vm-repo/app:latest\necho \"Image Pushed\" \u003e\u003e tracker.txt\n\n\n############# MongoDB Image ####################\necho \"Pulling mognodb image ...\" \u003e\u003e tracker.txt\nsudo docker pull bitnami/mongodb:4.4.4\necho \"Pulled mognodb image ...\" \u003e\u003e tracker.txt\nsudo docker tag bitnami/mongodb:4.4.4 us-east1-docker.pkg.dev/halogen-data-401020/private-vm-repo/mongodb:latest\necho \"Pushing mognodb image ...\" \u003e\u003e tracker.txt\nsudo docker push us-east1-docker.pkg.dev/halogen-data-401020/private-vm-repo/mongodb:latest\necho \"Image Pushed ...\" \u003e\u003e tracker.txt\n\n\n\n\n###### For proxy ################\nsudo apt-get install kubectl\necho \"kubectl installed ...\" \u003e\u003e tracker.txt\nsudo apt-get install google-cloud-sdk-gke-gcloud-auth-plugin\necho \"google auth ...\" \u003e\u003e tracker.txt\nexport KUBECONFIG=$HOME/.kube/config\ngcloud container clusters get-credentials gke-cluster --zone us-central1 --project halogen-data-401020 --internal-ip\ngcloud container clusters update gke-cluster --zone us-central1  --enable-master-global-access\nsudo apt install tinyproxy -y\necho \"tiny proxy installed ...\" \u003e\u003e tracker.txt\nsudo sh -c \"echo 'Allow localhost' \u003e\u003e /etc/tinyproxy/tinyproxy.conf\"\nsudo service tinyproxy restart\necho \"service restarted auth ...\" \u003e\u003e tracker.txt\nexit\n\n\n# You can use that if you want to pull kubernetes files and apply them automatically (not secure) \n############ cloning the kubernetes files ############\n# cd /\n# sudo apt-get install git-all\n# git clone https://github.com/muhammad-osama-dev/gcp-nodejs-mongodb-deployment.git\n# cd /gcp-nodejs-mongodb-deployment\n# sudo apt-get install kubectl\n# echo \"kubectl installed ...\" \u003e\u003e tracker.txt\n# sudo apt-get install google-cloud-sdk-gke-gcloud-auth-plugin\n# echo \"google auth ...\" \u003e\u003e tracker.txt\n# export KUBECONFIG=$HOME/.kube/config\n# gcloud container clusters get-credentials gke-cluster --zone=us-central1 \u003e output.txt 2\u003e\u00261\n# echo \"cluster auth ...\" \u003e\u003e tracker.txt\n# kubectl apply -f ./kubernetes/mongodb/\n# echo \"mongodb deployed ...\" \u003e\u003e tracker.txt\n# kubectl apply -f ./kubernetes/app_deployment/\n# echo \"app deployed ...\" \u003e\u003e tracker.txt\nEOF\n\n",
            "template": "#!/bin/bash\n\n################## setting up Docker ####################\n# Add Docker's official GPG key:\ncd / \necho \"Installing Docker ...\" \u003e\u003e tracker.txt\nsudo apt-get update\nsudo apt-get install ca-certificates curl gnupg -y\nsudo install -m 0755 -d /etc/apt/keyrings\ncurl -fsSL https://download.docker.com/linux/debian/gpg | sudo gpg --dearmor -o /etc/apt/keyrings/docker.gpg\nsudo chmod a+r /etc/apt/keyrings/docker.gpg\n# Add the repository to Apt sources:\necho \\\n  \"deb [arch=\"$(dpkg --print-architecture)\" signed-by=/etc/apt/keyrings/docker.gpg] https://download.docker.com/linux/debian \\\n  \"$(. /etc/os-release \u0026\u0026 echo \"$VERSION_CODENAME\")\" stable\" | \\\n  sudo tee /etc/apt/sources.list.d/docker.list \u003e /dev/null\nsudo apt-get update\nsudo apt-get install docker-ce docker-ce-cli containerd.io docker-buildx-plugin docker-compose-plugin -y\n\n\n\n################# Authinticating Docker ##################\ncd /tmp\nsudo wget --header=\"Metadata-Flavor: Google\" -O key.json http://metadata.google.internal/computeMetadata/v1/instance/attributes/sa_key\ncat key.json | base64 -d \u003e key1.json\ngcloud auth activate-service-account --key-file=key1.json\nyes | gcloud auth configure-docker us-east1-docker.pkg.dev \ncat key.json | sudo docker login -u _json_key_base64 --password-stdin https://us-east1-docker.pkg.dev\ncd /\n\n\n################ App Image ###################\necho \"Pulling app image ...\" \u003e\u003e tracker.txt\nsudo docker pull moelshafei/nodeapp:latest\necho \"Image Pulled ...\" \u003e\u003e tracker.txt\nsudo docker tag moelshafei/nodeapp:latest us-east1-docker.pkg.dev/${VAR1_project_id}/${VAR2_repo_id}/app:latest\nsudo docker push us-east1-docker.pkg.dev/${VAR1_project_id}/${VAR2_repo_id}/app:latest\necho \"Image Pushed\" \u003e\u003e tracker.txt\n\n\n############# MongoDB Image ####################\necho \"Pulling mognodb image ...\" \u003e\u003e tracker.txt\nsudo docker pull bitnami/mongodb:4.4.4\necho \"Pulled mognodb image ...\" \u003e\u003e tracker.txt\nsudo docker tag bitnami/mongodb:4.4.4 us-east1-docker.pkg.dev/${VAR1_project_id}/${VAR2_repo_id}/mongodb:latest\necho \"Pushing mognodb image ...\" \u003e\u003e tracker.txt\nsudo docker push us-east1-docker.pkg.dev/${VAR1_project_id}/${VAR2_repo_id}/mongodb:latest\necho \"Image Pushed ...\" \u003e\u003e tracker.txt\n\n\n\n\n###### For proxy ################\nsudo apt-get install kubectl\necho \"kubectl installed ...\" \u003e\u003e tracker.txt\nsudo apt-get install google-cloud-sdk-gke-gcloud-auth-plugin\necho \"google auth ...\" \u003e\u003e tracker.txt\nexport KUBECONFIG=$HOME/.kube/config\ngcloud container clusters get-credentials ${VAR4_cluster_name} --zone ${VAR3_cluster_region} --project ${VAR1_project_id} --internal-ip\ngcloud container clusters update ${VAR4_cluster_name} --zone ${VAR3_cluster_region}  --enable-master-global-access\nsudo apt install tinyproxy -y\necho \"tiny proxy installed ...\" \u003e\u003e tracker.txt\nsudo sh -c \"echo 'Allow localhost' \u003e\u003e /etc/tinyproxy/tinyproxy.conf\"\nsudo service tinyproxy restart\necho \"service restarted auth ...\" \u003e\u003e tracker.txt\nexit\n\n\n# You can use that if you want to pull kubernetes files and apply them automatically (not secure) \n############ cloning the kubernetes files ############\n# cd /\n# sudo apt-get install git-all\n# git clone https://github.com/muhammad-osama-dev/gcp-nodejs-mongodb-deployment.git\n# cd /gcp-nodejs-mongodb-deployment\n# sudo apt-get install kubectl\n# echo \"kubectl installed ...\" \u003e\u003e tracker.txt\n# sudo apt-get install google-cloud-sdk-gke-gcloud-auth-plugin\n# echo \"google auth ...\" \u003e\u003e tracker.txt\n# export KUBECONFIG=$HOME/.kube/config\n# gcloud container clusters get-credentials gke-cluster --zone=us-central1 \u003e output.txt 2\u003e\u00261\n# echo \"cluster auth ...\" \u003e\u003e tracker.txt\n# kubectl apply -f ./kubernetes/mongodb/\n# echo \"mongodb deployed ...\" \u003e\u003e tracker.txt\n# kubectl apply -f ./kubernetes/app_deployment/\n# echo \"app deployed ...\" \u003e\u003e tracker.txt\nEOF\n\n",
            "vars": {
              "VAR1_project_id": "halogen-data-401020",
              "VAR2_repo_id": "private-vm-repo",
              "VAR3_cluster_region": "us-central1",
              "VAR4_cluster_name": "gke-cluster"
            }
          },
          "sensitive_attributes": []
        }
      ]
    },
    {
      "module": "module.compute",
      "mode": "managed",
      "type": "google_container_cluster",
      "name": "privatecluster",
      "provider": "provider[\"registry.terraform.io/hashicorp/google\"]",
      "instances": []
    },
    {
      "module": "module.compute",
      "mode": "managed",
      "type": "google_project_iam_member",
      "name": "artifact_registry_reader",
      "provider": "provider[\"registry.terraform.io/hashicorp/google\"]",
      "instances": [
        {
          "schema_version": 0,
          "attributes": {
            "condition": [],
            "etag": "BwYIXg6EU6A=",
            "id": "halogen-data-401020/roles/artifactregistry.reader/serviceAccount:kubernetes@halogen-data-401020.iam.gserviceaccount.com",
            "member": "serviceAccount:kubernetes@halogen-data-401020.iam.gserviceaccount.com",
            "project": "halogen-data-401020",
            "role": "roles/artifactregistry.reader"
          },
          "sensitive_attributes": [],
          "private": "bnVsbA==",
          "dependencies": [
            "module.compute.google_service_account.kubernetes"
          ]
        }
      ]
    },
    {
      "module": "module.compute",
      "mode": "managed",
      "type": "google_service_account",
      "name": "kubernetes",
      "provider": "provider[\"registry.terraform.io/hashicorp/google\"]",
      "instances": [
        {
          "schema_version": 0,
          "attributes": {
            "account_id": "kubernetes",
            "description": "",
            "disabled": false,
            "display_name": "",
            "email": "kubernetes@halogen-data-401020.iam.gserviceaccount.com",
            "id": "projects/halogen-data-401020/serviceAccounts/kubernetes@halogen-data-401020.iam.gserviceaccount.com",
            "member": "serviceAccount:kubernetes@halogen-data-401020.iam.gserviceaccount.com",
            "name": "projects/halogen-data-401020/serviceAccounts/kubernetes@halogen-data-401020.iam.gserviceaccount.com",
            "project": "halogen-data-401020",
            "timeouts": null,
            "unique_id": "103289716470387193518"
          },
          "sensitive_attributes": [],
          "private": "eyJlMmJmYjczMC1lY2FhLTExZTYtOGY4OC0zNDM2M2JjN2M0YzAiOnsiY3JlYXRlIjozMDAwMDAwMDAwMDB9fQ=="
        }
      ]
    },
    {
      "module": "module.iam",
      "mode": "managed",
      "type": "google_project_iam_member",
      "name": "k8s_admin",
      "provider": "provider[\"registry.terraform.io/hashicorp/google\"]",
      "instances": [
        {
          "schema_version": 0,
          "attributes": {
            "condition": [],
            "etag": "BwYIXg6EU6A=",
            "id": "halogen-data-401020/roles/container.admin/serviceAccount:scv-private-vm@halogen-data-401020.iam.gserviceaccount.com",
            "member": "serviceAccount:scv-private-vm@halogen-data-401020.iam.gserviceaccount.com",
            "project": "halogen-data-401020",
            "role": "roles/container.admin"
          },
          "sensitive_attributes": [],
          "private": "bnVsbA==",
          "dependencies": [
            "module.iam.google_service_account.sa"
          ]
        }
      ]
    },
    {
      "module": "module.iam",
      "mode": "managed",
      "type": "google_project_iam_member",
      "name": "sa_reader",
      "provider": "provider[\"registry.terraform.io/hashicorp/google\"]",
      "instances": [
        {
          "schema_version": 0,
          "attributes": {
            "condition": [],
            "etag": "BwYIXg6EU6A=",
            "id": "halogen-data-401020/roles/artifactregistry.reader/serviceAccount:scv-private-vm@halogen-data-401020.iam.gserviceaccount.com",
            "member": "serviceAccount:scv-private-vm@halogen-data-401020.iam.gserviceaccount.com",
            "project": "halogen-data-401020",
            "role": "roles/artifactregistry.reader"
          },
          "sensitive_attributes": [],
          "private": "bnVsbA==",
          "dependencies": [
            "module.iam.google_service_account.sa"
          ]
        }
      ]
    },
    {
      "module": "module.iam",
      "mode": "managed",
      "type": "google_project_iam_member",
      "name": "service_account_roles",
      "provider": "provider[\"registry.terraform.io/hashicorp/google\"]",
      "instances": [
        {
          "schema_version": 0,
          "attributes": {
            "condition": [],
            "etag": "BwYIXg6EU6A=",
            "id": "halogen-data-401020/roles/artifactregistry.writer/serviceAccount:scv-private-vm@halogen-data-401020.iam.gserviceaccount.com",
            "member": "serviceAccount:scv-private-vm@halogen-data-401020.iam.gserviceaccount.com",
            "project": "halogen-data-401020",
            "role": "roles/artifactregistry.writer"
          },
          "sensitive_attributes": [],
          "private": "bnVsbA==",
          "dependencies": [
            "module.iam.google_service_account.sa"
          ]
        }
      ]
    },
    {
      "module": "module.iam",
      "mode": "managed",
      "type": "google_service_account",
      "name": "sa",
      "provider": "provider[\"registry.terraform.io/hashicorp/google\"]",
      "instances": [
        {
          "schema_version": 0,
          "attributes": {
            "account_id": "scv-private-vm",
            "description": "",
            "disabled": false,
            "display_name": "scv-private-vm",
            "email": "scv-private-vm@halogen-data-401020.iam.gserviceaccount.com",
            "id": "projects/halogen-data-401020/serviceAccounts/scv-private-vm@halogen-data-401020.iam.gserviceaccount.com",
            "member": "serviceAccount:scv-private-vm@halogen-data-401020.iam.gserviceaccount.com",
            "name": "projects/halogen-data-401020/serviceAccounts/scv-private-vm@halogen-data-401020.iam.gserviceaccount.com",
            "project": "halogen-data-401020",
            "timeouts": null,
            "unique_id": "113714664307970675575"
          },
          "sensitive_attributes": [],
          "private": "eyJlMmJmYjczMC1lY2FhLTExZTYtOGY4OC0zNDM2M2JjN2M0YzAiOnsiY3JlYXRlIjozMDAwMDAwMDAwMDB9fQ=="
        }
      ]
    },
    {
      "module": "module.iam",
      "mode": "managed",
      "type": "google_service_account_key",
      "name": "sa_key",
      "provider": "provider[\"registry.terraform.io/hashicorp/google\"]",
      "instances": [
        {
          "schema_version": 0,
          "attributes": {
            "id": "projects/halogen-data-401020/serviceAccounts/scv-private-vm@halogen-data-401020.iam.gserviceaccount.com/keys/1ec9df38e6d152bfe2fce994fb126d0022ee6a4b",
            "keepers": null,
            "key_algorithm": "KEY_ALG_RSA_2048",
            "name": "projects/halogen-data-401020/serviceAccounts/scv-private-vm@halogen-data-401020.iam.gserviceaccount.com/keys/1ec9df38e6d152bfe2fce994fb126d0022ee6a4b",
            "private_key": "ewogICJ0eXBlIjogInNlcnZpY2VfYWNjb3VudCIsCiAgInByb2plY3RfaWQiOiAiaGFsb2dlbi1kYXRhLTQwMTAyMCIsCiAgInByaXZhdGVfa2V5X2lkIjogIjFlYzlkZjM4ZTZkMTUyYmZlMmZjZTk5NGZiMTI2ZDAwMjJlZTZhNGIiLAogICJwcml2YXRlX2tleSI6ICItLS0tLUJFR0lOIFBSSVZBVEUgS0VZLS0tLS1cbk1JSUV2QUlCQURBTkJna3Foa2lHOXcwQkFRRUZBQVNDQktZd2dnU2lBZ0VBQW9JQkFRRENxc0diMUI0S3dRaDNcbnJXRE5MMnBWcjl6QkNCUVhRaExQZmF5V3JQanJGZlZOTWw5MVFJWjEvWm5HNlpWQktjUVVzWm0wVzFHcjVRT2RcbncwZGV3ajVmWUdYM1VJTEM5VE1MNXp2Qzg4MzRQclJ0SEZteWV2RUNVcGhOc2U0VTdvZDY0WWN4Ykc0UWxYREVcbjhNWE5UcFY1NlF0bVJIWUpUOHJkV1RSelNPMnJtVE1jTS9xUzFYRTc3d0FPK1hKYzNRWHRPeTh6Mjd5RUhlNjVcbnRZWTFSQi9XWE5XMXh3bWhRTHJ6Q1VNY1lxMDJHQkdlYXJBcWRNeVRPYU1zRkJKTWk1emp5dkl4ckQwRGNhRThcblptZlNQWnpicmgxMisxN0JiREs5Y1FxUXRDZS9MZ3V2dUwzcm91cHVoclltUE1kKzRsWlVuV0pYamtNcFFZbjNcbi91clByWUpWQWdNQkFBRUNnZ0VBTjczSmZxTjRqci9EZXZGc2ZKU05NRWdSUUR6ZDgrTDVtK3h5bFJxbWxEcFBcbmFYRjVJQXYvOUoxUGdVTzFkMWxNU2xpb21KcGxnb0VyVGV0eTdsRlVwdDdsazdHOEg3TXlrTC8vdnMwdE4xNU5cbkw4a2tiaFVDR2hZb2dtYm1zNXV4czZBTXBEeFdMKzE2d3dubXVlazhxQkh4TDdGKzB4L0VDU25YK1FMeSsyVjhcbi9ydkJUenkxNnhGNTNEbWQ3TjNrWnJQQ0tLWXcrV21pZW9PVjcvTXN0VENZQjVaMnlMcGxOR3ljZnJQb2t3eWJcbkIxQXRGTkI2M2NQUkZlYjBPa3VzY0NPSXZwOXBJU3BDWVE3c1NUeHVxMzA0U0I2a0hoUnZoTWIwUmNzV0tLZ2tcbjhrZVZVL2o1b1EyZ1REUzU5NGdaVS9JdTVHcC9pclhFZk5scjlaUGNLUUtCZ1FEaXBTYnFOV01XZURPM09yRVlcbjFTQ3J5LzIzUXQvYllacUhXNDBhc093djhPTEJHREVZQUJMSlBvWDJVK2FzUTFkVkFmZFhmNitweU52dWNGTTBcbldFbFZtY3puZzR2NXUwSGUvYXFNbnJNakNnUjVTRDZQam1iYy9Meno1OTVRNkVZc2ZVTnBJaWgwNWsyTUdvZEFcbkZnTGozNXBtSDJ6eUh0U3k3U1VHSWtqNDh3S0JnUURiNFU5QXVaVVpDcnN3b2dpa0ZzL3psejBUSnFWQ2c3NHpcbmNndnVFd1U3Y0duVWpUeDZBTU90SVh3NGsxU3l2YktvVUR0TkIrVHM1d2dVUWFIbUNrNGpBVE5lWWlxK05vcmtcbk9PQ2RyTlZDeWh0T21vV0hyZ0c5TWQ1V0RrK2JDYTBONW9WOUFrQTk1cUpMeFRIaVhuTWV6andvNXJtTzlTQlNcbk1QQ2k5eDFwbHdLQmdCUlRCUk5acUVJYWsyQ3FCYm1aV3kyc3hGckx4M0ZQNW1DZkNCOU5vRkNJUkgxV1l3aW9cbjhRWlU4Z1J0NzdDZzlWTHRNellJZ0VNMGZPeDc3Q28waEpjRmpNZHlGM3BVbllxV3F0V2pZYU1Sd2VieVlKSFZcbkRrcGc2N3pmblNNYVFUaTZIdkp0bXIwbzdlbFRjNjkraWRIUGVuUVArMkFXL2JIeDdERUpvQXViQW9HQU5TZHpcbmhEOFkxeFBzQ3FheEZoSFp0WlpURW1VZVFFVWUzc3JzTFdKMXVsZkRqYm1TN0I5eExsSlErRkJOZ21RdlkxYjVcbjd2WkFsakNIbUhZQlVGNGZZNER2elJwSUlQR0loQUZuODFZTHUvaWx2MHZGaWZZN3YyUGx6c0hvNXA3aE1lSVBcblZSZ05OYW1paEZTb2FZUFJxcG5LbTB5amdQYXJHSk55S01NNlhnTUNnWUEyTUFoUmxZSkpDNldaVGlrRHllZVVcbmVyK3dlMU9EdHN0MDdYK1MyUDl6eWYzbEhGeTNZQVFteHZtYjZudmlUOStLY1hqWnZzR0FTUEVEalkvMGFJeUlcblJ3TU5YaDd3MUptd21uaXlMcFhlb1A1dFN2YkhqTmxlbnBabDVHY1lYSmFycGFjRUVyaFRCMXR6T2t5UUZmTVZcbkVjSHpWd2dFMGFZVXhjaHNzT1RrTkE9PVxuLS0tLS1FTkQgUFJJVkFURSBLRVktLS0tLVxuIiwKICAiY2xpZW50X2VtYWlsIjogInNjdi1wcml2YXRlLXZtQGhhbG9nZW4tZGF0YS00MDEwMjAuaWFtLmdzZXJ2aWNlYWNjb3VudC5jb20iLAogICJjbGllbnRfaWQiOiAiMTEzNzE0NjY0MzA3OTcwNjc1NTc1IiwKICAiYXV0aF91cmkiOiAiaHR0cHM6Ly9hY2NvdW50cy5nb29nbGUuY29tL28vb2F1dGgyL2F1dGgiLAogICJ0b2tlbl91cmkiOiAiaHR0cHM6Ly9vYXV0aDIuZ29vZ2xlYXBpcy5jb20vdG9rZW4iLAogICJhdXRoX3Byb3ZpZGVyX3g1MDlfY2VydF91cmwiOiAiaHR0cHM6Ly93d3cuZ29vZ2xlYXBpcy5jb20vb2F1dGgyL3YxL2NlcnRzIiwKICAiY2xpZW50X3g1MDlfY2VydF91cmwiOiAiaHR0cHM6Ly93d3cuZ29vZ2xlYXBpcy5jb20vcm9ib3QvdjEvbWV0YWRhdGEveDUwOS9zY3YtcHJpdmF0ZS12bSU0MGhhbG9nZW4tZGF0YS00MDEwMjAuaWFtLmdzZXJ2aWNlYWNjb3VudC5jb20iLAogICJ1bml2ZXJzZV9kb21haW4iOiAiZ29vZ2xlYXBpcy5jb20iCn0K",
            "private_key_type": "TYPE_GOOGLE_CREDENTIALS_FILE",
            "public_key": "LS0tLS1CRUdJTiBDRVJUSUZJQ0FURS0tLS0tCk1JSUMvRENDQWVTZ0F3SUJBZ0lJRk4rZWdwN2FQOFF3RFFZSktvWklodmNOQVFFRkJRQXdJREVlTUJ3R0ExVUUKQXhNVk1URXpOekUwTmpZME16QTNPVGN3TmpjMU5UYzFNQ0FYRFRJek1UQXlNekE0TXpFMU9Wb1lEems1T1RreApNak14TWpNMU9UVTVXakFnTVI0d0hBWURWUVFERXhVeE1UTTNNVFEyTmpRek1EYzVOekEyTnpVMU56VXdnZ0VpCk1BMEdDU3FHU0liM0RRRUJBUVVBQTRJQkR3QXdnZ0VLQW9JQkFRRENxc0diMUI0S3dRaDNyV0ROTDJwVnI5ekIKQ0JRWFFoTFBmYXlXclBqckZmVk5NbDkxUUlaMS9abkc2WlZCS2NRVXNabTBXMUdyNVFPZHcwZGV3ajVmWUdYMwpVSUxDOVRNTDV6dkM4ODM0UHJSdEhGbXlldkVDVXBoTnNlNFU3b2Q2NFljeGJHNFFsWERFOE1YTlRwVjU2UXRtClJIWUpUOHJkV1RSelNPMnJtVE1jTS9xUzFYRTc3d0FPK1hKYzNRWHRPeTh6Mjd5RUhlNjV0WVkxUkIvV1hOVzEKeHdtaFFMcnpDVU1jWXEwMkdCR2VhckFxZE15VE9hTXNGQkpNaTV6anl2SXhyRDBEY2FFOFptZlNQWnpicmgxMgorMTdCYkRLOWNRcVF0Q2UvTGd1dnVMM3JvdXB1aHJZbVBNZCs0bFpVbldKWGprTXBRWW4zL3VyUHJZSlZBZ01CCkFBR2pPREEyTUF3R0ExVWRFd0VCL3dRQ01BQXdEZ1lEVlIwUEFRSC9CQVFEQWdlQU1CWUdBMVVkSlFFQi93UU0KTUFvR0NDc0dBUVVGQndNQ01BMEdDU3FHU0liM0RRRUJCUVVBQTRJQkFRQnRUUENFYnNheHhxL05QRGRPWWx2OQpVblBiRHFqS0c2VEJ5MzFwVlVCdkgrTVk2VnNmUGs0ZlpJSWhiYTY0TUV0aDJWRXJidjR1RGlPb1daVGRSeXB2ClNWcmhRUDNNbXkrQVZUbHN6TFROUllkNVdXUkkwNGhWcGdBN2VMVjdNTkdWcyszNHZoc0UyQ284VWlTSVdWODgKQnEzZnNDNTJoWmpvYUQvVkN3djhIUllrbWpVQWpLME9iTVNwWGxMYlYxTWhuR1lnYmg1OFJjT0FUQ3YvN1NrQwpMdU9TQ3pSbjkydHVkeVlGQzJ5MTJwS2kzelZjOEpiKzlPNlN3UXRzYU1hZzhPajVHYytzWWpSbGFsZENIVmFzCjRKZ0NPVHBNcXE5ekl3SVdSZUFNWExaU0krMldieXY0S2hkTzBoOE81KzBIYXRiNFVkSFd1bkZBMWR3Tk1kR2oKLS0tLS1FTkQgQ0VSVElGSUNBVEUtLS0tLQo=",
            "public_key_data": null,
            "public_key_type": "TYPE_X509_PEM_FILE",
            "service_account_id": "scv-private-vm",
            "valid_after": "2023-10-23T08:31:59Z",
            "valid_before": "9999-12-31T23:59:59Z"
          },
          "sensitive_attributes": [],
          "private": "bnVsbA==",
          "dependencies": [
            "module.iam.google_service_account.sa"
          ]
        }
      ]
    },
    {
      "module": "module.network",
      "mode": "managed",
      "type": "google_compute_firewall",
      "name": "allow-iap",
      "provider": "provider[\"registry.terraform.io/hashicorp/google\"]",
      "instances": [
        {
          "schema_version": 1,
          "attributes": {
            "allow": [
              {
                "ports": [
                  "22"
                ],
                "protocol": "tcp"
              }
            ],
            "creation_timestamp": "2023-10-23T01:32:19.773-07:00",
            "deny": [],
            "description": "",
            "destination_ranges": [],
            "direction": "INGRESS",
            "disabled": false,
            "enable_logging": null,
            "id": "projects/halogen-data-401020/global/firewalls/allow-iap",
            "log_config": [],
            "name": "allow-iap",
            "network": "https://www.googleapis.com/compute/v1/projects/halogen-data-401020/global/networks/project-vpc",
            "priority": 1000,
            "project": "halogen-data-401020",
            "self_link": "https://www.googleapis.com/compute/v1/projects/halogen-data-401020/global/firewalls/allow-iap",
            "source_ranges": [
              "35.235.240.0/20"
            ],
            "source_service_accounts": null,
            "source_tags": null,
            "target_service_accounts": null,
            "target_tags": [
              "private-subnet"
            ],
            "timeouts": null
          },
          "sensitive_attributes": [],
          "private": "eyJlMmJmYjczMC1lY2FhLTExZTYtOGY4OC0zNDM2M2JjN2M0YzAiOnsiY3JlYXRlIjoxMjAwMDAwMDAwMDAwLCJkZWxldGUiOjEyMDAwMDAwMDAwMDAsInVwZGF0ZSI6MTIwMDAwMDAwMDAwMH0sInNjaGVtYV92ZXJzaW9uIjoiMSJ9",
          "dependencies": [
            "module.network.google_compute_network.vpc"
          ]
        }
      ]
    },
    {
      "module": "module.network",
      "mode": "managed",
      "type": "google_compute_firewall",
      "name": "deny-all-ingress",
      "provider": "provider[\"registry.terraform.io/hashicorp/google\"]",
      "instances": [
        {
          "schema_version": 1,
          "attributes": {
            "allow": [],
            "creation_timestamp": "2023-10-23T01:32:19.724-07:00",
            "deny": [
              {
                "ports": [],
                "protocol": "all"
              }
            ],
            "description": "",
            "destination_ranges": [],
            "direction": "INGRESS",
            "disabled": false,
            "enable_logging": null,
            "id": "projects/halogen-data-401020/global/firewalls/deny-all-ingress",
            "log_config": [],
            "name": "deny-all-ingress",
            "network": "https://www.googleapis.com/compute/v1/projects/halogen-data-401020/global/networks/project-vpc",
            "priority": 1002,
            "project": "halogen-data-401020",
            "self_link": "https://www.googleapis.com/compute/v1/projects/halogen-data-401020/global/firewalls/deny-all-ingress",
            "source_ranges": [
              "0.0.0.0/0"
            ],
            "source_service_accounts": null,
            "source_tags": null,
            "target_service_accounts": null,
            "target_tags": [
              "private-subnet"
            ],
            "timeouts": null
          },
          "sensitive_attributes": [],
          "private": "eyJlMmJmYjczMC1lY2FhLTExZTYtOGY4OC0zNDM2M2JjN2M0YzAiOnsiY3JlYXRlIjoxMjAwMDAwMDAwMDAwLCJkZWxldGUiOjEyMDAwMDAwMDAwMDAsInVwZGF0ZSI6MTIwMDAwMDAwMDAwMH0sInNjaGVtYV92ZXJzaW9uIjoiMSJ9",
          "dependencies": [
            "module.network.google_compute_network.vpc"
          ]
        }
      ]
    },
    {
      "module": "module.network",
      "mode": "managed",
      "type": "google_compute_network",
      "name": "vpc",
      "provider": "provider[\"registry.terraform.io/hashicorp/google\"]",
      "instances": [
        {
          "schema_version": 0,
          "attributes": {
            "auto_create_subnetworks": false,
            "delete_default_routes_on_create": false,
            "description": "",
            "enable_ula_internal_ipv6": false,
            "gateway_ipv4": "",
            "id": "projects/halogen-data-401020/global/networks/project-vpc",
            "internal_ipv6_range": "",
            "mtu": 0,
            "name": "project-vpc",
            "network_firewall_policy_enforcement_order": "AFTER_CLASSIC_FIREWALL",
            "project": "halogen-data-401020",
            "routing_mode": "REGIONAL",
            "self_link": "https://www.googleapis.com/compute/v1/projects/halogen-data-401020/global/networks/project-vpc",
            "timeouts": null
          },
          "sensitive_attributes": [],
          "private": "eyJlMmJmYjczMC1lY2FhLTExZTYtOGY4OC0zNDM2M2JjN2M0YzAiOnsiY3JlYXRlIjoxMjAwMDAwMDAwMDAwLCJkZWxldGUiOjEyMDAwMDAwMDAwMDAsInVwZGF0ZSI6MTIwMDAwMDAwMDAwMH19"
        }
      ]
    },
    {
      "module": "module.network",
      "mode": "managed",
      "type": "google_compute_router",
      "name": "nat-router",
      "provider": "provider[\"registry.terraform.io/hashicorp/google\"]",
      "instances": [
        {
          "schema_version": 0,
          "attributes": {
            "bgp": [],
            "creation_timestamp": "2023-10-23T01:32:31.357-07:00",
            "description": "",
            "encrypted_interconnect_router": false,
            "id": "projects/halogen-data-401020/regions/us-east1/routers/project-private-router",
            "name": "project-private-router",
            "network": "https://www.googleapis.com/compute/v1/projects/halogen-data-401020/global/networks/project-vpc",
            "project": "halogen-data-401020",
            "region": "us-east1",
            "self_link": "https://www.googleapis.com/compute/v1/projects/halogen-data-401020/regions/us-east1/routers/project-private-router",
            "timeouts": null
          },
          "sensitive_attributes": [],
          "private": "eyJlMmJmYjczMC1lY2FhLTExZTYtOGY4OC0zNDM2M2JjN2M0YzAiOnsiY3JlYXRlIjoxMjAwMDAwMDAwMDAwLCJkZWxldGUiOjEyMDAwMDAwMDAwMDAsInVwZGF0ZSI6MTIwMDAwMDAwMDAwMH19",
          "dependencies": [
            "module.network.google_compute_network.vpc",
            "module.network.google_compute_subnetwork.private"
          ]
        }
      ]
    },
    {
      "module": "module.network",
      "mode": "managed",
      "type": "google_compute_router_nat",
      "name": "nat",
      "provider": "provider[\"registry.terraform.io/hashicorp/google\"]",
      "instances": [
        {
          "schema_version": 0,
          "attributes": {
            "drain_nat_ips": null,
            "enable_dynamic_port_allocation": false,
            "enable_endpoint_independent_mapping": false,
            "icmp_idle_timeout_sec": 30,
            "id": "halogen-data-401020/us-east1/project-private-router/project-private-router-nat",
            "log_config": [],
            "max_ports_per_vm": 0,
            "min_ports_per_vm": 0,
            "name": "project-private-router-nat",
            "nat_ip_allocate_option": "AUTO_ONLY",
            "nat_ips": null,
            "project": "halogen-data-401020",
            "region": "us-east1",
            "router": "project-private-router",
            "rules": [],
            "source_subnetwork_ip_ranges_to_nat": "LIST_OF_SUBNETWORKS",
            "subnetwork": [
              {
                "name": "project-private-subnetwork",
                "secondary_ip_range_names": [],
                "source_ip_ranges_to_nat": [
                  "ALL_IP_RANGES"
                ]
              }
            ],
            "tcp_established_idle_timeout_sec": 1200,
            "tcp_time_wait_timeout_sec": 120,
            "tcp_transitory_idle_timeout_sec": 30,
            "timeouts": null,
            "udp_idle_timeout_sec": 30
          },
          "sensitive_attributes": [],
          "private": "eyJlMmJmYjczMC1lY2FhLTExZTYtOGY4OC0zNDM2M2JjN2M0YzAiOnsiY3JlYXRlIjoxMjAwMDAwMDAwMDAwLCJkZWxldGUiOjEyMDAwMDAwMDAwMDAsInVwZGF0ZSI6MTIwMDAwMDAwMDAwMH19",
          "dependencies": [
            "module.network.google_compute_network.vpc",
            "module.network.google_compute_router.nat-router",
            "module.network.google_compute_subnetwork.private"
          ]
        }
      ]
    },
    {
      "module": "module.network",
      "mode": "managed",
      "type": "google_compute_subnetwork",
      "name": "gke_subnet",
      "provider": "provider[\"registry.terraform.io/hashicorp/google\"]",
      "instances": [
        {
          "schema_version": 0,
          "attributes": {
            "creation_timestamp": "2023-10-23T01:32:20.329-07:00",
            "description": "",
            "external_ipv6_prefix": "",
            "fingerprint": null,
            "gateway_address": "10.10.10.1",
            "id": "projects/halogen-data-401020/regions/us-central1/subnetworks/project-gke-subnetwork",
            "internal_ipv6_prefix": "",
            "ip_cidr_range": "10.10.10.0/24",
            "ipv6_access_type": "",
            "ipv6_cidr_range": "",
            "log_config": [],
            "name": "project-gke-subnetwork",
            "network": "https://www.googleapis.com/compute/v1/projects/halogen-data-401020/global/networks/project-vpc",
            "private_ip_google_access": true,
            "private_ipv6_google_access": "DISABLE_GOOGLE_ACCESS",
            "project": "halogen-data-401020",
            "purpose": "PRIVATE",
            "region": "us-central1",
            "role": "",
            "secondary_ip_range": [],
            "self_link": "https://www.googleapis.com/compute/v1/projects/halogen-data-401020/regions/us-central1/subnetworks/project-gke-subnetwork",
            "stack_type": "IPV4_ONLY",
            "timeouts": null
          },
          "sensitive_attributes": [],
          "private": "eyJlMmJmYjczMC1lY2FhLTExZTYtOGY4OC0zNDM2M2JjN2M0YzAiOnsiY3JlYXRlIjoxMjAwMDAwMDAwMDAwLCJkZWxldGUiOjEyMDAwMDAwMDAwMDAsInVwZGF0ZSI6MTIwMDAwMDAwMDAwMH19",
          "dependencies": [
            "module.network.google_compute_network.vpc"
          ]
        }
      ]
    },
    {
      "module": "module.network",
      "mode": "managed",
      "type": "google_compute_subnetwork",
      "name": "private",
      "provider": "provider[\"registry.terraform.io/hashicorp/google\"]",
      "instances": [
        {
          "schema_version": 0,
          "attributes": {
            "creation_timestamp": "2023-10-23T01:32:19.883-07:00",
            "description": "",
            "external_ipv6_prefix": "",
            "fingerprint": null,
            "gateway_address": "10.10.20.1",
            "id": "projects/halogen-data-401020/regions/us-east1/subnetworks/project-private-subnetwork",
            "internal_ipv6_prefix": "",
            "ip_cidr_range": "10.10.20.0/24",
            "ipv6_access_type": "",
            "ipv6_cidr_range": "",
            "log_config": [],
            "name": "project-private-subnetwork",
            "network": "https://www.googleapis.com/compute/v1/projects/halogen-data-401020/global/networks/project-vpc",
            "private_ip_google_access": true,
            "private_ipv6_google_access": "DISABLE_GOOGLE_ACCESS",
            "project": "halogen-data-401020",
            "purpose": "PRIVATE",
            "region": "us-east1",
            "role": "",
            "secondary_ip_range": [],
            "self_link": "https://www.googleapis.com/compute/v1/projects/halogen-data-401020/regions/us-east1/subnetworks/project-private-subnetwork",
            "stack_type": "IPV4_ONLY",
            "timeouts": null
          },
          "sensitive_attributes": [],
          "private": "eyJlMmJmYjczMC1lY2FhLTExZTYtOGY4OC0zNDM2M2JjN2M0YzAiOnsiY3JlYXRlIjoxMjAwMDAwMDAwMDAwLCJkZWxldGUiOjEyMDAwMDAwMDAwMDAsInVwZGF0ZSI6MTIwMDAwMDAwMDAwMH19",
          "dependencies": [
            "module.network.google_compute_network.vpc"
          ]
        }
      ]
    },
    {
      "module": "module.storage",
      "mode": "managed",
      "type": "google_artifact_registry_repository",
      "name": "my-repo",
      "provider": "provider[\"registry.terraform.io/hashicorp/google\"]",
      "instances": [
        {
          "schema_version": 0,
          "attributes": {
            "create_time": "2023-10-23T08:31:58.745086Z",
            "description": "repo for the private vm",
            "docker_config": [],
            "effective_labels": {},
            "format": "DOCKER",
            "id": "projects/halogen-data-401020/locations/us-east1/repositories/private-vm-repo",
            "kms_key_name": "",
            "labels": null,
            "location": "us-east1",
            "maven_config": [],
            "mode": "STANDARD_REPOSITORY",
            "name": "private-vm-repo",
            "project": "halogen-data-401020",
            "remote_repository_config": [],
            "repository_id": "private-vm-repo",
            "terraform_labels": {},
            "timeouts": null,
            "update_time": "2023-10-23T08:31:58.745086Z",
            "virtual_repository_config": []
          },
          "sensitive_attributes": [],
          "private": "eyJlMmJmYjczMC1lY2FhLTExZTYtOGY4OC0zNDM2M2JjN2M0YzAiOnsiY3JlYXRlIjoxMjAwMDAwMDAwMDAwLCJkZWxldGUiOjEyMDAwMDAwMDAwMDAsInVwZGF0ZSI6MTIwMDAwMDAwMDAwMH19"
        }
      ]
    }
  ],
  "check_results": null
}
