{
  "version": 4,
  "terraform_version": "1.6.0",
  "serial": 824,
  "lineage": "ea889b19-cfe1-bfd2-8207-6b958cd27a03",
  "outputs": {},
  "resources": [
    {
      "module": "module.compute",
      "mode": "managed",
      "type": "google_container_cluster",
      "name": "privatecluster",
      "provider": "provider[\"registry.terraform.io/hashicorp/google\"]",
      "instances": [
        {
          "schema_version": 2,
          "attributes": {
            "addons_config": [
              {
                "cloudrun_config": [],
                "config_connector_config": [],
                "dns_cache_config": [],
                "gce_persistent_disk_csi_driver_config": [
                  {
                    "enabled": true
                  }
                ],
                "gcp_filestore_csi_driver_config": [],
                "gcs_fuse_csi_driver_config": [],
                "gke_backup_agent_config": [],
                "horizontal_pod_autoscaling": [],
                "http_load_balancing": [],
                "network_policy_config": [
                  {
                    "disabled": true
                  }
                ]
              }
            ],
            "allow_net_admin": null,
            "authenticator_groups_config": [],
            "binary_authorization": [
              {
                "enabled": false,
                "evaluation_mode": ""
              }
            ],
            "cluster_autoscaling": [
              {
                "auto_provisioning_defaults": [],
                "enabled": false,
                "resource_limits": []
              }
            ],
            "cluster_ipv4_cidr": "10.76.0.0/14",
            "confidential_nodes": [],
            "cost_management_config": [],
            "database_encryption": [
              {
                "key_name": "",
                "state": "DECRYPTED"
              }
            ],
            "datapath_provider": "",
            "default_max_pods_per_node": 110,
            "default_snat_status": [
              {
                "disabled": false
              }
            ],
            "deletion_protection": false,
            "description": "",
            "dns_config": [],
            "enable_autopilot": false,
            "enable_intranode_visibility": false,
            "enable_k8s_beta_apis": [],
            "enable_kubernetes_alpha": false,
            "enable_l4_ilb_subsetting": false,
            "enable_legacy_abac": false,
            "enable_shielded_nodes": true,
            "enable_tpu": false,
            "endpoint": "34.72.241.248",
            "gateway_api_config": [],
            "id": "projects/halogen-data-401020/locations/us-central1/clusters/gke-cluster",
            "initial_node_count": 1,
            "ip_allocation_policy": [
              {
                "additional_pod_ranges_config": [],
                "cluster_ipv4_cidr_block": "10.76.0.0/14",
                "cluster_secondary_range_name": "gke-gke-cluster-pods-3a728b03",
                "pod_cidr_overprovision_config": [
                  {
                    "disabled": false
                  }
                ],
                "services_ipv4_cidr_block": "10.80.0.0/20",
                "services_secondary_range_name": "gke-gke-cluster-services-3a728b03",
                "stack_type": "IPV4"
              }
            ],
            "label_fingerprint": "a9dc16a7",
            "location": "us-central1",
            "logging_config": [
              {
                "enable_components": [
                  "SYSTEM_COMPONENTS",
                  "WORKLOADS"
                ]
              }
            ],
            "logging_service": "logging.googleapis.com/kubernetes",
            "maintenance_policy": [],
            "master_auth": [
              {
                "client_certificate": "",
                "client_certificate_config": [
                  {
                    "issue_client_certificate": false
                  }
                ],
                "client_key": "",
                "cluster_ca_certificate": "LS0tLS1CRUdJTiBDRVJUSUZJQ0FURS0tLS0tCk1JSUVMRENDQXBTZ0F3SUJBZ0lRZW11Z3lLSG4wL2tTRXFsN012TWFWREFOQmdrcWhraUc5dzBCQVFzRkFEQXYKTVMwd0t3WURWUVFERXlSa05UZ3paamxsT1MxaE16STFMVFF6WXpVdE9EWXlOaTFsWkRVd1lUSXhZak5qWkRVdwpJQmNOTWpNeE1ESXpNRGN6TWpNeldoZ1BNakExTXpFd01UVXdPRE15TXpOYU1DOHhMVEFyQmdOVkJBTVRKR1ExCk9ETm1PV1U1TFdFek1qVXRORE5qTlMwNE5qSTJMV1ZrTlRCaE1qRmlNMk5rTlRDQ0FhSXdEUVlKS29aSWh2Y04KQVFFQkJRQURnZ0dQQURDQ0FZb0NnZ0dCQUs1cFF5cGZQRlpYbUI0MDMwSC9VZnRQSllkVHJaMmFBV212QUNheQp6eVZGTHZCakluM0krNWJmeXlsWFBtS0p4cG5pZlhmQXJVOEZ2NzFQQkNnNDJOb1JiNTNxQjV4dEI1bXM5aHAvCnh5ME5xeXN0Y0FUSnBUeU0xcmxUdDRUWlFZVW9EQmd4ZWpjeTlMY21JVGlSMEwyMEVnSEw3em5QQ3JCdFE4MkcKa1NjRm9NL2g0eHkrY3dXSHVpeW5HelVHSk03Z21PSVcxbjVDYUtyamJXRDhHKzJEcW5Lbm1iRmFMK0RDV0xPTwp2dzg3MmVGeE1FVVA5MHJzbDlTd0h6NWN1RzdlU2k0b29ONlVwQXRuYXFOK0x2VFZKOUYxWkJieE9SUHFNMU1uCnVGcXkzOHE1dTF6V00vZU9qbU45akM5cW5uZ1VlZUhXdkVLQ2dkdlI4NzNyTjJsREJ6dnBHTC9jSUtzZm9qcnkKN1dPMm5BTU9XdjNSMVNkeXRyMEM4NC9mYXJwNTVqeWw2QUNOZ3hlNVV5T2pvemc4TzJVS0s2dis2NzMzeWF4TApjckFmVzNTTm44TTcrR3NMaS9VNDRnVXJDSEJZVmxzUEtOZ2tXSEhockpwOE5vY29yVFZtZ3AvTDlzZlc5Z2xtCitZbGc4bS9RSkdYZ1Y1dXpNeUV6N0NzblhRSURBUUFCbzBJd1FEQU9CZ05WSFE4QkFmOEVCQU1DQWdRd0R3WUQKVlIwVEFRSC9CQVV3QXdFQi96QWRCZ05WSFE0RUZnUVVhUzl5RVQwWHppVXdJRnJUTjVYR3hkNnUvdUV3RFFZSgpLb1pJaHZjTkFRRUxCUUFEZ2dHQkFGNFZ1aUp1YzRZVG1rWlVUNVhNRlBnaVZnREdLZHNkQ1l3b1Y1c0pWTjkvCmhmL2FrdUZnVzVnUEY0cklTbFk0ck05ZTRUQ3pGYXBWNGI4Rnc1U1lPbXZWS2Y5akRKbTkrd2xuc1VrTGw2RlUKaGMvaURUa2JWczdicVBzWGNDejVnMWpSUjI0WFh5eU03MVFUWEhaSFpmNWFrRHRxUkMzTVRhNHE4MVRyOTMregp0OUt6WlNUeXVNUkJCeEdOVnR2MlJVMVN4emNsbGRHRU04RnNhaXNnTlExMjA5RDBNYW83U0RSdXN6ZktSUFFkCjNVdWlYeThQQ2NYMUNFNWhqWWxJYzZUckprWjJDMlgyc3FlQlYyemgxRnk1cmlrVDhBcU5QOHBwTzB6NGN4UVkKMDVpazBEemMrQytXK3I0emliMFl1dWpwY0xLMG02cnAycy9TQWhjS1V6Z2dKQkx1STZuQWVFK0lpN0FrRE5QRQplUXlpWCtuVnJKNVdFWWZEaFk4cXY4OE8yOFk5QkthMzdIOTdiUlNTMWk4Vld5YTFVeStpZTVKYTlJQmowQ0FsCjZEbVVxOGliYTBXSkZEelJtekdJV0pZMUFKWHVYSXRUa1NpTmp2anVOVE42K3RjMmowMlBiMGVTR3g3TFpLaUcKOS9Vb1VPMFNwNDdTaERCcGh5c1RVUT09Ci0tLS0tRU5EIENFUlRJRklDQVRFLS0tLS0K"
              }
            ],
            "master_authorized_networks_config": [
              {
                "cidr_blocks": [
                  {
                    "cidr_block": "10.10.20.0/24",
                    "display_name": "vm"
                  }
                ],
                "gcp_public_cidrs_access_enabled": false
              }
            ],
            "master_version": "1.27.3-gke.100",
            "mesh_certificates": [],
            "min_master_version": null,
            "monitoring_config": [
              {
                "advanced_datapath_observability_config": [
                  {
                    "enable_metrics": false,
                    "relay_mode": "DISABLED"
                  }
                ],
                "enable_components": [
                  "SYSTEM_COMPONENTS"
                ],
                "managed_prometheus": [
                  {
                    "enabled": true
                  }
                ]
              }
            ],
            "monitoring_service": "monitoring.googleapis.com/kubernetes",
            "name": "gke-cluster",
            "network": "projects/halogen-data-401020/global/networks/project-vpc",
            "network_policy": [
              {
                "enabled": false,
                "provider": "PROVIDER_UNSPECIFIED"
              }
            ],
            "networking_mode": "VPC_NATIVE",
            "node_config": [
              {
                "advanced_machine_features": [],
                "boot_disk_kms_key": "",
                "confidential_nodes": [],
                "disk_size_gb": 15,
                "disk_type": "pd-standard",
                "effective_taints": [],
                "ephemeral_storage_local_ssd_config": [],
                "fast_socket": [],
                "gcfs_config": [],
                "guest_accelerator": [],
                "gvnic": [],
                "host_maintenance_policy": [],
                "image_type": "COS_CONTAINERD",
                "kubelet_config": [],
                "labels": {},
                "linux_node_config": [],
                "local_nvme_ssd_block_config": [],
                "local_ssd_count": 0,
                "logging_variant": "DEFAULT",
                "machine_type": "e2-small",
                "metadata": {
                  "disable-legacy-endpoints": "true"
                },
                "min_cpu_platform": "",
                "node_group": "",
                "oauth_scopes": [
                  "https://www.googleapis.com/auth/cloud-platform"
                ],
                "preemptible": true,
                "reservation_affinity": [],
                "resource_labels": {},
                "service_account": "kubernetes@halogen-data-401020.iam.gserviceaccount.com",
                "shielded_instance_config": [
                  {
                    "enable_integrity_monitoring": true,
                    "enable_secure_boot": false
                  }
                ],
                "sole_tenant_config": [],
                "spot": false,
                "tags": [],
                "taint": [],
                "workload_metadata_config": []
              }
            ],
            "node_locations": [
              "us-central1-a",
              "us-central1-c",
              "us-central1-f"
            ],
            "node_pool": [
              {
                "autoscaling": [],
                "initial_node_count": 1,
                "instance_group_urls": [
                  "https://www.googleapis.com/compute/v1/projects/halogen-data-401020/zones/us-central1-a/instanceGroupManagers/gke-gke-cluster-node-pool-4a3f393e-grp",
                  "https://www.googleapis.com/compute/v1/projects/halogen-data-401020/zones/us-central1-b/instanceGroupManagers/gke-gke-cluster-node-pool-f88c7776-grp",
                  "https://www.googleapis.com/compute/v1/projects/halogen-data-401020/zones/us-central1-c/instanceGroupManagers/gke-gke-cluster-node-pool-b8a11740-grp"
                ],
                "managed_instance_group_urls": [
                  "https://www.googleapis.com/compute/v1/projects/halogen-data-401020/zones/us-central1-a/instanceGroups/gke-gke-cluster-node-pool-4a3f393e-grp",
                  "https://www.googleapis.com/compute/v1/projects/halogen-data-401020/zones/us-central1-b/instanceGroups/gke-gke-cluster-node-pool-f88c7776-grp",
                  "https://www.googleapis.com/compute/v1/projects/halogen-data-401020/zones/us-central1-c/instanceGroups/gke-gke-cluster-node-pool-b8a11740-grp"
                ],
                "management": [
                  {
                    "auto_repair": true,
                    "auto_upgrade": true
                  }
                ],
                "max_pods_per_node": 110,
                "name": "node-pool",
                "name_prefix": "",
                "network_config": [
                  {
                    "create_pod_range": false,
                    "enable_private_nodes": false,
                    "pod_cidr_overprovision_config": [],
                    "pod_ipv4_cidr_block": "10.76.0.0/14",
                    "pod_range": "gke-gke-cluster-pods-3a728b03"
                  }
                ],
                "node_config": [
                  {
                    "advanced_machine_features": [],
                    "boot_disk_kms_key": "",
                    "confidential_nodes": [],
                    "disk_size_gb": 15,
                    "disk_type": "pd-standard",
                    "effective_taints": [],
                    "ephemeral_storage_local_ssd_config": [],
                    "fast_socket": [],
                    "gcfs_config": [],
                    "guest_accelerator": [],
                    "gvnic": [],
                    "host_maintenance_policy": [],
                    "image_type": "COS_CONTAINERD",
                    "kubelet_config": [],
                    "labels": {},
                    "linux_node_config": [],
                    "local_nvme_ssd_block_config": [],
                    "local_ssd_count": 0,
                    "logging_variant": "DEFAULT",
                    "machine_type": "e2-small",
                    "metadata": {
                      "disable-legacy-endpoints": "true"
                    },
                    "min_cpu_platform": "",
                    "node_group": "",
                    "oauth_scopes": [
                      "https://www.googleapis.com/auth/cloud-platform"
                    ],
                    "preemptible": true,
                    "reservation_affinity": [],
                    "resource_labels": {},
                    "service_account": "kubernetes@halogen-data-401020.iam.gserviceaccount.com",
                    "shielded_instance_config": [
                      {
                        "enable_integrity_monitoring": true,
                        "enable_secure_boot": false
                      }
                    ],
                    "sole_tenant_config": [],
                    "spot": false,
                    "tags": [],
                    "taint": [],
                    "workload_metadata_config": []
                  }
                ],
                "node_count": 1,
                "node_locations": [
                  "us-central1-a",
                  "us-central1-b",
                  "us-central1-c"
                ],
                "placement_policy": [],
                "upgrade_settings": [
                  {
                    "blue_green_settings": [],
                    "max_surge": 1,
                    "max_unavailable": 0,
                    "strategy": "SURGE"
                  }
                ],
                "version": "1.27.3-gke.100"
              }
            ],
            "node_pool_auto_config": [],
            "node_pool_defaults": [
              {
                "node_config_defaults": [
                  {
                    "logging_variant": "DEFAULT"
                  }
                ]
              }
            ],
            "node_version": "1.27.3-gke.100",
            "notification_config": [
              {
                "pubsub": [
                  {
                    "enabled": false,
                    "filter": [],
                    "topic": ""
                  }
                ]
              }
            ],
            "operation": null,
            "private_cluster_config": [
              {
                "enable_private_endpoint": false,
                "enable_private_nodes": true,
                "master_global_access_config": [
                  {
                    "enabled": false
                  }
                ],
                "master_ipv4_cidr_block": "172.16.0.0/28",
                "peering_name": "gke-n1fe5a24278b67b3c197-ee02-4955-peer",
                "private_endpoint": "172.16.0.2",
                "private_endpoint_subnetwork": "",
                "public_endpoint": "34.72.241.248"
              }
            ],
            "private_ipv6_google_access": "",
            "project": "halogen-data-401020",
            "release_channel": [
              {
                "channel": "REGULAR"
              }
            ],
            "remove_default_node_pool": true,
            "resource_labels": {},
            "resource_usage_export_config": [],
            "security_posture_config": [
              {
                "mode": "BASIC",
                "vulnerability_mode": "VULNERABILITY_MODE_UNSPECIFIED"
              }
            ],
            "self_link": "https://container.googleapis.com/v1/projects/halogen-data-401020/locations/us-central1/clusters/gke-cluster",
            "service_external_ips_config": [
              {
                "enabled": false
              }
            ],
            "services_ipv4_cidr": "10.80.0.0/20",
            "subnetwork": "projects/halogen-data-401020/regions/us-central1/subnetworks/project-gke-subnetwork",
            "timeouts": null,
            "tpu_ipv4_cidr_block": "",
            "vertical_pod_autoscaling": [],
            "workload_identity_config": []
          },
          "sensitive_attributes": [],
          "private": "eyJlMmJmYjczMC1lY2FhLTExZTYtOGY4OC0zNDM2M2JjN2M0YzAiOnsiY3JlYXRlIjoyNDAwMDAwMDAwMDAwLCJkZWxldGUiOjI0MDAwMDAwMDAwMDAsInJlYWQiOjI0MDAwMDAwMDAwMDAsInVwZGF0ZSI6MzYwMDAwMDAwMDAwMH0sInNjaGVtYV92ZXJzaW9uIjoiMiJ9",
          "dependencies": [
            "module.compute.google_service_account.kubernetes",
            "module.network.google_compute_network.vpc",
            "module.network.google_compute_subnetwork.gke_subnet"
          ]
        }
      ]
    },
    {
      "module": "module.compute",
      "mode": "managed",
      "type": "google_container_node_pool",
      "name": "privatecluster-node-pool",
      "provider": "provider[\"registry.terraform.io/hashicorp/google\"]",
      "instances": [
        {
          "schema_version": 1,
          "attributes": {
            "autoscaling": [],
            "cluster": "gke-cluster",
            "id": "projects/halogen-data-401020/locations/us-central1/clusters/gke-cluster/nodePools/node-pool",
            "initial_node_count": 1,
            "instance_group_urls": [
              "https://www.googleapis.com/compute/v1/projects/halogen-data-401020/zones/us-central1-a/instanceGroupManagers/gke-gke-cluster-node-pool-4a3f393e-grp",
              "https://www.googleapis.com/compute/v1/projects/halogen-data-401020/zones/us-central1-b/instanceGroupManagers/gke-gke-cluster-node-pool-f88c7776-grp",
              "https://www.googleapis.com/compute/v1/projects/halogen-data-401020/zones/us-central1-c/instanceGroupManagers/gke-gke-cluster-node-pool-b8a11740-grp"
            ],
            "location": "us-central1",
            "managed_instance_group_urls": [
              "https://www.googleapis.com/compute/v1/projects/halogen-data-401020/zones/us-central1-a/instanceGroups/gke-gke-cluster-node-pool-4a3f393e-grp",
              "https://www.googleapis.com/compute/v1/projects/halogen-data-401020/zones/us-central1-b/instanceGroups/gke-gke-cluster-node-pool-f88c7776-grp",
              "https://www.googleapis.com/compute/v1/projects/halogen-data-401020/zones/us-central1-c/instanceGroups/gke-gke-cluster-node-pool-b8a11740-grp"
            ],
            "management": [
              {
                "auto_repair": true,
                "auto_upgrade": true
              }
            ],
            "max_pods_per_node": 110,
            "name": "node-pool",
            "name_prefix": "",
            "network_config": [
              {
                "create_pod_range": false,
                "enable_private_nodes": false,
                "pod_cidr_overprovision_config": [],
                "pod_ipv4_cidr_block": "10.76.0.0/14",
                "pod_range": "gke-gke-cluster-pods-3a728b03"
              }
            ],
            "node_config": [
              {
                "advanced_machine_features": [],
                "boot_disk_kms_key": "",
                "confidential_nodes": [],
                "disk_size_gb": 15,
                "disk_type": "pd-standard",
                "effective_taints": [],
                "ephemeral_storage_local_ssd_config": [],
                "fast_socket": [],
                "gcfs_config": [],
                "guest_accelerator": [],
                "gvnic": [],
                "host_maintenance_policy": [],
                "image_type": "COS_CONTAINERD",
                "kubelet_config": [],
                "labels": {},
                "linux_node_config": [],
                "local_nvme_ssd_block_config": [],
                "local_ssd_count": 0,
                "logging_variant": "DEFAULT",
                "machine_type": "e2-small",
                "metadata": {
                  "disable-legacy-endpoints": "true"
                },
                "min_cpu_platform": "",
                "node_group": "",
                "oauth_scopes": [
                  "https://www.googleapis.com/auth/cloud-platform"
                ],
                "preemptible": true,
                "reservation_affinity": [],
                "resource_labels": {},
                "service_account": "kubernetes@halogen-data-401020.iam.gserviceaccount.com",
                "shielded_instance_config": [
                  {
                    "enable_integrity_monitoring": true,
                    "enable_secure_boot": false
                  }
                ],
                "sole_tenant_config": [],
                "spot": false,
                "tags": [],
                "taint": [],
                "workload_metadata_config": []
              }
            ],
            "node_count": 1,
            "node_locations": [
              "us-central1-a",
              "us-central1-b",
              "us-central1-c"
            ],
            "operation": null,
            "placement_policy": [],
            "project": "halogen-data-401020",
            "timeouts": null,
            "upgrade_settings": [
              {
                "blue_green_settings": [],
                "max_surge": 1,
                "max_unavailable": 0,
                "strategy": "SURGE"
              }
            ],
            "version": "1.27.3-gke.100"
          },
          "sensitive_attributes": [],
          "private": "eyJlMmJmYjczMC1lY2FhLTExZTYtOGY4OC0zNDM2M2JjN2M0YzAiOnsiY3JlYXRlIjoxODAwMDAwMDAwMDAwLCJkZWxldGUiOjE4MDAwMDAwMDAwMDAsInVwZGF0ZSI6MTgwMDAwMDAwMDAwMH0sInNjaGVtYV92ZXJzaW9uIjoiMSJ9",
          "dependencies": [
            "module.compute.google_container_cluster.privatecluster",
            "module.compute.google_service_account.kubernetes",
            "module.network.google_compute_network.vpc",
            "module.network.google_compute_subnetwork.gke_subnet"
          ]
        }
      ]
    },
    {
      "module": "module.compute",
      "mode": "managed",
      "type": "google_service_account",
      "name": "kubernetes",
      "provider": "provider[\"registry.terraform.io/hashicorp/google\"]",
      "instances": [
        {
          "schema_version": 0,
          "attributes": {
            "account_id": "kubernetes",
            "description": "",
            "disabled": false,
            "display_name": "",
            "email": "kubernetes@halogen-data-401020.iam.gserviceaccount.com",
            "id": "projects/halogen-data-401020/serviceAccounts/kubernetes@halogen-data-401020.iam.gserviceaccount.com",
            "member": "serviceAccount:kubernetes@halogen-data-401020.iam.gserviceaccount.com",
            "name": "projects/halogen-data-401020/serviceAccounts/kubernetes@halogen-data-401020.iam.gserviceaccount.com",
            "project": "halogen-data-401020",
            "timeouts": null,
            "unique_id": "103289716470387193518"
          },
          "sensitive_attributes": [],
          "private": "eyJlMmJmYjczMC1lY2FhLTExZTYtOGY4OC0zNDM2M2JjN2M0YzAiOnsiY3JlYXRlIjozMDAwMDAwMDAwMDB9fQ=="
        }
      ]
    },
    {
      "module": "module.network",
      "mode": "managed",
      "type": "google_compute_network",
      "name": "vpc",
      "provider": "provider[\"registry.terraform.io/hashicorp/google\"]",
      "instances": [
        {
          "schema_version": 0,
          "attributes": {
            "auto_create_subnetworks": false,
            "delete_default_routes_on_create": false,
            "description": "",
            "enable_ula_internal_ipv6": false,
            "gateway_ipv4": "",
            "id": "projects/halogen-data-401020/global/networks/project-vpc",
            "internal_ipv6_range": "",
            "mtu": 0,
            "name": "project-vpc",
            "network_firewall_policy_enforcement_order": "AFTER_CLASSIC_FIREWALL",
            "project": "halogen-data-401020",
            "routing_mode": "REGIONAL",
            "self_link": "https://www.googleapis.com/compute/v1/projects/halogen-data-401020/global/networks/project-vpc",
            "timeouts": null
          },
          "sensitive_attributes": [],
          "private": "eyJlMmJmYjczMC1lY2FhLTExZTYtOGY4OC0zNDM2M2JjN2M0YzAiOnsiY3JlYXRlIjoxMjAwMDAwMDAwMDAwLCJkZWxldGUiOjEyMDAwMDAwMDAwMDAsInVwZGF0ZSI6MTIwMDAwMDAwMDAwMH19"
        }
      ]
    },
    {
      "module": "module.network",
      "mode": "managed",
      "type": "google_compute_subnetwork",
      "name": "gke_subnet",
      "provider": "provider[\"registry.terraform.io/hashicorp/google\"]",
      "instances": [
        {
          "schema_version": 0,
          "attributes": {
            "creation_timestamp": "2023-10-23T01:32:20.329-07:00",
            "description": "",
            "external_ipv6_prefix": "",
            "fingerprint": null,
            "gateway_address": "10.10.10.1",
            "id": "projects/halogen-data-401020/regions/us-central1/subnetworks/project-gke-subnetwork",
            "internal_ipv6_prefix": "",
            "ip_cidr_range": "10.10.10.0/24",
            "ipv6_access_type": "",
            "ipv6_cidr_range": "",
            "log_config": [],
            "name": "project-gke-subnetwork",
            "network": "https://www.googleapis.com/compute/v1/projects/halogen-data-401020/global/networks/project-vpc",
            "private_ip_google_access": true,
            "private_ipv6_google_access": "DISABLE_GOOGLE_ACCESS",
            "project": "halogen-data-401020",
            "purpose": "PRIVATE",
            "region": "us-central1",
            "role": "",
            "secondary_ip_range": [
              {
                "ip_cidr_range": "10.76.0.0/14",
                "range_name": "gke-gke-cluster-pods-3a728b03"
              },
              {
                "ip_cidr_range": "10.80.0.0/20",
                "range_name": "gke-gke-cluster-services-3a728b03"
              }
            ],
            "self_link": "https://www.googleapis.com/compute/v1/projects/halogen-data-401020/regions/us-central1/subnetworks/project-gke-subnetwork",
            "stack_type": "IPV4_ONLY",
            "timeouts": null
          },
          "sensitive_attributes": [],
          "private": "eyJlMmJmYjczMC1lY2FhLTExZTYtOGY4OC0zNDM2M2JjN2M0YzAiOnsiY3JlYXRlIjoxMjAwMDAwMDAwMDAwLCJkZWxldGUiOjEyMDAwMDAwMDAwMDAsInVwZGF0ZSI6MTIwMDAwMDAwMDAwMH19",
          "dependencies": [
            "module.network.google_compute_network.vpc"
          ]
        }
      ]
    }
  ],
  "check_results": null
}
