{
  "version": 4,
  "terraform_version": "1.6.0",
  "serial": 774,
  "lineage": "ea889b19-cfe1-bfd2-8207-6b958cd27a03",
  "outputs": {},
  "resources": [
    {
      "module": "module.compute",
      "mode": "data",
      "type": "template_file",
      "name": "startup_script",
      "provider": "provider[\"registry.terraform.io/hashicorp/template\"]",
      "instances": [
        {
          "schema_version": 0,
          "attributes": {
            "filename": null,
            "id": "c820ad7854e691825e2227cc0798ff354063f529d4cebd4b6807334e8efcd52c",
            "rendered": "#!/bin/bash\n\n################## setting up Docker ####################\n# Add Docker's official GPG key:\nsudo apt-get update\nsudo apt-get install ca-certificates curl gnupg -y\nsudo install -m 0755 -d /etc/apt/keyrings\ncurl -fsSL https://download.docker.com/linux/debian/gpg | sudo gpg --dearmor -o /etc/apt/keyrings/docker.gpg\nsudo chmod a+r /etc/apt/keyrings/docker.gpg\n# Add the repository to Apt sources:\necho \\\n  \"deb [arch=\"$(dpkg --print-architecture)\" signed-by=/etc/apt/keyrings/docker.gpg] https://download.docker.com/linux/debian \\\n  \"$(. /etc/os-release \u0026\u0026 echo \"$VERSION_CODENAME\")\" stable\" | \\\n  sudo tee /etc/apt/sources.list.d/docker.list \u003e /dev/null\nsudo apt-get update\nsudo apt-get install docker-ce docker-ce-cli containerd.io docker-buildx-plugin docker-compose-plugin -y\n\n\n\n################# Authinticating Docker ##################\ncd /tmp\nsudo wget --header=\"Metadata-Flavor: Google\" -O key.json http://metadata.google.internal/computeMetadata/v1/instance/attributes/sa_key\ncat key.json | base64 -d \u003e key1.json\ngcloud auth activate-service-account --key-file=key1.json\nyes | gcloud auth configure-docker us-east1-docker.pkg.dev \ncat key.json | sudo docker login -u _json_key_base64 --password-stdin https://us-east1-docker.pkg.dev\ncd /\n\n\n################ App Image ###################\necho \"Pulling app image ...\" \u003e\u003e tracker.txt\nsudo docker pull moelshafei/nodeapp:latest\necho \"Image Pulled ...\" \u003e\u003e tracker.txt\nsudo docker tag moelshafei/nodeapp:latest us-east1-docker.pkg.dev/halogen-data-401020/private-vm-repo/app:latest\nsudo docker push us-east1-docker.pkg.dev/halogen-data-401020/private-vm-repo/app:latest\necho \"Image Pushed\" \u003e\u003e tracker.txt\n\n\n############# MongoDB Image ####################\necho \"Pulling mognodb image ...\" \u003e\u003e tracker.txt\nsudo docker pull bitnami/mongodb:4.4.4\necho \"Pulled mognodb image ...\" \u003e\u003e tracker.txt\nsudo docker tag bitnami/mongodb:4.4.4 us-east1-docker.pkg.dev/halogen-data-401020/private-vm-repo/mongodb:latest\necho \"Pushing mognodb image ...\" \u003e\u003e tracker.txt\nsudo docker push us-east1-docker.pkg.dev/halogen-data-401020/private-vm-repo/mongodb:latest\necho \"Image Pushed ...\" \u003e\u003e tracker.txt\n\n\n\n\n###### For proxy ################\nsudo apt-get install kubectl\necho \"kubectl installed ...\" \u003e\u003e tracker.txt\nsudo apt-get install google-cloud-sdk-gke-gcloud-auth-plugin\necho \"google auth ...\" \u003e\u003e tracker.txt\nexport KUBECONFIG=$HOME/.kube/config\ngcloud container clusters get-credentials gke-cluster --zone us-central1 --project halogen-data-401020 --internal-ip\ngcloud container clusters update gke-cluster --zone us-central1  --enable-master-global-access\nsudo apt install tinyproxy -y\necho \"tiny proxy installed ...\" \u003e\u003e tracker.txt\nsudo sh -c \"echo 'Allow localhost' \u003e\u003e /etc/tinyproxy/tinyproxy.conf\"\nsudo service tinyproxy restart\necho \"service restarted auth ...\" \u003e\u003e tracker.txt\nexit\n\n\n# You can use that if you want to pull kubernetes files and apply them automatically (not secure) \n############ cloning the kubernetes files ############\n# cd /\n# sudo apt-get install git-all\n# git clone https://github.com/muhammad-osama-dev/gcp-nodejs-mongodb-deployment.git\n# cd /gcp-nodejs-mongodb-deployment\n# sudo apt-get install kubectl\n# echo \"kubectl installed ...\" \u003e\u003e tracker.txt\n# sudo apt-get install google-cloud-sdk-gke-gcloud-auth-plugin\n# echo \"google auth ...\" \u003e\u003e tracker.txt\n# export KUBECONFIG=$HOME/.kube/config\n# gcloud container clusters get-credentials gke-cluster --zone=us-central1 \u003e output.txt 2\u003e\u00261\n# echo \"cluster auth ...\" \u003e\u003e tracker.txt\n# kubectl apply -f ./kubernetes/mongodb/\n# echo \"mongodb deployed ...\" \u003e\u003e tracker.txt\n# kubectl apply -f ./kubernetes/app_deployment/\n# echo \"app deployed ...\" \u003e\u003e tracker.txt\nEOF\n\n",
            "template": "#!/bin/bash\n\n################## setting up Docker ####################\n# Add Docker's official GPG key:\nsudo apt-get update\nsudo apt-get install ca-certificates curl gnupg -y\nsudo install -m 0755 -d /etc/apt/keyrings\ncurl -fsSL https://download.docker.com/linux/debian/gpg | sudo gpg --dearmor -o /etc/apt/keyrings/docker.gpg\nsudo chmod a+r /etc/apt/keyrings/docker.gpg\n# Add the repository to Apt sources:\necho \\\n  \"deb [arch=\"$(dpkg --print-architecture)\" signed-by=/etc/apt/keyrings/docker.gpg] https://download.docker.com/linux/debian \\\n  \"$(. /etc/os-release \u0026\u0026 echo \"$VERSION_CODENAME\")\" stable\" | \\\n  sudo tee /etc/apt/sources.list.d/docker.list \u003e /dev/null\nsudo apt-get update\nsudo apt-get install docker-ce docker-ce-cli containerd.io docker-buildx-plugin docker-compose-plugin -y\n\n\n\n################# Authinticating Docker ##################\ncd /tmp\nsudo wget --header=\"Metadata-Flavor: Google\" -O key.json http://metadata.google.internal/computeMetadata/v1/instance/attributes/sa_key\ncat key.json | base64 -d \u003e key1.json\ngcloud auth activate-service-account --key-file=key1.json\nyes | gcloud auth configure-docker us-east1-docker.pkg.dev \ncat key.json | sudo docker login -u _json_key_base64 --password-stdin https://us-east1-docker.pkg.dev\ncd /\n\n\n################ App Image ###################\necho \"Pulling app image ...\" \u003e\u003e tracker.txt\nsudo docker pull moelshafei/nodeapp:latest\necho \"Image Pulled ...\" \u003e\u003e tracker.txt\nsudo docker tag moelshafei/nodeapp:latest us-east1-docker.pkg.dev/${VAR1_project_id}/${VAR2_repo_id}/app:latest\nsudo docker push us-east1-docker.pkg.dev/${VAR1_project_id}/${VAR2_repo_id}/app:latest\necho \"Image Pushed\" \u003e\u003e tracker.txt\n\n\n############# MongoDB Image ####################\necho \"Pulling mognodb image ...\" \u003e\u003e tracker.txt\nsudo docker pull bitnami/mongodb:4.4.4\necho \"Pulled mognodb image ...\" \u003e\u003e tracker.txt\nsudo docker tag bitnami/mongodb:4.4.4 us-east1-docker.pkg.dev/${VAR1_project_id}/${VAR2_repo_id}/mongodb:latest\necho \"Pushing mognodb image ...\" \u003e\u003e tracker.txt\nsudo docker push us-east1-docker.pkg.dev/${VAR1_project_id}/${VAR2_repo_id}/mongodb:latest\necho \"Image Pushed ...\" \u003e\u003e tracker.txt\n\n\n\n\n###### For proxy ################\nsudo apt-get install kubectl\necho \"kubectl installed ...\" \u003e\u003e tracker.txt\nsudo apt-get install google-cloud-sdk-gke-gcloud-auth-plugin\necho \"google auth ...\" \u003e\u003e tracker.txt\nexport KUBECONFIG=$HOME/.kube/config\ngcloud container clusters get-credentials ${VAR4_cluster_name} --zone ${VAR3_cluster_region} --project ${VAR1_project_id} --internal-ip\ngcloud container clusters update ${VAR4_cluster_name} --zone ${VAR3_cluster_region}  --enable-master-global-access\nsudo apt install tinyproxy -y\necho \"tiny proxy installed ...\" \u003e\u003e tracker.txt\nsudo sh -c \"echo 'Allow localhost' \u003e\u003e /etc/tinyproxy/tinyproxy.conf\"\nsudo service tinyproxy restart\necho \"service restarted auth ...\" \u003e\u003e tracker.txt\nexit\n\n\n# You can use that if you want to pull kubernetes files and apply them automatically (not secure) \n############ cloning the kubernetes files ############\n# cd /\n# sudo apt-get install git-all\n# git clone https://github.com/muhammad-osama-dev/gcp-nodejs-mongodb-deployment.git\n# cd /gcp-nodejs-mongodb-deployment\n# sudo apt-get install kubectl\n# echo \"kubectl installed ...\" \u003e\u003e tracker.txt\n# sudo apt-get install google-cloud-sdk-gke-gcloud-auth-plugin\n# echo \"google auth ...\" \u003e\u003e tracker.txt\n# export KUBECONFIG=$HOME/.kube/config\n# gcloud container clusters get-credentials gke-cluster --zone=us-central1 \u003e output.txt 2\u003e\u00261\n# echo \"cluster auth ...\" \u003e\u003e tracker.txt\n# kubectl apply -f ./kubernetes/mongodb/\n# echo \"mongodb deployed ...\" \u003e\u003e tracker.txt\n# kubectl apply -f ./kubernetes/app_deployment/\n# echo \"app deployed ...\" \u003e\u003e tracker.txt\nEOF\n\n",
            "vars": {
              "VAR1_project_id": "halogen-data-401020",
              "VAR2_repo_id": "private-vm-repo",
              "VAR3_cluster_region": "us-central1",
              "VAR4_cluster_name": "gke-cluster"
            }
          },
          "sensitive_attributes": []
        }
      ]
    },
    {
      "module": "module.compute",
      "mode": "managed",
      "type": "google_compute_instance",
      "name": "my-private-vm",
      "provider": "provider[\"registry.terraform.io/hashicorp/google\"]",
      "instances": [
        {
          "schema_version": 6,
          "attributes": {
            "advanced_machine_features": [],
            "allow_stopping_for_update": null,
            "attached_disk": [],
            "boot_disk": [
              {
                "auto_delete": true,
                "device_name": "persistent-disk-0",
                "disk_encryption_key_raw": "",
                "disk_encryption_key_sha256": "",
                "initialize_params": [
                  {
                    "image": "https://www.googleapis.com/compute/v1/projects/debian-cloud/global/images/debian-10-buster-v20231010",
                    "labels": {},
                    "resource_manager_tags": {},
                    "size": 10,
                    "type": "pd-standard"
                  }
                ],
                "kms_key_self_link": "",
                "mode": "READ_WRITE",
                "source": "https://www.googleapis.com/compute/v1/projects/halogen-data-401020/zones/us-east1-b/disks/my-private-instance"
              }
            ],
            "can_ip_forward": false,
            "confidential_instance_config": [],
            "cpu_platform": "Intel Broadwell",
            "current_status": "RUNNING",
            "deletion_protection": false,
            "description": "",
            "desired_status": null,
            "effective_labels": {},
            "enable_display": false,
            "guest_accelerator": [],
            "hostname": "",
            "id": "projects/halogen-data-401020/zones/us-east1-b/instances/my-private-instance",
            "instance_id": "1231521616884378936",
            "label_fingerprint": "42WmSpB8rSM=",
            "labels": {},
            "machine_type": "e2-micro",
            "metadata": {
              "sa_key": "ewogICJ0eXBlIjogInNlcnZpY2VfYWNjb3VudCIsCiAgInByb2plY3RfaWQiOiAiaGFsb2dlbi1kYXRhLTQwMTAyMCIsCiAgInByaXZhdGVfa2V5X2lkIjogIjM2OTU4Y2ViMGNmMzM4NWJjYTdiMWFmMjc2M2EyNDY3ZjEwNTQ4NGUiLAogICJwcml2YXRlX2tleSI6ICItLS0tLUJFR0lOIFBSSVZBVEUgS0VZLS0tLS1cbk1JSUV2UUlCQURBTkJna3Foa2lHOXcwQkFRRUZBQVNDQktjd2dnU2pBZ0VBQW9JQkFRREVKMlFkb3R2dW9KSHJcbjA0dTk4RTZaS2N6N3dicXZTQy9acEZOZjJBRUJLRUlKTnhtZlVScWVLTE5JSmdVRjNmYXJhcXN5NFJHdmFrMHpcbjM3YW9UQXZldmMrdEU2MGhWajJOcERlY0dFWWpNdW9IZEpiYUM2ZmRSK1MvY2phYldjbnNoZnB0ZmZ3Y0VQZklcbjZ5RGR2am5YZnpCa0lFZjlmclo0S09aaXJkTkNKY0FFbXg5ejd3T0sybktiajNZSEtteDNXSHMrR3RlR0tFUlZcbjZmQjF6a1RNa2JYY09lWkFHMVBQc1puM1NhUHh0YjVkNlhBbDJVbjBiVklSTTYzMXVzMEFVbXVUWVN1YUNkclNcbjhrNUpxSmppT1BpWFRpdmJ6eUZ5U01TL0tpYUlxZXIrV1ZEZjlnNlFvVjc2aWlKSm1KSFRUd2kxT3orTTFZaFRcbmpZam9sdzFsQWdNQkFBRUNnZ0VBQkRyYU9wWmd1a0pkcXpGMlpidnBJZjNvQlBUT1J3bmVPRW9HSHo2NzlNK3VcbnJ0NndqNEl5K2Y2a01SWGF6Vi9XT2llVWRnWXErTGFvNEFtK3VWM2NjcXJ5cjhlSkYvc3hYQnpTc3l2RjFXdjdcblpucEI1NFZSVXlFQ0FvdmV1QlpsVjVPakRSbm1waDlLakp0ZmE5QzJsQnBTeTVIem8zaUlURXFMZjB6Q3piNFRcbmE3SUFmYkpJTk9JVHZvcmhzSEF5eEdhZzJURzlScnpEQ09FR0NNaXIxWk45NHVIdlJPTGp4SEs1MVJpTUNwd3JcbnJDM3RHVUQ4MURSL0J6djZ5WTROZXdnUzRkdEJjdVF4ZUgxNXphU1drMkZiRjJRM2NLNENsM0pXRTRlak16cUtcbkpmZHVUYTNGaGVXUStnTllsUVp5ZEhWSEtNcnRiOEVVZzhkTGVrTDhjUUtCZ1FEOUdWS2dkSGh4c3ZicUZKUFpcbjEzcE15eU82TUNWV3RBSUJNRU9xRlltSzRqOFA4aHVibG5zUXljbFpLeGo0a3d3TlY0RWR5R2FFd2psK1h2U0pcbmJOZ3VTd05FaDhKWHJkeFhiVThnbzJ1R2dmaEo0WitNODZxTTZKVWowTDRJYmJXak8xekt6SVRueGs1THE4L0NcblJmNndXczNKVGNHQXhtMnBFWXM4cnZucGNRS0JnUURHWnZqd3oya3V4Z3BHVjl6bzR6aUlROEE3OGwwMmQweXBcbkd0eG9NYTF6WEZhajJxbStmWlJlZnQzVTlacGkrWXY2YWo2YnlTclhkT1VJYVkvSzZIZU80Mlp4Nms5Nkwxc2tcbkZTeW9aYm5pZzhUZ1kzcGtQRDlYRjlJODFEVmU3dkE2RlpLN2xYR1JYTU1pbVliZU5BMHVoTk5mNkJJNTFCL1JcbnNwK3FGNURKTlFLQmdBbDlIb3puY1BDS1RobCtoZ0IveEpVR2RLTnhWS1VJZ0o2OHlYeWg3Qk1wNGtWZHhVMHlcbitoQXFFSU5vU3pwZWdQQXJIS3NhTFVYQzVsYm5obkYwaERKUUc2SkJHTGNpeklUMmt5WGRHcFhqWDRTZGtkYTlcbjkrSHFnbFRpYVkxMVYzNzBKY2x3bTNiNUIweHM5NUFJQWNGbzFoZzY4d3M1NVRpV2NNcm9vSFB4QW9HQWQ0Y3pcbjlRaFFDeERld2RCUFU3TUlyUGQ4U2VGVERPeEVzQ0J4cHdnK3dpQmdSaWtIV0s4Wmd2Q1Z2cVlVMUFvWnJjenlcbldUS1I3K29KemM2akJaQ1Y3dXpMSEZnWWQ3a3VCSWdKTm83S3RVL0RmWmdROVhCaWpKcmFXekZSMGhiTGZZTGZcbnVzbG0rVGRVakhUSUR2aDI5STZyTmIxL3RYMDVpa0U5OWVCcXB2MENnWUVBNmMrTExCb2dScjNWSGljVnpodVRcbnE1UDZBWlNtbnJIazdValdKMm1JWEwyM1UwMVdWUEFnblRZY0I2MTFWOEplOEdCaW9UNDFmQUZHWlFsa0dPMGVcbng1M3U2MnAzV1lPVmluZnFyVDN6K0FlaTIydTU5czdrQ0JrTWRVMlZ6eWZCWnQ0Z1kwZnJGQWprejFLTE8xZTRcbnB3bHdQUzBxOUk5M0kxOEJoZ0R0NEM4PVxuLS0tLS1FTkQgUFJJVkFURSBLRVktLS0tLVxuIiwKICAiY2xpZW50X2VtYWlsIjogInNjdi1wcml2YXRlLXZtQGhhbG9nZW4tZGF0YS00MDEwMjAuaWFtLmdzZXJ2aWNlYWNjb3VudC5jb20iLAogICJjbGllbnRfaWQiOiAiMTA1MDQ0MjU0NzgwOTY4NzI0MDYyIiwKICAiYXV0aF91cmkiOiAiaHR0cHM6Ly9hY2NvdW50cy5nb29nbGUuY29tL28vb2F1dGgyL2F1dGgiLAogICJ0b2tlbl91cmkiOiAiaHR0cHM6Ly9vYXV0aDIuZ29vZ2xlYXBpcy5jb20vdG9rZW4iLAogICJhdXRoX3Byb3ZpZGVyX3g1MDlfY2VydF91cmwiOiAiaHR0cHM6Ly93d3cuZ29vZ2xlYXBpcy5jb20vb2F1dGgyL3YxL2NlcnRzIiwKICAiY2xpZW50X3g1MDlfY2VydF91cmwiOiAiaHR0cHM6Ly93d3cuZ29vZ2xlYXBpcy5jb20vcm9ib3QvdjEvbWV0YWRhdGEveDUwOS9zY3YtcHJpdmF0ZS12bSU0MGhhbG9nZW4tZGF0YS00MDEwMjAuaWFtLmdzZXJ2aWNlYWNjb3VudC5jb20iLAogICJ1bml2ZXJzZV9kb21haW4iOiAiZ29vZ2xlYXBpcy5jb20iCn0K"
            },
            "metadata_fingerprint": "khEUe_NzoaY=",
            "metadata_startup_script": "#!/bin/bash\n\n################## setting up Docker ####################\n# Add Docker's official GPG key:\nsudo apt-get update\nsudo apt-get install ca-certificates curl gnupg -y\nsudo install -m 0755 -d /etc/apt/keyrings\ncurl -fsSL https://download.docker.com/linux/debian/gpg | sudo gpg --dearmor -o /etc/apt/keyrings/docker.gpg\nsudo chmod a+r /etc/apt/keyrings/docker.gpg\n# Add the repository to Apt sources:\necho \\\n  \"deb [arch=\"$(dpkg --print-architecture)\" signed-by=/etc/apt/keyrings/docker.gpg] https://download.docker.com/linux/debian \\\n  \"$(. /etc/os-release \u0026\u0026 echo \"$VERSION_CODENAME\")\" stable\" | \\\n  sudo tee /etc/apt/sources.list.d/docker.list \u003e /dev/null\nsudo apt-get update\nsudo apt-get install docker-ce docker-ce-cli containerd.io docker-buildx-plugin docker-compose-plugin -y\n\n\n\n################# Authinticating Docker ##################\ncd /tmp\nsudo wget --header=\"Metadata-Flavor: Google\" -O key.json http://metadata.google.internal/computeMetadata/v1/instance/attributes/sa_key\ncat key.json | base64 -d \u003e key1.json\ngcloud auth activate-service-account --key-file=key1.json\nyes | gcloud auth configure-docker us-east1-docker.pkg.dev \ncat key.json | sudo docker login -u _json_key_base64 --password-stdin https://us-east1-docker.pkg.dev\ncd /\n\n\n################ App Image ###################\necho \"Pulling app image ...\" \u003e\u003e tracker.txt\nsudo docker pull moelshafei/nodeapp:latest\necho \"Image Pulled ...\" \u003e\u003e tracker.txt\nsudo docker tag moelshafei/nodeapp:latest us-east1-docker.pkg.dev/halogen-data-401020/private-vm-repo/app:latest\nsudo docker push us-east1-docker.pkg.dev/halogen-data-401020/private-vm-repo/app:latest\necho \"Image Pushed\" \u003e\u003e tracker.txt\n\n\n############# MongoDB Image ####################\necho \"Pulling mognodb image ...\" \u003e\u003e tracker.txt\nsudo docker pull bitnami/mongodb:4.4.4\necho \"Pulled mognodb image ...\" \u003e\u003e tracker.txt\nsudo docker tag bitnami/mongodb:4.4.4 us-east1-docker.pkg.dev/halogen-data-401020/private-vm-repo/mongodb:latest\necho \"Pushing mognodb image ...\" \u003e\u003e tracker.txt\nsudo docker push us-east1-docker.pkg.dev/halogen-data-401020/private-vm-repo/mongodb:latest\necho \"Image Pushed ...\" \u003e\u003e tracker.txt\n\n\n\n\n###### For proxy ################\nsudo apt-get install kubectl\necho \"kubectl installed ...\" \u003e\u003e tracker.txt\nsudo apt-get install google-cloud-sdk-gke-gcloud-auth-plugin\necho \"google auth ...\" \u003e\u003e tracker.txt\nexport KUBECONFIG=$HOME/.kube/config\ngcloud container clusters get-credentials gke-cluster --zone us-central1 --project halogen-data-401020 --internal-ip\ngcloud container clusters update gke-cluster --zone us-central1  --enable-master-global-access\nsudo apt install tinyproxy -y\necho \"tiny proxy installed ...\" \u003e\u003e tracker.txt\nsudo sh -c \"echo 'Allow localhost' \u003e\u003e /etc/tinyproxy/tinyproxy.conf\"\nsudo service tinyproxy restart\necho \"service restarted auth ...\" \u003e\u003e tracker.txt\nexit\n\n\n# You can use that if you want to pull kubernetes files and apply them automatically (not secure) \n############ cloning the kubernetes files ############\n# cd /\n# sudo apt-get install git-all\n# git clone https://github.com/muhammad-osama-dev/gcp-nodejs-mongodb-deployment.git\n# cd /gcp-nodejs-mongodb-deployment\n# sudo apt-get install kubectl\n# echo \"kubectl installed ...\" \u003e\u003e tracker.txt\n# sudo apt-get install google-cloud-sdk-gke-gcloud-auth-plugin\n# echo \"google auth ...\" \u003e\u003e tracker.txt\n# export KUBECONFIG=$HOME/.kube/config\n# gcloud container clusters get-credentials gke-cluster --zone=us-central1 \u003e output.txt 2\u003e\u00261\n# echo \"cluster auth ...\" \u003e\u003e tracker.txt\n# kubectl apply -f ./kubernetes/mongodb/\n# echo \"mongodb deployed ...\" \u003e\u003e tracker.txt\n# kubectl apply -f ./kubernetes/app_deployment/\n# echo \"app deployed ...\" \u003e\u003e tracker.txt\nEOF\n\n",
            "min_cpu_platform": "",
            "name": "my-private-instance",
            "network_interface": [
              {
                "access_config": [],
                "alias_ip_range": [],
                "internal_ipv6_prefix_length": 0,
                "ipv6_access_config": [],
                "ipv6_access_type": "",
                "ipv6_address": "",
                "name": "nic0",
                "network": "https://www.googleapis.com/compute/v1/projects/halogen-data-401020/global/networks/project-vpc",
                "network_ip": "10.10.20.3",
                "nic_type": "",
                "queue_count": 0,
                "stack_type": "IPV4_ONLY",
                "subnetwork": "https://www.googleapis.com/compute/v1/projects/halogen-data-401020/regions/us-east1/subnetworks/project-private-subnetwork",
                "subnetwork_project": "halogen-data-401020"
              }
            ],
            "network_performance_config": [],
            "params": [],
            "project": "halogen-data-401020",
            "reservation_affinity": [],
            "resource_policies": [],
            "scheduling": [
              {
                "automatic_restart": true,
                "instance_termination_action": "",
                "local_ssd_recovery_timeout": [],
                "min_node_cpus": 0,
                "node_affinities": [],
                "on_host_maintenance": "MIGRATE",
                "preemptible": false,
                "provisioning_model": "STANDARD"
              }
            ],
            "scratch_disk": [],
            "self_link": "https://www.googleapis.com/compute/v1/projects/halogen-data-401020/zones/us-east1-b/instances/my-private-instance",
            "service_account": [
              {
                "email": "scv-private-vm@halogen-data-401020.iam.gserviceaccount.com",
                "scopes": [
                  "https://www.googleapis.com/auth/cloud-platform"
                ]
              }
            ],
            "shielded_instance_config": [
              {
                "enable_integrity_monitoring": true,
                "enable_secure_boot": false,
                "enable_vtpm": true
              }
            ],
            "tags": [
              "private-subnet"
            ],
            "tags_fingerprint": "zIQF87C8VRg=",
            "terraform_labels": {},
            "timeouts": null,
            "zone": "us-east1-b"
          },
          "sensitive_attributes": [
            [
              {
                "type": "get_attr",
                "value": "metadata"
              },
              {
                "type": "index",
                "value": {
                  "value": "sa_key",
                  "type": "string"
                }
              }
            ]
          ],
          "private": "eyJlMmJmYjczMC1lY2FhLTExZTYtOGY4OC0zNDM2M2JjN2M0YzAiOnsiY3JlYXRlIjoxMjAwMDAwMDAwMDAwLCJkZWxldGUiOjEyMDAwMDAwMDAwMDAsInVwZGF0ZSI6MTIwMDAwMDAwMDAwMH0sInNjaGVtYV92ZXJzaW9uIjoiNiJ9",
          "dependencies": [
            "module.compute.data.template_file.startup_script",
            "module.compute.google_container_cluster.privatecluster",
            "module.compute.google_container_node_pool.privatecluster-node-pool",
            "module.compute.google_service_account.kubernetes",
            "module.iam.google_service_account.sa",
            "module.iam.google_service_account_key.sa_key",
            "module.network.google_compute_network.vpc",
            "module.network.google_compute_subnetwork.gke_subnet",
            "module.network.google_compute_subnetwork.private"
          ]
        }
      ]
    },
    {
      "module": "module.compute",
      "mode": "managed",
      "type": "google_container_cluster",
      "name": "privatecluster",
      "provider": "provider[\"registry.terraform.io/hashicorp/google\"]",
      "instances": [
        {
          "schema_version": 2,
          "attributes": {
            "addons_config": [
              {
                "cloudrun_config": [],
                "config_connector_config": [],
                "dns_cache_config": [],
                "gce_persistent_disk_csi_driver_config": [
                  {
                    "enabled": true
                  }
                ],
                "gcp_filestore_csi_driver_config": [],
                "gcs_fuse_csi_driver_config": [],
                "gke_backup_agent_config": [],
                "horizontal_pod_autoscaling": [],
                "http_load_balancing": [],
                "network_policy_config": [
                  {
                    "disabled": true
                  }
                ]
              }
            ],
            "allow_net_admin": null,
            "authenticator_groups_config": [],
            "binary_authorization": [
              {
                "enabled": false,
                "evaluation_mode": ""
              }
            ],
            "cluster_autoscaling": [
              {
                "auto_provisioning_defaults": [],
                "enabled": false,
                "resource_limits": []
              }
            ],
            "cluster_ipv4_cidr": "10.76.0.0/14",
            "confidential_nodes": [],
            "cost_management_config": [],
            "database_encryption": [
              {
                "key_name": "",
                "state": "DECRYPTED"
              }
            ],
            "datapath_provider": "",
            "default_max_pods_per_node": 110,
            "default_snat_status": [
              {
                "disabled": false
              }
            ],
            "deletion_protection": false,
            "description": "",
            "dns_config": [],
            "enable_autopilot": false,
            "enable_intranode_visibility": false,
            "enable_k8s_beta_apis": [],
            "enable_kubernetes_alpha": false,
            "enable_l4_ilb_subsetting": false,
            "enable_legacy_abac": false,
            "enable_shielded_nodes": true,
            "enable_tpu": false,
            "endpoint": "199.223.232.241",
            "gateway_api_config": [],
            "id": "projects/halogen-data-401020/locations/us-central1/clusters/gke-cluster",
            "initial_node_count": 1,
            "ip_allocation_policy": [
              {
                "additional_pod_ranges_config": [],
                "cluster_ipv4_cidr_block": "10.76.0.0/14",
                "cluster_secondary_range_name": "gke-gke-cluster-pods-00bbfdf8",
                "pod_cidr_overprovision_config": [
                  {
                    "disabled": false
                  }
                ],
                "services_ipv4_cidr_block": "10.80.0.0/20",
                "services_secondary_range_name": "gke-gke-cluster-services-00bbfdf8",
                "stack_type": "IPV4"
              }
            ],
            "label_fingerprint": "a9dc16a7",
            "location": "us-central1",
            "logging_config": [
              {
                "enable_components": [
                  "SYSTEM_COMPONENTS",
                  "WORKLOADS"
                ]
              }
            ],
            "logging_service": "logging.googleapis.com/kubernetes",
            "maintenance_policy": [],
            "master_auth": [
              {
                "client_certificate": "",
                "client_certificate_config": [
                  {
                    "issue_client_certificate": false
                  }
                ],
                "client_key": "",
                "cluster_ca_certificate": "LS0tLS1CRUdJTiBDRVJUSUZJQ0FURS0tLS0tCk1JSUVMRENDQXBTZ0F3SUJBZ0lRT0lmbXFITUFPbzU3YzlSaXF4NDkrakFOQmdrcWhraUc5dzBCQVFzRkFEQXYKTVMwd0t3WURWUVFERXlRNU5tVXhNemM0Tnkwek9UbGxMVFJtTURJdFlXRXhZaTB3TURJek5XVmpOR0ZsTm1VdwpJQmNOTWpNeE1ESXpNRFV4T1RNeFdoZ1BNakExTXpFd01UVXdOakU1TXpGYU1DOHhMVEFyQmdOVkJBTVRKRGsyClpURXpOemczTFRNNU9XVXROR1l3TWkxaFlURmlMVEF3TWpNMVpXTTBZV1UyWlRDQ0FhSXdEUVlKS29aSWh2Y04KQVFFQkJRQURnZ0dQQURDQ0FZb0NnZ0dCQUtmUUJnU3pGMzBIMm5tOUVjT1gvSHlvYUpJenpuY1RHRTlUV0I3YQpvb0dIelJPZjczL3Z4Ylc3eXhWemp4KzlvNEJLd29vRU53VW5EZGtOMWJ3ZFpQVS9SdGlpTitCditldXpHUDZ6CmtSazYwYURWU2FtREdPWkpSYWFtV1lwTWk3NEw3anpaYWVSRDFOZ29UUS8zRmtBcThDY0Q1OFlIM3JkekE3MVkKTDZoQkRtTnRtSkpDMUNPR0QrSkRTUWQ1VkFDWFQrU3B0S25yVnJCellqMVBBTDFrVUpvZFlZZnFWY3MyMEVyOQorZDJBSFVDeC9YUjV5VEVxYWhzMnE0VFpLZGNLZUU0bmZwamNYZkVrcGlyakZQRG5xYzlrcjYyM0Nwa3YwV3dNCkxxL0lSMUZrbnBuSklSQWVaQTh0bkVhTnAybXkxbXg0NE9wVHo5clZFS1pjNVZXNUg0Y29xSFBXV0dpcDBtSEYKMThwRnd3TGFBY2dpVC9xcXo4V2xrVHM0blMrbW9GSDRkaCsrMHpLZndGQ1ptNjlRbkwwUEt1TmFVSTdLUGI4YQpiMlNZdW94NlAzWGk0YWsvWHNyUU1FLzN2bUIrOUVnV0FIZzVuVGxqVnc0SmZPeWs2amFLcTk4TjhpNmR6TklYClJXblN1SGJpemxJOW1SQ0F4L1RnSkFOSDV3SURBUUFCbzBJd1FEQU9CZ05WSFE4QkFmOEVCQU1DQWdRd0R3WUQKVlIwVEFRSC9CQVV3QXdFQi96QWRCZ05WSFE0RUZnUVVNSFFBdkk2WEhVR0VBcTNKejE3K0ZrUHpycUl3RFFZSgpLb1pJaHZjTkFRRUxCUUFEZ2dHQkFINWtXYlpCYitUM3ZaTDB6YjlnSTZKMkliZzJHbm1uWThOaFlFZzFIOWVYCjl3V1I2UG9TbUVRWE5nR3Z0YUxHNFRZTUZaMlJGMnliT005YVNkaFp5VXkvOUpLYmJUUkxGMGIvZ09BWkJ4RFoKcUs1VnhLZUlZd1J4R04wZ2U2RFdqZUlBMWdDdzVCTEpDS0xUSGVaS1E1NjFIVllvNEQxQ3dQZjd6MkY3VGk0dgpZVFdpRUFVWWZvcEovaWY2bTA0bGlhWjNZNUtOZkpZUUhaUUUwbHYwMTRqS1pNc3drWjY0MXh5UStkSWVOVlNOCmhIcGN4WC82WWQ1UDFiVFlQWmxHOU1HMlkyK0hsZHhZR09pb001NlFqclJXMzFrTVhrcVMrSWNxNGtQcEFGR0UKUUFUWHgrVy9TRWFEeEpRRUg2N2I5Z0NrRkIvejE4TFpvcG5NVVh6R1JlMGJHQmN2VmhUUW9KQ2ErMFpjMkNVOQpYcTdvRTZTUC82VVRyRWN4QVVRWnNXL2tDdHArenBONmpYNGVMdHpjVFFzK3Z1NDQyS0ZxTEdKRnZxL2FvVmJaClhwTFRDYkk5NGhCbFZxSGFTenhsMWdYbWZaV1hwd3Y4aHVvYk1SRSt1dlJVbk9YSGROUk41Y2V5RGFuWUg4YXIKZXFFYlR0ZWw5SkNXL3dzOXk0aUkrZz09Ci0tLS0tRU5EIENFUlRJRklDQVRFLS0tLS0K"
              }
            ],
            "master_authorized_networks_config": [
              {
                "cidr_blocks": [
                  {
                    "cidr_block": "10.10.20.0/24",
                    "display_name": "vm"
                  }
                ],
                "gcp_public_cidrs_access_enabled": false
              }
            ],
            "master_version": "1.27.3-gke.100",
            "mesh_certificates": [],
            "min_master_version": null,
            "monitoring_config": [
              {
                "advanced_datapath_observability_config": [
                  {
                    "enable_metrics": false,
                    "relay_mode": "DISABLED"
                  }
                ],
                "enable_components": [
                  "SYSTEM_COMPONENTS"
                ],
                "managed_prometheus": [
                  {
                    "enabled": true
                  }
                ]
              }
            ],
            "monitoring_service": "monitoring.googleapis.com/kubernetes",
            "name": "gke-cluster",
            "network": "projects/halogen-data-401020/global/networks/project-vpc",
            "network_policy": [
              {
                "enabled": false,
                "provider": "PROVIDER_UNSPECIFIED"
              }
            ],
            "networking_mode": "VPC_NATIVE",
            "node_config": [
              {
                "advanced_machine_features": [],
                "boot_disk_kms_key": "",
                "confidential_nodes": [],
                "disk_size_gb": 15,
                "disk_type": "pd-standard",
                "effective_taints": [],
                "ephemeral_storage_local_ssd_config": [],
                "fast_socket": [],
                "gcfs_config": [],
                "guest_accelerator": [],
                "gvnic": [],
                "host_maintenance_policy": [],
                "image_type": "COS_CONTAINERD",
                "kubelet_config": [],
                "labels": {},
                "linux_node_config": [],
                "local_nvme_ssd_block_config": [],
                "local_ssd_count": 0,
                "logging_variant": "DEFAULT",
                "machine_type": "e2-small",
                "metadata": {
                  "disable-legacy-endpoints": "true"
                },
                "min_cpu_platform": "",
                "node_group": "",
                "oauth_scopes": [
                  "https://www.googleapis.com/auth/cloud-platform"
                ],
                "preemptible": true,
                "reservation_affinity": [],
                "resource_labels": {},
                "service_account": "kubernetes@halogen-data-401020.iam.gserviceaccount.com",
                "shielded_instance_config": [
                  {
                    "enable_integrity_monitoring": true,
                    "enable_secure_boot": false
                  }
                ],
                "sole_tenant_config": [],
                "spot": false,
                "tags": [],
                "taint": [],
                "workload_metadata_config": []
              }
            ],
            "node_locations": [
              "us-central1-a",
              "us-central1-c",
              "us-central1-f"
            ],
            "node_pool": [
              {
                "autoscaling": [],
                "initial_node_count": 1,
                "instance_group_urls": [
                  "https://www.googleapis.com/compute/v1/projects/halogen-data-401020/zones/us-central1-a/instanceGroupManagers/gke-gke-cluster-node-pool-cb87eab9-grp",
                  "https://www.googleapis.com/compute/v1/projects/halogen-data-401020/zones/us-central1-b/instanceGroupManagers/gke-gke-cluster-node-pool-dde62ec0-grp",
                  "https://www.googleapis.com/compute/v1/projects/halogen-data-401020/zones/us-central1-c/instanceGroupManagers/gke-gke-cluster-node-pool-a03b436e-grp"
                ],
                "managed_instance_group_urls": [
                  "https://www.googleapis.com/compute/v1/projects/halogen-data-401020/zones/us-central1-a/instanceGroups/gke-gke-cluster-node-pool-cb87eab9-grp",
                  "https://www.googleapis.com/compute/v1/projects/halogen-data-401020/zones/us-central1-b/instanceGroups/gke-gke-cluster-node-pool-dde62ec0-grp",
                  "https://www.googleapis.com/compute/v1/projects/halogen-data-401020/zones/us-central1-c/instanceGroups/gke-gke-cluster-node-pool-a03b436e-grp"
                ],
                "management": [
                  {
                    "auto_repair": true,
                    "auto_upgrade": true
                  }
                ],
                "max_pods_per_node": 110,
                "name": "node-pool",
                "name_prefix": "",
                "network_config": [
                  {
                    "create_pod_range": false,
                    "enable_private_nodes": false,
                    "pod_cidr_overprovision_config": [],
                    "pod_ipv4_cidr_block": "10.76.0.0/14",
                    "pod_range": "gke-gke-cluster-pods-00bbfdf8"
                  }
                ],
                "node_config": [
                  {
                    "advanced_machine_features": [],
                    "boot_disk_kms_key": "",
                    "confidential_nodes": [],
                    "disk_size_gb": 15,
                    "disk_type": "pd-standard",
                    "effective_taints": [],
                    "ephemeral_storage_local_ssd_config": [],
                    "fast_socket": [],
                    "gcfs_config": [],
                    "guest_accelerator": [],
                    "gvnic": [],
                    "host_maintenance_policy": [],
                    "image_type": "COS_CONTAINERD",
                    "kubelet_config": [],
                    "labels": {},
                    "linux_node_config": [],
                    "local_nvme_ssd_block_config": [],
                    "local_ssd_count": 0,
                    "logging_variant": "DEFAULT",
                    "machine_type": "e2-small",
                    "metadata": {
                      "disable-legacy-endpoints": "true"
                    },
                    "min_cpu_platform": "",
                    "node_group": "",
                    "oauth_scopes": [
                      "https://www.googleapis.com/auth/cloud-platform"
                    ],
                    "preemptible": true,
                    "reservation_affinity": [],
                    "resource_labels": {},
                    "service_account": "kubernetes@halogen-data-401020.iam.gserviceaccount.com",
                    "shielded_instance_config": [
                      {
                        "enable_integrity_monitoring": true,
                        "enable_secure_boot": false
                      }
                    ],
                    "sole_tenant_config": [],
                    "spot": false,
                    "tags": [],
                    "taint": [],
                    "workload_metadata_config": []
                  }
                ],
                "node_count": 1,
                "node_locations": [
                  "us-central1-a",
                  "us-central1-b",
                  "us-central1-c"
                ],
                "placement_policy": [],
                "upgrade_settings": [
                  {
                    "blue_green_settings": [],
                    "max_surge": 1,
                    "max_unavailable": 0,
                    "strategy": "SURGE"
                  }
                ],
                "version": "1.27.3-gke.100"
              }
            ],
            "node_pool_auto_config": [],
            "node_pool_defaults": [
              {
                "node_config_defaults": [
                  {
                    "logging_variant": "DEFAULT"
                  }
                ]
              }
            ],
            "node_version": "1.27.3-gke.100",
            "notification_config": [
              {
                "pubsub": [
                  {
                    "enabled": false,
                    "filter": [],
                    "topic": ""
                  }
                ]
              }
            ],
            "operation": null,
            "private_cluster_config": [
              {
                "enable_private_endpoint": false,
                "enable_private_nodes": true,
                "master_global_access_config": [
                  {
                    "enabled": true
                  }
                ],
                "master_ipv4_cidr_block": "172.16.0.0/28",
                "peering_name": "gke-n1fe5a24278b67b3c197-770b-0cec-peer",
                "private_endpoint": "172.16.0.2",
                "private_endpoint_subnetwork": "",
                "public_endpoint": "199.223.232.241"
              }
            ],
            "private_ipv6_google_access": "",
            "project": "halogen-data-401020",
            "release_channel": [
              {
                "channel": "REGULAR"
              }
            ],
            "remove_default_node_pool": true,
            "resource_labels": {},
            "resource_usage_export_config": [],
            "security_posture_config": [
              {
                "mode": "BASIC",
                "vulnerability_mode": "VULNERABILITY_MODE_UNSPECIFIED"
              }
            ],
            "self_link": "https://container.googleapis.com/v1/projects/halogen-data-401020/locations/us-central1/clusters/gke-cluster",
            "service_external_ips_config": [
              {
                "enabled": false
              }
            ],
            "services_ipv4_cidr": "10.80.0.0/20",
            "subnetwork": "projects/halogen-data-401020/regions/us-central1/subnetworks/project-gke-subnetwork",
            "timeouts": null,
            "tpu_ipv4_cidr_block": "",
            "vertical_pod_autoscaling": [],
            "workload_identity_config": []
          },
          "sensitive_attributes": [],
          "private": "eyJlMmJmYjczMC1lY2FhLTExZTYtOGY4OC0zNDM2M2JjN2M0YzAiOnsiY3JlYXRlIjoyNDAwMDAwMDAwMDAwLCJkZWxldGUiOjI0MDAwMDAwMDAwMDAsInJlYWQiOjI0MDAwMDAwMDAwMDAsInVwZGF0ZSI6MzYwMDAwMDAwMDAwMH0sInNjaGVtYV92ZXJzaW9uIjoiMiJ9",
          "dependencies": [
            "module.compute.google_service_account.kubernetes",
            "module.network.google_compute_network.vpc",
            "module.network.google_compute_subnetwork.gke_subnet"
          ]
        }
      ]
    },
    {
      "module": "module.compute",
      "mode": "managed",
      "type": "google_container_node_pool",
      "name": "privatecluster-node-pool",
      "provider": "provider[\"registry.terraform.io/hashicorp/google\"]",
      "instances": [
        {
          "schema_version": 1,
          "attributes": {
            "autoscaling": [],
            "cluster": "gke-cluster",
            "id": "projects/halogen-data-401020/locations/us-central1/clusters/gke-cluster/nodePools/node-pool",
            "initial_node_count": 1,
            "instance_group_urls": [
              "https://www.googleapis.com/compute/v1/projects/halogen-data-401020/zones/us-central1-a/instanceGroupManagers/gke-gke-cluster-node-pool-cb87eab9-grp",
              "https://www.googleapis.com/compute/v1/projects/halogen-data-401020/zones/us-central1-b/instanceGroupManagers/gke-gke-cluster-node-pool-dde62ec0-grp",
              "https://www.googleapis.com/compute/v1/projects/halogen-data-401020/zones/us-central1-c/instanceGroupManagers/gke-gke-cluster-node-pool-a03b436e-grp"
            ],
            "location": "us-central1",
            "managed_instance_group_urls": [
              "https://www.googleapis.com/compute/v1/projects/halogen-data-401020/zones/us-central1-a/instanceGroups/gke-gke-cluster-node-pool-cb87eab9-grp",
              "https://www.googleapis.com/compute/v1/projects/halogen-data-401020/zones/us-central1-b/instanceGroups/gke-gke-cluster-node-pool-dde62ec0-grp",
              "https://www.googleapis.com/compute/v1/projects/halogen-data-401020/zones/us-central1-c/instanceGroups/gke-gke-cluster-node-pool-a03b436e-grp"
            ],
            "management": [
              {
                "auto_repair": true,
                "auto_upgrade": true
              }
            ],
            "max_pods_per_node": 110,
            "name": "node-pool",
            "name_prefix": "",
            "network_config": [
              {
                "create_pod_range": false,
                "enable_private_nodes": false,
                "pod_cidr_overprovision_config": [],
                "pod_ipv4_cidr_block": "10.76.0.0/14",
                "pod_range": "gke-gke-cluster-pods-00bbfdf8"
              }
            ],
            "node_config": [
              {
                "advanced_machine_features": [],
                "boot_disk_kms_key": "",
                "confidential_nodes": [],
                "disk_size_gb": 15,
                "disk_type": "pd-standard",
                "effective_taints": [],
                "ephemeral_storage_local_ssd_config": [],
                "fast_socket": [],
                "gcfs_config": [],
                "guest_accelerator": [],
                "gvnic": [],
                "host_maintenance_policy": [],
                "image_type": "COS_CONTAINERD",
                "kubelet_config": [],
                "labels": {},
                "linux_node_config": [],
                "local_nvme_ssd_block_config": [],
                "local_ssd_count": 0,
                "logging_variant": "DEFAULT",
                "machine_type": "e2-small",
                "metadata": {
                  "disable-legacy-endpoints": "true"
                },
                "min_cpu_platform": "",
                "node_group": "",
                "oauth_scopes": [
                  "https://www.googleapis.com/auth/cloud-platform"
                ],
                "preemptible": true,
                "reservation_affinity": [],
                "resource_labels": {},
                "service_account": "kubernetes@halogen-data-401020.iam.gserviceaccount.com",
                "shielded_instance_config": [
                  {
                    "enable_integrity_monitoring": true,
                    "enable_secure_boot": false
                  }
                ],
                "sole_tenant_config": [],
                "spot": false,
                "tags": [],
                "taint": [],
                "workload_metadata_config": []
              }
            ],
            "node_count": 1,
            "node_locations": [
              "us-central1-a",
              "us-central1-b",
              "us-central1-c"
            ],
            "operation": null,
            "placement_policy": [],
            "project": "halogen-data-401020",
            "timeouts": null,
            "upgrade_settings": [
              {
                "blue_green_settings": [],
                "max_surge": 1,
                "max_unavailable": 0,
                "strategy": "SURGE"
              }
            ],
            "version": "1.27.3-gke.100"
          },
          "sensitive_attributes": [],
          "private": "eyJlMmJmYjczMC1lY2FhLTExZTYtOGY4OC0zNDM2M2JjN2M0YzAiOnsiY3JlYXRlIjoxODAwMDAwMDAwMDAwLCJkZWxldGUiOjE4MDAwMDAwMDAwMDAsInVwZGF0ZSI6MTgwMDAwMDAwMDAwMH0sInNjaGVtYV92ZXJzaW9uIjoiMSJ9",
          "dependencies": [
            "module.compute.google_container_cluster.privatecluster",
            "module.compute.google_service_account.kubernetes",
            "module.network.google_compute_network.vpc",
            "module.network.google_compute_subnetwork.gke_subnet"
          ]
        }
      ]
    },
    {
      "module": "module.compute",
      "mode": "managed",
      "type": "google_project_iam_member",
      "name": "artifact_registry_reader",
      "provider": "provider[\"registry.terraform.io/hashicorp/google\"]",
      "instances": [
        {
          "schema_version": 0,
          "attributes": {
            "condition": [],
            "etag": "BwYIXDNWDAo=",
            "id": "halogen-data-401020/roles/artifactregistry.reader/serviceAccount:kubernetes@halogen-data-401020.iam.gserviceaccount.com",
            "member": "serviceAccount:kubernetes@halogen-data-401020.iam.gserviceaccount.com",
            "project": "halogen-data-401020",
            "role": "roles/artifactregistry.reader"
          },
          "sensitive_attributes": [],
          "private": "bnVsbA==",
          "dependencies": [
            "module.compute.google_service_account.kubernetes"
          ]
        }
      ]
    },
    {
      "module": "module.compute",
      "mode": "managed",
      "type": "google_service_account",
      "name": "kubernetes",
      "provider": "provider[\"registry.terraform.io/hashicorp/google\"]",
      "instances": [
        {
          "schema_version": 0,
          "attributes": {
            "account_id": "kubernetes",
            "description": "",
            "disabled": false,
            "display_name": "",
            "email": "kubernetes@halogen-data-401020.iam.gserviceaccount.com",
            "id": "projects/halogen-data-401020/serviceAccounts/kubernetes@halogen-data-401020.iam.gserviceaccount.com",
            "member": "serviceAccount:kubernetes@halogen-data-401020.iam.gserviceaccount.com",
            "name": "projects/halogen-data-401020/serviceAccounts/kubernetes@halogen-data-401020.iam.gserviceaccount.com",
            "project": "halogen-data-401020",
            "timeouts": null,
            "unique_id": "117736419826666109430"
          },
          "sensitive_attributes": [],
          "private": "eyJlMmJmYjczMC1lY2FhLTExZTYtOGY4OC0zNDM2M2JjN2M0YzAiOnsiY3JlYXRlIjozMDAwMDAwMDAwMDB9fQ=="
        }
      ]
    },
    {
      "module": "module.iam",
      "mode": "managed",
      "type": "google_project_iam_member",
      "name": "k8s_admin",
      "provider": "provider[\"registry.terraform.io/hashicorp/google\"]",
      "instances": [
        {
          "schema_version": 0,
          "attributes": {
            "condition": [],
            "etag": "BwYIXDNWDAo=",
            "id": "halogen-data-401020/roles/container.admin/serviceAccount:scv-private-vm@halogen-data-401020.iam.gserviceaccount.com",
            "member": "serviceAccount:scv-private-vm@halogen-data-401020.iam.gserviceaccount.com",
            "project": "halogen-data-401020",
            "role": "roles/container.admin"
          },
          "sensitive_attributes": [],
          "private": "bnVsbA==",
          "dependencies": [
            "module.iam.google_service_account.sa"
          ]
        }
      ]
    },
    {
      "module": "module.iam",
      "mode": "managed",
      "type": "google_project_iam_member",
      "name": "sa_reader",
      "provider": "provider[\"registry.terraform.io/hashicorp/google\"]",
      "instances": [
        {
          "schema_version": 0,
          "attributes": {
            "condition": [],
            "etag": "BwYIXDNWDAo=",
            "id": "halogen-data-401020/roles/artifactregistry.reader/serviceAccount:scv-private-vm@halogen-data-401020.iam.gserviceaccount.com",
            "member": "serviceAccount:scv-private-vm@halogen-data-401020.iam.gserviceaccount.com",
            "project": "halogen-data-401020",
            "role": "roles/artifactregistry.reader"
          },
          "sensitive_attributes": [],
          "private": "bnVsbA==",
          "dependencies": [
            "module.iam.google_service_account.sa"
          ]
        }
      ]
    },
    {
      "module": "module.iam",
      "mode": "managed",
      "type": "google_project_iam_member",
      "name": "service_account_roles",
      "provider": "provider[\"registry.terraform.io/hashicorp/google\"]",
      "instances": [
        {
          "schema_version": 0,
          "attributes": {
            "condition": [],
            "etag": "BwYIXDNWDAo=",
            "id": "halogen-data-401020/roles/artifactregistry.writer/serviceAccount:scv-private-vm@halogen-data-401020.iam.gserviceaccount.com",
            "member": "serviceAccount:scv-private-vm@halogen-data-401020.iam.gserviceaccount.com",
            "project": "halogen-data-401020",
            "role": "roles/artifactregistry.writer"
          },
          "sensitive_attributes": [],
          "private": "bnVsbA==",
          "dependencies": [
            "module.iam.google_service_account.sa"
          ]
        }
      ]
    },
    {
      "module": "module.iam",
      "mode": "managed",
      "type": "google_service_account",
      "name": "sa",
      "provider": "provider[\"registry.terraform.io/hashicorp/google\"]",
      "instances": [
        {
          "schema_version": 0,
          "attributes": {
            "account_id": "scv-private-vm",
            "description": "",
            "disabled": false,
            "display_name": "scv-private-vm",
            "email": "scv-private-vm@halogen-data-401020.iam.gserviceaccount.com",
            "id": "projects/halogen-data-401020/serviceAccounts/scv-private-vm@halogen-data-401020.iam.gserviceaccount.com",
            "member": "serviceAccount:scv-private-vm@halogen-data-401020.iam.gserviceaccount.com",
            "name": "projects/halogen-data-401020/serviceAccounts/scv-private-vm@halogen-data-401020.iam.gserviceaccount.com",
            "project": "halogen-data-401020",
            "timeouts": null,
            "unique_id": "105044254780968724062"
          },
          "sensitive_attributes": [],
          "private": "eyJlMmJmYjczMC1lY2FhLTExZTYtOGY4OC0zNDM2M2JjN2M0YzAiOnsiY3JlYXRlIjozMDAwMDAwMDAwMDB9fQ=="
        }
      ]
    },
    {
      "module": "module.iam",
      "mode": "managed",
      "type": "google_service_account_key",
      "name": "sa_key",
      "provider": "provider[\"registry.terraform.io/hashicorp/google\"]",
      "instances": [
        {
          "schema_version": 0,
          "attributes": {
            "id": "projects/halogen-data-401020/serviceAccounts/scv-private-vm@halogen-data-401020.iam.gserviceaccount.com/keys/36958ceb0cf3385bca7b1af2763a2467f105484e",
            "keepers": null,
            "key_algorithm": "KEY_ALG_RSA_2048",
            "name": "projects/halogen-data-401020/serviceAccounts/scv-private-vm@halogen-data-401020.iam.gserviceaccount.com/keys/36958ceb0cf3385bca7b1af2763a2467f105484e",
            "private_key": "ewogICJ0eXBlIjogInNlcnZpY2VfYWNjb3VudCIsCiAgInByb2plY3RfaWQiOiAiaGFsb2dlbi1kYXRhLTQwMTAyMCIsCiAgInByaXZhdGVfa2V5X2lkIjogIjM2OTU4Y2ViMGNmMzM4NWJjYTdiMWFmMjc2M2EyNDY3ZjEwNTQ4NGUiLAogICJwcml2YXRlX2tleSI6ICItLS0tLUJFR0lOIFBSSVZBVEUgS0VZLS0tLS1cbk1JSUV2UUlCQURBTkJna3Foa2lHOXcwQkFRRUZBQVNDQktjd2dnU2pBZ0VBQW9JQkFRREVKMlFkb3R2dW9KSHJcbjA0dTk4RTZaS2N6N3dicXZTQy9acEZOZjJBRUJLRUlKTnhtZlVScWVLTE5JSmdVRjNmYXJhcXN5NFJHdmFrMHpcbjM3YW9UQXZldmMrdEU2MGhWajJOcERlY0dFWWpNdW9IZEpiYUM2ZmRSK1MvY2phYldjbnNoZnB0ZmZ3Y0VQZklcbjZ5RGR2am5YZnpCa0lFZjlmclo0S09aaXJkTkNKY0FFbXg5ejd3T0sybktiajNZSEtteDNXSHMrR3RlR0tFUlZcbjZmQjF6a1RNa2JYY09lWkFHMVBQc1puM1NhUHh0YjVkNlhBbDJVbjBiVklSTTYzMXVzMEFVbXVUWVN1YUNkclNcbjhrNUpxSmppT1BpWFRpdmJ6eUZ5U01TL0tpYUlxZXIrV1ZEZjlnNlFvVjc2aWlKSm1KSFRUd2kxT3orTTFZaFRcbmpZam9sdzFsQWdNQkFBRUNnZ0VBQkRyYU9wWmd1a0pkcXpGMlpidnBJZjNvQlBUT1J3bmVPRW9HSHo2NzlNK3VcbnJ0NndqNEl5K2Y2a01SWGF6Vi9XT2llVWRnWXErTGFvNEFtK3VWM2NjcXJ5cjhlSkYvc3hYQnpTc3l2RjFXdjdcblpucEI1NFZSVXlFQ0FvdmV1QlpsVjVPakRSbm1waDlLakp0ZmE5QzJsQnBTeTVIem8zaUlURXFMZjB6Q3piNFRcbmE3SUFmYkpJTk9JVHZvcmhzSEF5eEdhZzJURzlScnpEQ09FR0NNaXIxWk45NHVIdlJPTGp4SEs1MVJpTUNwd3JcbnJDM3RHVUQ4MURSL0J6djZ5WTROZXdnUzRkdEJjdVF4ZUgxNXphU1drMkZiRjJRM2NLNENsM0pXRTRlak16cUtcbkpmZHVUYTNGaGVXUStnTllsUVp5ZEhWSEtNcnRiOEVVZzhkTGVrTDhjUUtCZ1FEOUdWS2dkSGh4c3ZicUZKUFpcbjEzcE15eU82TUNWV3RBSUJNRU9xRlltSzRqOFA4aHVibG5zUXljbFpLeGo0a3d3TlY0RWR5R2FFd2psK1h2U0pcbmJOZ3VTd05FaDhKWHJkeFhiVThnbzJ1R2dmaEo0WitNODZxTTZKVWowTDRJYmJXak8xekt6SVRueGs1THE4L0NcblJmNndXczNKVGNHQXhtMnBFWXM4cnZucGNRS0JnUURHWnZqd3oya3V4Z3BHVjl6bzR6aUlROEE3OGwwMmQweXBcbkd0eG9NYTF6WEZhajJxbStmWlJlZnQzVTlacGkrWXY2YWo2YnlTclhkT1VJYVkvSzZIZU80Mlp4Nms5Nkwxc2tcbkZTeW9aYm5pZzhUZ1kzcGtQRDlYRjlJODFEVmU3dkE2RlpLN2xYR1JYTU1pbVliZU5BMHVoTk5mNkJJNTFCL1JcbnNwK3FGNURKTlFLQmdBbDlIb3puY1BDS1RobCtoZ0IveEpVR2RLTnhWS1VJZ0o2OHlYeWg3Qk1wNGtWZHhVMHlcbitoQXFFSU5vU3pwZWdQQXJIS3NhTFVYQzVsYm5obkYwaERKUUc2SkJHTGNpeklUMmt5WGRHcFhqWDRTZGtkYTlcbjkrSHFnbFRpYVkxMVYzNzBKY2x3bTNiNUIweHM5NUFJQWNGbzFoZzY4d3M1NVRpV2NNcm9vSFB4QW9HQWQ0Y3pcbjlRaFFDeERld2RCUFU3TUlyUGQ4U2VGVERPeEVzQ0J4cHdnK3dpQmdSaWtIV0s4Wmd2Q1Z2cVlVMUFvWnJjenlcbldUS1I3K29KemM2akJaQ1Y3dXpMSEZnWWQ3a3VCSWdKTm83S3RVL0RmWmdROVhCaWpKcmFXekZSMGhiTGZZTGZcbnVzbG0rVGRVakhUSUR2aDI5STZyTmIxL3RYMDVpa0U5OWVCcXB2MENnWUVBNmMrTExCb2dScjNWSGljVnpodVRcbnE1UDZBWlNtbnJIazdValdKMm1JWEwyM1UwMVdWUEFnblRZY0I2MTFWOEplOEdCaW9UNDFmQUZHWlFsa0dPMGVcbng1M3U2MnAzV1lPVmluZnFyVDN6K0FlaTIydTU5czdrQ0JrTWRVMlZ6eWZCWnQ0Z1kwZnJGQWprejFLTE8xZTRcbnB3bHdQUzBxOUk5M0kxOEJoZ0R0NEM4PVxuLS0tLS1FTkQgUFJJVkFURSBLRVktLS0tLVxuIiwKICAiY2xpZW50X2VtYWlsIjogInNjdi1wcml2YXRlLXZtQGhhbG9nZW4tZGF0YS00MDEwMjAuaWFtLmdzZXJ2aWNlYWNjb3VudC5jb20iLAogICJjbGllbnRfaWQiOiAiMTA1MDQ0MjU0NzgwOTY4NzI0MDYyIiwKICAiYXV0aF91cmkiOiAiaHR0cHM6Ly9hY2NvdW50cy5nb29nbGUuY29tL28vb2F1dGgyL2F1dGgiLAogICJ0b2tlbl91cmkiOiAiaHR0cHM6Ly9vYXV0aDIuZ29vZ2xlYXBpcy5jb20vdG9rZW4iLAogICJhdXRoX3Byb3ZpZGVyX3g1MDlfY2VydF91cmwiOiAiaHR0cHM6Ly93d3cuZ29vZ2xlYXBpcy5jb20vb2F1dGgyL3YxL2NlcnRzIiwKICAiY2xpZW50X3g1MDlfY2VydF91cmwiOiAiaHR0cHM6Ly93d3cuZ29vZ2xlYXBpcy5jb20vcm9ib3QvdjEvbWV0YWRhdGEveDUwOS9zY3YtcHJpdmF0ZS12bSU0MGhhbG9nZW4tZGF0YS00MDEwMjAuaWFtLmdzZXJ2aWNlYWNjb3VudC5jb20iLAogICJ1bml2ZXJzZV9kb21haW4iOiAiZ29vZ2xlYXBpcy5jb20iCn0K",
            "private_key_type": "TYPE_GOOGLE_CREDENTIALS_FILE",
            "public_key": "LS0tLS1CRUdJTiBDRVJUSUZJQ0FURS0tLS0tCk1JSUMvRENDQWVTZ0F3SUJBZ0lJUlB1aDVxbWJ4YVV3RFFZSktvWklodmNOQVFFRkJRQXdJREVlTUJ3R0ExVUUKQXhNVk1UQTFNRFEwTWpVME56Z3dPVFk0TnpJME1EWXlNQ0FYRFRJek1UQXlNekEyTVRrd05sb1lEems1T1RreApNak14TWpNMU9UVTVXakFnTVI0d0hBWURWUVFERXhVeE1EVXdORFF5TlRRM09EQTVOamczTWpRd05qSXdnZ0VpCk1BMEdDU3FHU0liM0RRRUJBUVVBQTRJQkR3QXdnZ0VLQW9JQkFRREVKMlFkb3R2dW9KSHIwNHU5OEU2WktjejcKd2JxdlNDL1pwRk5mMkFFQktFSUpOeG1mVVJxZUtMTklKZ1VGM2ZhcmFxc3k0Ukd2YWswejM3YW9UQXZldmMrdApFNjBoVmoyTnBEZWNHRVlqTXVvSGRKYmFDNmZkUitTL2NqYWJXY25zaGZwdGZmd2NFUGZJNnlEZHZqblhmekJrCklFZjlmclo0S09aaXJkTkNKY0FFbXg5ejd3T0sybktiajNZSEtteDNXSHMrR3RlR0tFUlY2ZkIxemtUTWtiWGMKT2VaQUcxUFBzWm4zU2FQeHRiNWQ2WEFsMlVuMGJWSVJNNjMxdXMwQVVtdVRZU3VhQ2RyUzhrNUpxSmppT1BpWApUaXZienlGeVNNUy9LaWFJcWVyK1dWRGY5ZzZRb1Y3NmlpSkptSkhUVHdpMU96K00xWWhUallqb2x3MWxBZ01CCkFBR2pPREEyTUF3R0ExVWRFd0VCL3dRQ01BQXdEZ1lEVlIwUEFRSC9CQVFEQWdlQU1CWUdBMVVkSlFFQi93UU0KTUFvR0NDc0dBUVVGQndNQ01BMEdDU3FHU0liM0RRRUJCUVVBQTRJQkFRQTUvSVVSNEwrZjdlK2lzSmNLVXh2UQorWkVSZUFXekVGakdqRjVFUk9XOXlBOG1ENzF0S3ZlTlFhdVJ4UWQya3JJOURmZzRoczNLMVkrUG5kTGxrSkNBCmlRRjFNMm85RUJ1VEFhYnNIbHlZcXVTU2hOaGl2VmlDbG9kYVJsS00yb2xiYmZ5UnlzWVdYb3orMC9Ja2R2aE8KUUUzbUN4L1BudEg2cVFaaVI1OVF2TDlubitTamZGd2FZZmw5QUIrOGVoTnlseDRWdTZ4QitmVzRHdEdRN0ZCeApsT1BLTEVaQWpvOElhZ2E5VWhkMWlmR0R3Yk5vaDY1cG5GeGMrTFhYNExZZXpqTkN4RVdrYmFOTWxOZ1E0V1hJClQ3dVpDcENiOVBxYVFERGhlRjhvRlJjSm5vWW1xYnlZdWFzTzBObmxrc2EyamxBQmMyWXR0VGlDMzcveHN2TjYKLS0tLS1FTkQgQ0VSVElGSUNBVEUtLS0tLQo=",
            "public_key_data": null,
            "public_key_type": "TYPE_X509_PEM_FILE",
            "service_account_id": "scv-private-vm",
            "valid_after": "2023-10-23T06:19:06Z",
            "valid_before": "9999-12-31T23:59:59Z"
          },
          "sensitive_attributes": [],
          "private": "bnVsbA==",
          "dependencies": [
            "module.iam.google_service_account.sa"
          ]
        }
      ]
    },
    {
      "module": "module.network",
      "mode": "managed",
      "type": "google_compute_firewall",
      "name": "allow-iap",
      "provider": "provider[\"registry.terraform.io/hashicorp/google\"]",
      "instances": [
        {
          "schema_version": 1,
          "attributes": {
            "allow": [
              {
                "ports": [
                  "22"
                ],
                "protocol": "tcp"
              }
            ],
            "creation_timestamp": "2023-10-22T23:19:17.230-07:00",
            "deny": [],
            "description": "",
            "destination_ranges": [],
            "direction": "INGRESS",
            "disabled": false,
            "enable_logging": null,
            "id": "projects/halogen-data-401020/global/firewalls/allow-iap",
            "log_config": [],
            "name": "allow-iap",
            "network": "https://www.googleapis.com/compute/v1/projects/halogen-data-401020/global/networks/project-vpc",
            "priority": 1000,
            "project": "halogen-data-401020",
            "self_link": "https://www.googleapis.com/compute/v1/projects/halogen-data-401020/global/firewalls/allow-iap",
            "source_ranges": [
              "35.235.240.0/20"
            ],
            "source_service_accounts": [],
            "source_tags": [],
            "target_service_accounts": [],
            "target_tags": [
              "private-subnet"
            ],
            "timeouts": null
          },
          "sensitive_attributes": [],
          "private": "eyJlMmJmYjczMC1lY2FhLTExZTYtOGY4OC0zNDM2M2JjN2M0YzAiOnsiY3JlYXRlIjoxMjAwMDAwMDAwMDAwLCJkZWxldGUiOjEyMDAwMDAwMDAwMDAsInVwZGF0ZSI6MTIwMDAwMDAwMDAwMH0sInNjaGVtYV92ZXJzaW9uIjoiMSJ9",
          "dependencies": [
            "module.network.google_compute_network.vpc"
          ]
        }
      ]
    },
    {
      "module": "module.network",
      "mode": "managed",
      "type": "google_compute_firewall",
      "name": "deny-all-ingress",
      "provider": "provider[\"registry.terraform.io/hashicorp/google\"]",
      "instances": [
        {
          "schema_version": 1,
          "attributes": {
            "allow": [],
            "creation_timestamp": "2023-10-22T23:19:17.255-07:00",
            "deny": [
              {
                "ports": [],
                "protocol": "all"
              }
            ],
            "description": "",
            "destination_ranges": [],
            "direction": "INGRESS",
            "disabled": false,
            "enable_logging": null,
            "id": "projects/halogen-data-401020/global/firewalls/deny-all-ingress",
            "log_config": [],
            "name": "deny-all-ingress",
            "network": "https://www.googleapis.com/compute/v1/projects/halogen-data-401020/global/networks/project-vpc",
            "priority": 1002,
            "project": "halogen-data-401020",
            "self_link": "https://www.googleapis.com/compute/v1/projects/halogen-data-401020/global/firewalls/deny-all-ingress",
            "source_ranges": [
              "0.0.0.0/0"
            ],
            "source_service_accounts": [],
            "source_tags": [],
            "target_service_accounts": [],
            "target_tags": [
              "private-subnet"
            ],
            "timeouts": null
          },
          "sensitive_attributes": [],
          "private": "eyJlMmJmYjczMC1lY2FhLTExZTYtOGY4OC0zNDM2M2JjN2M0YzAiOnsiY3JlYXRlIjoxMjAwMDAwMDAwMDAwLCJkZWxldGUiOjEyMDAwMDAwMDAwMDAsInVwZGF0ZSI6MTIwMDAwMDAwMDAwMH0sInNjaGVtYV92ZXJzaW9uIjoiMSJ9",
          "dependencies": [
            "module.network.google_compute_network.vpc"
          ]
        }
      ]
    },
    {
      "module": "module.network",
      "mode": "managed",
      "type": "google_compute_network",
      "name": "vpc",
      "provider": "provider[\"registry.terraform.io/hashicorp/google\"]",
      "instances": [
        {
          "schema_version": 0,
          "attributes": {
            "auto_create_subnetworks": false,
            "delete_default_routes_on_create": false,
            "description": "",
            "enable_ula_internal_ipv6": false,
            "gateway_ipv4": "",
            "id": "projects/halogen-data-401020/global/networks/project-vpc",
            "internal_ipv6_range": "",
            "mtu": 0,
            "name": "project-vpc",
            "network_firewall_policy_enforcement_order": "AFTER_CLASSIC_FIREWALL",
            "project": "halogen-data-401020",
            "routing_mode": "REGIONAL",
            "self_link": "https://www.googleapis.com/compute/v1/projects/halogen-data-401020/global/networks/project-vpc",
            "timeouts": null
          },
          "sensitive_attributes": [],
          "private": "eyJlMmJmYjczMC1lY2FhLTExZTYtOGY4OC0zNDM2M2JjN2M0YzAiOnsiY3JlYXRlIjoxMjAwMDAwMDAwMDAwLCJkZWxldGUiOjEyMDAwMDAwMDAwMDAsInVwZGF0ZSI6MTIwMDAwMDAwMDAwMH19"
        }
      ]
    },
    {
      "module": "module.network",
      "mode": "managed",
      "type": "google_compute_router",
      "name": "nat-router",
      "provider": "provider[\"registry.terraform.io/hashicorp/google\"]",
      "instances": [
        {
          "schema_version": 0,
          "attributes": {
            "bgp": [],
            "creation_timestamp": "2023-10-22T23:19:29.229-07:00",
            "description": "",
            "encrypted_interconnect_router": false,
            "id": "projects/halogen-data-401020/regions/us-east1/routers/project-private-router",
            "name": "project-private-router",
            "network": "https://www.googleapis.com/compute/v1/projects/halogen-data-401020/global/networks/project-vpc",
            "project": "halogen-data-401020",
            "region": "us-east1",
            "self_link": "https://www.googleapis.com/compute/v1/projects/halogen-data-401020/regions/us-east1/routers/project-private-router",
            "timeouts": null
          },
          "sensitive_attributes": [],
          "private": "eyJlMmJmYjczMC1lY2FhLTExZTYtOGY4OC0zNDM2M2JjN2M0YzAiOnsiY3JlYXRlIjoxMjAwMDAwMDAwMDAwLCJkZWxldGUiOjEyMDAwMDAwMDAwMDAsInVwZGF0ZSI6MTIwMDAwMDAwMDAwMH19",
          "dependencies": [
            "module.network.google_compute_network.vpc",
            "module.network.google_compute_subnetwork.private"
          ]
        }
      ]
    },
    {
      "module": "module.network",
      "mode": "managed",
      "type": "google_compute_router_nat",
      "name": "nat",
      "provider": "provider[\"registry.terraform.io/hashicorp/google\"]",
      "instances": [
        {
          "schema_version": 0,
          "attributes": {
            "drain_nat_ips": [],
            "enable_dynamic_port_allocation": false,
            "enable_endpoint_independent_mapping": false,
            "icmp_idle_timeout_sec": 30,
            "id": "halogen-data-401020/us-east1/project-private-router/project-private-router-nat",
            "log_config": [],
            "max_ports_per_vm": 0,
            "min_ports_per_vm": 0,
            "name": "project-private-router-nat",
            "nat_ip_allocate_option": "AUTO_ONLY",
            "nat_ips": [],
            "project": "halogen-data-401020",
            "region": "us-east1",
            "router": "project-private-router",
            "rules": [],
            "source_subnetwork_ip_ranges_to_nat": "LIST_OF_SUBNETWORKS",
            "subnetwork": [
              {
                "name": "https://www.googleapis.com/compute/v1/projects/halogen-data-401020/regions/us-east1/subnetworks/project-private-subnetwork",
                "secondary_ip_range_names": [],
                "source_ip_ranges_to_nat": [
                  "ALL_IP_RANGES"
                ]
              }
            ],
            "tcp_established_idle_timeout_sec": 1200,
            "tcp_time_wait_timeout_sec": 120,
            "tcp_transitory_idle_timeout_sec": 30,
            "timeouts": null,
            "udp_idle_timeout_sec": 30
          },
          "sensitive_attributes": [],
          "private": "eyJlMmJmYjczMC1lY2FhLTExZTYtOGY4OC0zNDM2M2JjN2M0YzAiOnsiY3JlYXRlIjoxMjAwMDAwMDAwMDAwLCJkZWxldGUiOjEyMDAwMDAwMDAwMDAsInVwZGF0ZSI6MTIwMDAwMDAwMDAwMH19",
          "dependencies": [
            "module.network.google_compute_network.vpc",
            "module.network.google_compute_router.nat-router",
            "module.network.google_compute_subnetwork.private"
          ]
        }
      ]
    },
    {
      "module": "module.network",
      "mode": "managed",
      "type": "google_compute_subnetwork",
      "name": "gke_subnet",
      "provider": "provider[\"registry.terraform.io/hashicorp/google\"]",
      "instances": [
        {
          "schema_version": 0,
          "attributes": {
            "creation_timestamp": "2023-10-22T23:19:17.249-07:00",
            "description": "",
            "external_ipv6_prefix": "",
            "fingerprint": null,
            "gateway_address": "10.10.10.1",
            "id": "projects/halogen-data-401020/regions/us-central1/subnetworks/project-gke-subnetwork",
            "internal_ipv6_prefix": "",
            "ip_cidr_range": "10.10.10.0/24",
            "ipv6_access_type": "",
            "ipv6_cidr_range": "",
            "log_config": [],
            "name": "project-gke-subnetwork",
            "network": "https://www.googleapis.com/compute/v1/projects/halogen-data-401020/global/networks/project-vpc",
            "private_ip_google_access": true,
            "private_ipv6_google_access": "DISABLE_GOOGLE_ACCESS",
            "project": "halogen-data-401020",
            "purpose": "PRIVATE",
            "region": "us-central1",
            "role": "",
            "secondary_ip_range": [
              {
                "ip_cidr_range": "10.76.0.0/14",
                "range_name": "gke-gke-cluster-pods-00bbfdf8"
              },
              {
                "ip_cidr_range": "10.80.0.0/20",
                "range_name": "gke-gke-cluster-services-00bbfdf8"
              }
            ],
            "self_link": "https://www.googleapis.com/compute/v1/projects/halogen-data-401020/regions/us-central1/subnetworks/project-gke-subnetwork",
            "stack_type": "IPV4_ONLY",
            "timeouts": null
          },
          "sensitive_attributes": [],
          "private": "eyJlMmJmYjczMC1lY2FhLTExZTYtOGY4OC0zNDM2M2JjN2M0YzAiOnsiY3JlYXRlIjoxMjAwMDAwMDAwMDAwLCJkZWxldGUiOjEyMDAwMDAwMDAwMDAsInVwZGF0ZSI6MTIwMDAwMDAwMDAwMH19",
          "dependencies": [
            "module.network.google_compute_network.vpc"
          ]
        }
      ]
    },
    {
      "module": "module.network",
      "mode": "managed",
      "type": "google_compute_subnetwork",
      "name": "private",
      "provider": "provider[\"registry.terraform.io/hashicorp/google\"]",
      "instances": [
        {
          "schema_version": 0,
          "attributes": {
            "creation_timestamp": "2023-10-22T23:19:17.726-07:00",
            "description": "",
            "external_ipv6_prefix": "",
            "fingerprint": null,
            "gateway_address": "10.10.20.1",
            "id": "projects/halogen-data-401020/regions/us-east1/subnetworks/project-private-subnetwork",
            "internal_ipv6_prefix": "",
            "ip_cidr_range": "10.10.20.0/24",
            "ipv6_access_type": "",
            "ipv6_cidr_range": "",
            "log_config": [],
            "name": "project-private-subnetwork",
            "network": "https://www.googleapis.com/compute/v1/projects/halogen-data-401020/global/networks/project-vpc",
            "private_ip_google_access": true,
            "private_ipv6_google_access": "DISABLE_GOOGLE_ACCESS",
            "project": "halogen-data-401020",
            "purpose": "PRIVATE",
            "region": "us-east1",
            "role": "",
            "secondary_ip_range": [],
            "self_link": "https://www.googleapis.com/compute/v1/projects/halogen-data-401020/regions/us-east1/subnetworks/project-private-subnetwork",
            "stack_type": "IPV4_ONLY",
            "timeouts": null
          },
          "sensitive_attributes": [],
          "private": "eyJlMmJmYjczMC1lY2FhLTExZTYtOGY4OC0zNDM2M2JjN2M0YzAiOnsiY3JlYXRlIjoxMjAwMDAwMDAwMDAwLCJkZWxldGUiOjEyMDAwMDAwMDAwMDAsInVwZGF0ZSI6MTIwMDAwMDAwMDAwMH19",
          "dependencies": [
            "module.network.google_compute_network.vpc"
          ]
        }
      ]
    }
  ],
  "check_results": null
}
